// !$*UTF8*$!
{
	archiveVersion = 1;
	classes = {
	};
	objectVersion = 77;
	objects = {

/* Begin PBXContainerItemProxy section */
		C57303632D5CA3DD003E2F42 /* PBXContainerItemProxy */ = {
			isa = PBXContainerItemProxy;
			containerPortal = C57303482D5CA3DC003E2F42 /* Project object */;
			proxyType = 1;
			remoteGlobalIDString = C573034F2D5CA3DC003E2F42;
			remoteInfo = Arrival;
		};
		C573036D2D5CA3DD003E2F42 /* PBXContainerItemProxy */ = {
			isa = PBXContainerItemProxy;
			containerPortal = C57303482D5CA3DC003E2F42 /* Project object */;
			proxyType = 1;
			remoteGlobalIDString = C573034F2D5CA3DC003E2F42;
			remoteInfo = Arrival;
		};
/* End PBXContainerItemProxy section */

/* Begin PBXFileReference section */
		C57303502D5CA3DC003E2F42 /* Arrival.app */ = {isa = PBXFileReference; explicitFileType = wrapper.application; includeInIndex = 0; path = Arrival.app; sourceTree = BUILT_PRODUCTS_DIR; };
		C57303622D5CA3DD003E2F42 /* ArrivalTests.xctest */ = {isa = PBXFileReference; explicitFileType = wrapper.cfbundle; includeInIndex = 0; path = ArrivalTests.xctest; sourceTree = BUILT_PRODUCTS_DIR; };
		C573036C2D5CA3DD003E2F42 /* ArrivalUITests.xctest */ = {isa = PBXFileReference; explicitFileType = wrapper.cfbundle; includeInIndex = 0; path = ArrivalUITests.xctest; sourceTree = BUILT_PRODUCTS_DIR; };
/* End PBXFileReference section */

/* Begin PBXFileSystemSynchronizedRootGroup section */
		C57303522D5CA3DC003E2F42 /* Arrival */ = {
			isa = PBXFileSystemSynchronizedRootGroup;
			path = Arrival;
			sourceTree = "<group>";
		};
		C57303652D5CA3DD003E2F42 /* ArrivalTests */ = {
			isa = PBXFileSystemSynchronizedRootGroup;
			path = ArrivalTests;
			sourceTree = "<group>";
		};
		C573036F2D5CA3DD003E2F42 /* ArrivalUITests */ = {
			isa = PBXFileSystemSynchronizedRootGroup;
			path = ArrivalUITests;
			sourceTree = "<group>";
		};
/* End PBXFileSystemSynchronizedRootGroup section */

/* Begin PBXFrameworksBuildPhase section */
		C573034D2D5CA3DC003E2F42 /* Frameworks */ = {
			isa = PBXFrameworksBuildPhase;
			buildActionMask = 2147483647;
			files = (
			);
			runOnlyForDeploymentPostprocessing = 0;
		};
		C573035F2D5CA3DD003E2F42 /* Frameworks */ = {
			isa = PBXFrameworksBuildPhase;
			buildActionMask = 2147483647;
			files = (
			);
			runOnlyForDeploymentPostprocessing = 0;
		};
		C57303692D5CA3DD003E2F42 /* Frameworks */ = {
			isa = PBXFrameworksBuildPhase;
			buildActionMask = 2147483647;
			files = (
			);
			runOnlyForDeploymentPostprocessing = 0;
		};
/* End PBXFrameworksBuildPhase section */

/* Begin PBXGroup section */
		C57303472D5CA3DC003E2F42 = {
			isa = PBXGroup;
			children = (
				C57303522D5CA3DC003E2F42 /* Arrival */,
				C57303652D5CA3DD003E2F42 /* ArrivalTests */,
				C573036F2D5CA3DD003E2F42 /* ArrivalUITests */,
				C57303512D5CA3DC003E2F42 /* Products */,
			);
			sourceTree = "<group>";
		};
		C57303512D5CA3DC003E2F42 /* Products */ = {
			isa = PBXGroup;
			children = (
				C57303502D5CA3DC003E2F42 /* Arrival.app */,
				C57303622D5CA3DD003E2F42 /* ArrivalTests.xctest */,
				C573036C2D5CA3DD003E2F42 /* ArrivalUITests.xctest */,
			);
			name = Products;
			sourceTree = "<group>";
		};
/* End PBXGroup section */

/* Begin PBXNativeTarget section */
		C573034F2D5CA3DC003E2F42 /* Arrival */ = {
			isa = PBXNativeTarget;
			buildConfigurationList = C57303762D5CA3DD003E2F42 /* Build configuration list for PBXNativeTarget "Arrival" */;
			buildPhases = (
				C573034C2D5CA3DC003E2F42 /* Sources */,
				C573034D2D5CA3DC003E2F42 /* Frameworks */,
				C573034E2D5CA3DC003E2F42 /* Resources */,
			);
			buildRules = (
			);
			dependencies = (
			);
			fileSystemSynchronizedGroups = (
				C57303522D5CA3DC003E2F42 /* Arrival */,
			);
			name = Arrival;
			packageProductDependencies = (
			);
			productName = Arrival;
			productReference = C57303502D5CA3DC003E2F42 /* Arrival.app */;
			productType = "com.apple.product-type.application";
		};
		C57303612D5CA3DD003E2F42 /* ArrivalTests */ = {
			isa = PBXNativeTarget;
			buildConfigurationList = C57303792D5CA3DD003E2F42 /* Build configuration list for PBXNativeTarget "ArrivalTests" */;
			buildPhases = (
				C573035E2D5CA3DD003E2F42 /* Sources */,
				C573035F2D5CA3DD003E2F42 /* Frameworks */,
				C57303602D5CA3DD003E2F42 /* Resources */,
			);
			buildRules = (
			);
			dependencies = (
				C57303642D5CA3DD003E2F42 /* PBXTargetDependency */,
			);
			fileSystemSynchronizedGroups = (
				C57303652D5CA3DD003E2F42 /* ArrivalTests */,
			);
			name = ArrivalTests;
			packageProductDependencies = (
			);
			productName = ArrivalTests;
			productReference = C57303622D5CA3DD003E2F42 /* ArrivalTests.xctest */;
			productType = "com.apple.product-type.bundle.unit-test";
		};
		C573036B2D5CA3DD003E2F42 /* ArrivalUITests */ = {
			isa = PBXNativeTarget;
			buildConfigurationList = C573037C2D5CA3DD003E2F42 /* Build configuration list for PBXNativeTarget "ArrivalUITests" */;
			buildPhases = (
				C57303682D5CA3DD003E2F42 /* Sources */,
				C57303692D5CA3DD003E2F42 /* Frameworks */,
				C573036A2D5CA3DD003E2F42 /* Resources */,
			);
			buildRules = (
			);
			dependencies = (
				C573036E2D5CA3DD003E2F42 /* PBXTargetDependency */,
			);
			fileSystemSynchronizedGroups = (
				C573036F2D5CA3DD003E2F42 /* ArrivalUITests */,
			);
			name = ArrivalUITests;
			packageProductDependencies = (
			);
			productName = ArrivalUITests;
			productReference = C573036C2D5CA3DD003E2F42 /* ArrivalUITests.xctest */;
			productType = "com.apple.product-type.bundle.ui-testing";
		};
/* End PBXNativeTarget section */

/* Begin PBXProject section */
		C57303482D5CA3DC003E2F42 /* Project object */ = {
			isa = PBXProject;
			attributes = {
				BuildIndependentTargetsInParallel = 1;
				LastSwiftUpdateCheck = 1600;
				LastUpgradeCheck = 1600;
				TargetAttributes = {
					C573034F2D5CA3DC003E2F42 = {
						CreatedOnToolsVersion = 16.0;
					};
					C57303612D5CA3DD003E2F42 = {
						CreatedOnToolsVersion = 16.0;
						TestTargetID = C573034F2D5CA3DC003E2F42;
					};
					C573036B2D5CA3DD003E2F42 = {
						CreatedOnToolsVersion = 16.0;
						TestTargetID = C573034F2D5CA3DC003E2F42;
					};
				};
			};
			buildConfigurationList = C573034B2D5CA3DC003E2F42 /* Build configuration list for PBXProject "Arrival" */;
			developmentRegion = en;
			hasScannedForEncodings = 0;
			knownRegions = (
				en,
				Base,
			);
			mainGroup = C57303472D5CA3DC003E2F42;
			minimizedProjectReferenceProxies = 1;
			preferredProjectObjectVersion = 77;
			productRefGroup = C57303512D5CA3DC003E2F42 /* Products */;
			projectDirPath = "";
			projectRoot = "";
			targets = (
				C573034F2D5CA3DC003E2F42 /* Arrival */,
				C57303612D5CA3DD003E2F42 /* ArrivalTests */,
				C573036B2D5CA3DD003E2F42 /* ArrivalUITests */,
			);
		};
/* End PBXProject section */

/* Begin PBXResourcesBuildPhase section */
		C573034E2D5CA3DC003E2F42 /* Resources */ = {
			isa = PBXResourcesBuildPhase;
			buildActionMask = 2147483647;
			files = (
			);
			runOnlyForDeploymentPostprocessing = 0;
		};
		C57303602D5CA3DD003E2F42 /* Resources */ = {
			isa = PBXResourcesBuildPhase;
			buildActionMask = 2147483647;
			files = (
			);
			runOnlyForDeploymentPostprocessing = 0;
		};
		C573036A2D5CA3DD003E2F42 /* Resources */ = {
			isa = PBXResourcesBuildPhase;
			buildActionMask = 2147483647;
			files = (
			);
			runOnlyForDeploymentPostprocessing = 0;
		};
/* End PBXResourcesBuildPhase section */

/* Begin PBXSourcesBuildPhase section */
		C573034C2D5CA3DC003E2F42 /* Sources */ = {
			isa = PBXSourcesBuildPhase;
			buildActionMask = 2147483647;
			files = (
			);
			runOnlyForDeploymentPostprocessing = 0;
		};
		C573035E2D5CA3DD003E2F42 /* Sources */ = {
			isa = PBXSourcesBuildPhase;
			buildActionMask = 2147483647;
			files = (
			);
			runOnlyForDeploymentPostprocessing = 0;
		};
		C57303682D5CA3DD003E2F42 /* Sources */ = {
			isa = PBXSourcesBuildPhase;
			buildActionMask = 2147483647;
			files = (
			);
			runOnlyForDeploymentPostprocessing = 0;
		};
/* End PBXSourcesBuildPhase section */

/* Begin PBXTargetDependency section */
		C57303642D5CA3DD003E2F42 /* PBXTargetDependency */ = {
			isa = PBXTargetDependency;
			target = C573034F2D5CA3DC003E2F42 /* Arrival */;
			targetProxy = C57303632D5CA3DD003E2F42 /* PBXContainerItemProxy */;
		};
		C573036E2D5CA3DD003E2F42 /* PBXTargetDependency */ = {
			isa = PBXTargetDependency;
			target = C573034F2D5CA3DC003E2F42 /* Arrival */;
			targetProxy = C573036D2D5CA3DD003E2F42 /* PBXContainerItemProxy */;
		};
/* End PBXTargetDependency section */

/* Begin XCBuildConfiguration section */
		C57303742D5CA3DD003E2F42 /* Debug */ = {
			isa = XCBuildConfiguration;
			buildSettings = {
				ALWAYS_SEARCH_USER_PATHS = NO;
				ASSETCATALOG_COMPILER_GENERATE_SWIFT_ASSET_SYMBOL_EXTENSIONS = YES;
				CLANG_ANALYZER_NONNULL = YES;
				CLANG_ANALYZER_NUMBER_OBJECT_CONVERSION = YES_AGGRESSIVE;
				CLANG_CXX_LANGUAGE_STANDARD = "gnu++20";
				CLANG_ENABLE_MODULES = YES;
				CLANG_ENABLE_OBJC_ARC = YES;
				CLANG_ENABLE_OBJC_WEAK = YES;
				CLANG_WARN_BLOCK_CAPTURE_AUTORELEASING = YES;
				CLANG_WARN_BOOL_CONVERSION = YES;
				CLANG_WARN_COMMA = YES;
				CLANG_WARN_CONSTANT_CONVERSION = YES;
				CLANG_WARN_DEPRECATED_OBJC_IMPLEMENTATIONS = YES;
				CLANG_WARN_DIRECT_OBJC_ISA_USAGE = YES_ERROR;
				CLANG_WARN_DOCUMENTATION_COMMENTS = YES;
				CLANG_WARN_EMPTY_BODY = YES;
				CLANG_WARN_ENUM_CONVERSION = YES;
				CLANG_WARN_INFINITE_RECURSION = YES;
				CLANG_WARN_INT_CONVERSION = YES;
				CLANG_WARN_NON_LITERAL_NULL_CONVERSION = YES;
				CLANG_WARN_OBJC_IMPLICIT_RETAIN_SELF = YES;
				CLANG_WARN_OBJC_LITERAL_CONVERSION = YES;
				CLANG_WARN_OBJC_ROOT_CLASS = YES_ERROR;
				CLANG_WARN_QUOTED_INCLUDE_IN_FRAMEWORK_HEADER = YES;
				CLANG_WARN_RANGE_LOOP_ANALYSIS = YES;
				CLANG_WARN_STRICT_PROTOTYPES = YES;
				CLANG_WARN_SUSPICIOUS_MOVE = YES;
				CLANG_WARN_UNGUARDED_AVAILABILITY = YES_AGGRESSIVE;
				CLANG_WARN_UNREACHABLE_CODE = YES;
				CLANG_WARN__DUPLICATE_METHOD_MATCH = YES;
				COPY_PHASE_STRIP = NO;
				DEBUG_INFORMATION_FORMAT = dwarf;
				ENABLE_STRICT_OBJC_MSGSEND = YES;
				ENABLE_TESTABILITY = YES;
				ENABLE_USER_SCRIPT_SANDBOXING = YES;
				GCC_C_LANGUAGE_STANDARD = gnu17;
				GCC_DYNAMIC_NO_PIC = NO;
				GCC_NO_COMMON_BLOCKS = YES;
				GCC_OPTIMIZATION_LEVEL = 0;
				GCC_PREPROCESSOR_DEFINITIONS = (
					"DEBUG=1",
					"$(inherited)",
				);
				GCC_WARN_64_TO_32_BIT_CONVERSION = YES;
				GCC_WARN_ABOUT_RETURN_TYPE = YES_ERROR;
				GCC_WARN_UNDECLARED_SELECTOR = YES;
				GCC_WARN_UNINITIALIZED_AUTOS = YES_AGGRESSIVE;
				GCC_WARN_UNUSED_FUNCTION = YES;
				GCC_WARN_UNUSED_VARIABLE = YES;
				IPHONEOS_DEPLOYMENT_TARGET = 18.0;
				LOCALIZATION_PREFERS_STRING_CATALOGS = YES;
				MTL_ENABLE_DEBUG_INFO = INCLUDE_SOURCE;
				MTL_FAST_MATH = YES;
				ONLY_ACTIVE_ARCH = YES;
				SDKROOT = iphoneos;
				SWIFT_ACTIVE_COMPILATION_CONDITIONS = "DEBUG $(inherited)";
				SWIFT_OPTIMIZATION_LEVEL = "-Onone";
			};
			name = Debug;
		};
		C57303752D5CA3DD003E2F42 /* Release */ = {
			isa = XCBuildConfiguration;
			buildSettings = {
				ALWAYS_SEARCH_USER_PATHS = NO;
				ASSETCATALOG_COMPILER_GENERATE_SWIFT_ASSET_SYMBOL_EXTENSIONS = YES;
				CLANG_ANALYZER_NONNULL = YES;
				CLANG_ANALYZER_NUMBER_OBJECT_CONVERSION = YES_AGGRESSIVE;
				CLANG_CXX_LANGUAGE_STANDARD = "gnu++20";
				CLANG_ENABLE_MODULES = YES;
				CLANG_ENABLE_OBJC_ARC = YES;
				CLANG_ENABLE_OBJC_WEAK = YES;
				CLANG_WARN_BLOCK_CAPTURE_AUTORELEASING = YES;
				CLANG_WARN_BOOL_CONVERSION = YES;
				CLANG_WARN_COMMA = YES;
				CLANG_WARN_CONSTANT_CONVERSION = YES;
				CLANG_WARN_DEPRECATED_OBJC_IMPLEMENTATIONS = YES;
				CLANG_WARN_DIRECT_OBJC_ISA_USAGE = YES_ERROR;
				CLANG_WARN_DOCUMENTATION_COMMENTS = YES;
				CLANG_WARN_EMPTY_BODY = YES;
				CLANG_WARN_ENUM_CONVERSION = YES;
				CLANG_WARN_INFINITE_RECURSION = YES;
				CLANG_WARN_INT_CONVERSION = YES;
				CLANG_WARN_NON_LITERAL_NULL_CONVERSION = YES;
				CLANG_WARN_OBJC_IMPLICIT_RETAIN_SELF = YES;
				CLANG_WARN_OBJC_LITERAL_CONVERSION = YES;
				CLANG_WARN_OBJC_ROOT_CLASS = YES_ERROR;
				CLANG_WARN_QUOTED_INCLUDE_IN_FRAMEWORK_HEADER = YES;
				CLANG_WARN_RANGE_LOOP_ANALYSIS = YES;
				CLANG_WARN_STRICT_PROTOTYPES = YES;
				CLANG_WARN_SUSPICIOUS_MOVE = YES;
				CLANG_WARN_UNGUARDED_AVAILABILITY = YES_AGGRESSIVE;
				CLANG_WARN_UNREACHABLE_CODE = YES;
				CLANG_WARN__DUPLICATE_METHOD_MATCH = YES;
				COPY_PHASE_STRIP = NO;
				DEBUG_INFORMATION_FORMAT = "dwarf-with-dsym";
				ENABLE_NS_ASSERTIONS = NO;
				ENABLE_STRICT_OBJC_MSGSEND = YES;
				ENABLE_USER_SCRIPT_SANDBOXING = YES;
				GCC_C_LANGUAGE_STANDARD = gnu17;
				GCC_NO_COMMON_BLOCKS = YES;
				GCC_WARN_64_TO_32_BIT_CONVERSION = YES;
				GCC_WARN_ABOUT_RETURN_TYPE = YES_ERROR;
				GCC_WARN_UNDECLARED_SELECTOR = YES;
				GCC_WARN_UNINITIALIZED_AUTOS = YES_AGGRESSIVE;
				GCC_WARN_UNUSED_FUNCTION = YES;
				GCC_WARN_UNUSED_VARIABLE = YES;
				IPHONEOS_DEPLOYMENT_TARGET = 18.0;
				LOCALIZATION_PREFERS_STRING_CATALOGS = YES;
				MTL_ENABLE_DEBUG_INFO = NO;
				MTL_FAST_MATH = YES;
				SDKROOT = iphoneos;
				SWIFT_COMPILATION_MODE = wholemodule;
				VALIDATE_PRODUCT = YES;
			};
			name = Release;
		};
		C57303772D5CA3DD003E2F42 /* Debug */ = {
			isa = XCBuildConfiguration;
			buildSettings = {
				ASSETCATALOG_COMPILER_APPICON_NAME = AppIcon;
				ASSETCATALOG_COMPILER_GLOBAL_ACCENT_COLOR_NAME = AccentColor;
				CODE_SIGN_STYLE = Automatic;
				CURRENT_PROJECT_VERSION = 1;
				DEVELOPMENT_ASSET_PATHS = "\"Arrival/Preview Content\"";
				DEVELOPMENT_TEAM = 7M5JDZSYX7;
				ENABLE_PREVIEWS = YES;
				GENERATE_INFOPLIST_FILE = YES;
				INFOPLIST_KEY_UIApplicationSceneManifest_Generation = YES;
				INFOPLIST_KEY_UIApplicationSupportsIndirectInputEvents = YES;
				INFOPLIST_KEY_UILaunchScreen_Generation = YES;
				INFOPLIST_KEY_UISupportedInterfaceOrientations_iPad = "UIInterfaceOrientationPortrait UIInterfaceOrientationPortraitUpsideDown UIInterfaceOrientationLandscapeLeft UIInterfaceOrientationLandscapeRight";
				INFOPLIST_KEY_UISupportedInterfaceOrientations_iPhone = "UIInterfaceOrientationPortrait UIInterfaceOrientationLandscapeLeft UIInterfaceOrientationLandscapeRight";
				LD_RUNPATH_SEARCH_PATHS = (
					"$(inherited)",
					"@executable_path/Frameworks",
				);
				MARKETING_VERSION = 1.0;
				PRODUCT_BUNDLE_IDENTIFIER = com.ronanfuruta.Arrival;
				PRODUCT_NAME = "$(TARGET_NAME)";
				SWIFT_EMIT_LOC_STRINGS = YES;
				SWIFT_VERSION = 5.0;
				TARGETED_DEVICE_FAMILY = "1,2";
			};
			name = Debug;
		};
		C57303782D5CA3DD003E2F42 /* Release */ = {
			isa = XCBuildConfiguration;
			buildSettings = {
				ASSETCATALOG_COMPILER_APPICON_NAME = AppIcon;
				ASSETCATALOG_COMPILER_GLOBAL_ACCENT_COLOR_NAME = AccentColor;
				CODE_SIGN_STYLE = Automatic;
				CURRENT_PROJECT_VERSION = 1;
				DEVELOPMENT_ASSET_PATHS = "\"Arrival/Preview Content\"";
				DEVELOPMENT_TEAM = 7M5JDZSYX7;
				ENABLE_PREVIEWS = YES;
				GENERATE_INFOPLIST_FILE = YES;
				INFOPLIST_KEY_UIApplicationSceneManifest_Generation = YES;
				INFOPLIST_KEY_UIApplicationSupportsIndirectInputEvents = YES;
				INFOPLIST_KEY_UILaunchScreen_Generation = YES;
				INFOPLIST_KEY_UISupportedInterfaceOrientations_iPad = "UIInterfaceOrientationPortrait UIInterfaceOrientationPortraitUpsideDown UIInterfaceOrientationLandscapeLeft UIInterfaceOrientationLandscapeRight";
				INFOPLIST_KEY_UISupportedInterfaceOrientations_iPhone = "UIInterfaceOrientationPortrait UIInterfaceOrientationLandscapeLeft UIInterfaceOrientationLandscapeRight";
				LD_RUNPATH_SEARCH_PATHS = (
					"$(inherited)",
					"@executable_path/Frameworks",
				);
				MARKETING_VERSION = 1.0;
				PRODUCT_BUNDLE_IDENTIFIER = com.ronanfuruta.Arrival;
				PRODUCT_NAME = "$(TARGET_NAME)";
				SWIFT_EMIT_LOC_STRINGS = YES;
				SWIFT_VERSION = 5.0;
				TARGETED_DEVICE_FAMILY = "1,2";
			};
			name = Release;
		};
		C573037A2D5CA3DD003E2F42 /* Debug */ = {
			isa = XCBuildConfiguration;
			buildSettings = {
				BUNDLE_LOADER = "$(TEST_HOST)";
				CODE_SIGN_STYLE = Automatic;
				CURRENT_PROJECT_VERSION = 1;
				DEVELOPMENT_TEAM = 7M5JDZSYX7;
				GENERATE_INFOPLIST_FILE = YES;
				IPHONEOS_DEPLOYMENT_TARGET = 18.0;
				MARKETING_VERSION = 1.0;
				PRODUCT_BUNDLE_IDENTIFIER = com.ronanfuruta.ArrivalTests;
				PRODUCT_NAME = "$(TARGET_NAME)";
				SWIFT_EMIT_LOC_STRINGS = NO;
				SWIFT_VERSION = 5.0;
				TARGETED_DEVICE_FAMILY = "1,2";
				TEST_HOST = "$(BUILT_PRODUCTS_DIR)/Arrival.app/$(BUNDLE_EXECUTABLE_FOLDER_PATH)/Arrival";
			};
			name = Debug;
		};
		C573037B2D5CA3DD003E2F42 /* Release */ = {
			isa = XCBuildConfiguration;
			buildSettings = {
				BUNDLE_LOADER = "$(TEST_HOST)";
				CODE_SIGN_STYLE = Automatic;
				CURRENT_PROJECT_VERSION = 1;
				DEVELOPMENT_TEAM = 7M5JDZSYX7;
				GENERATE_INFOPLIST_FILE = YES;
				IPHONEOS_DEPLOYMENT_TARGET = 18.0;
				MARKETING_VERSION = 1.0;
				PRODUCT_BUNDLE_IDENTIFIER = com.ronanfuruta.ArrivalTests;
				PRODUCT_NAME = "$(TARGET_NAME)";
				SWIFT_EMIT_LOC_STRINGS = NO;
				SWIFT_VERSION = 5.0;
				TARGETED_DEVICE_FAMILY = "1,2";
				TEST_HOST = "$(BUILT_PRODUCTS_DIR)/Arrival.app/$(BUNDLE_EXECUTABLE_FOLDER_PATH)/Arrival";
			};
			name = Release;
		};
		C573037D2D5CA3DD003E2F42 /* Debug */ = {
			isa = XCBuildConfiguration;
			buildSettings = {
				CODE_SIGN_STYLE = Automatic;
				CURRENT_PROJECT_VERSION = 1;
				DEVELOPMENT_TEAM = 7M5JDZSYX7;
				GENERATE_INFOPLIST_FILE = YES;
				MARKETING_VERSION = 1.0;
				PRODUCT_BUNDLE_IDENTIFIER = com.ronanfuruta.ArrivalUITests;
				PRODUCT_NAME = "$(TARGET_NAME)";
				SWIFT_EMIT_LOC_STRINGS = NO;
				SWIFT_VERSION = 5.0;
				TARGETED_DEVICE_FAMILY = "1,2";
				TEST_TARGET_NAME = Arrival;
			};
			name = Debug;
		};
		C573037E2D5CA3DD003E2F42 /* Release */ = {
			isa = XCBuildConfiguration;
			buildSettings = {
				CODE_SIGN_STYLE = Automatic;
				CURRENT_PROJECT_VERSION = 1;
				DEVELOPMENT_TEAM = 7M5JDZSYX7;
				GENERATE_INFOPLIST_FILE = YES;
				MARKETING_VERSION = 1.0;
				PRODUCT_BUNDLE_IDENTIFIER = com.ronanfuruta.ArrivalUITests;
				PRODUCT_NAME = "$(TARGET_NAME)";
				SWIFT_EMIT_LOC_STRINGS = NO;
				SWIFT_VERSION = 5.0;
				TARGETED_DEVICE_FAMILY = "1,2";
				TEST_TARGET_NAME = Arrival;
			};
			name = Release;
		};
/* End XCBuildConfiguration section */

/* Begin XCConfigurationList section */
		C573034B2D5CA3DC003E2F42 /* Build configuration list for PBXProject "Arrival" */ = {
			isa = XCConfigurationList;
			buildConfigurations = (
				C57303742D5CA3DD003E2F42 /* Debug */,
				C57303752D5CA3DD003E2F42 /* Release */,
			);
			defaultConfigurationIsVisible = 0;
			defaultConfigurationName = Release;
		};
		C57303762D5CA3DD003E2F42 /* Build configuration list for PBXNativeTarget "Arrival" */ = {
			isa = XCConfigurationList;
			buildConfigurations = (
				C57303772D5CA3DD003E2F42 /* Debug */,
				C57303782D5CA3DD003E2F42 /* Release */,
			);
			defaultConfigurationIsVisible = 0;
			defaultConfigurationName = Release;
		};
		C57303792D5CA3DD003E2F42 /* Build configuration list for PBXNativeTarget "ArrivalTests" */ = {
			isa = XCConfigurationList;
			buildConfigurations = (
				C573037A2D5CA3DD003E2F42 /* Debug */,
				C573037B2D5CA3DD003E2F42 /* Release */,
			);
			defaultConfigurationIsVisible = 0;
			defaultConfigurationName = Release;
		};
		C573037C2D5CA3DD003E2F42 /* Build configuration list for PBXNativeTarget "ArrivalUITests" */ = {
			isa = XCConfigurationList;
			buildConfigurations = (
				C573037D2D5CA3DD003E2F42 /* Debug */,
				C573037E2D5CA3DD003E2F42 /* Release */,
			);
			defaultConfigurationIsVisible = 0;
			defaultConfigurationName = Release;
		};
/* End XCConfigurationList section */
	};
	rootObject = C57303482D5CA3DC003E2F42 /* Project object */;
}
