// !$*UTF8*$!
{
	archiveVersion = 1;
	classes = {
	};
	objectVersion = 51;
	objects = {

/* Begin PBXBuildFile section */
		3401C40825055E2C0032906E /* TimeOptions.swift in Sources */ = {isa = PBXBuildFile; fileRef = 3401C40725055E2C0032906E /* TimeOptions.swift */; };
		340D38CB245A1DBF00EDE8DD /* Arrival_iOS2.xcdatamodeld in Resources */ = {isa = PBXBuildFile; fileRef = C58F248523CC1438003882F3 /* Arrival_iOS2.xcdatamodeld */; };
		340D9E1325035671008878E4 /* Station Model.swift in Sources */ = {isa = PBXBuildFile; fileRef = 340D9E1225035671008878E4 /* Station Model.swift */; };
		34166DD3250803150054980C /* TrainsService.swift in Sources */ = {isa = PBXBuildFile; fileRef = 34166DD2250803150054980C /* TrainsService.swift */; };
		3463C1A62507154D0043F66F /* TimeService.swift in Sources */ = {isa = PBXBuildFile; fileRef = 3463C1A52507154D0043F66F /* TimeService.swift */; };
		3481782025056FAD008C5F09 /* TimeOption.swift in Sources */ = {isa = PBXBuildFile; fileRef = 3481781F25056FAD008C5F09 /* TimeOption.swift */; };
		3481782225058A1F008C5F09 /* StyledButton.swift in Sources */ = {isa = PBXBuildFile; fileRef = 3481782125058A1F008C5F09 /* StyledButton.swift */; };
		3482DD592507F08D00C2B8A2 /* SettingsScreen.swift in Sources */ = {isa = PBXBuildFile; fileRef = 3482DD582507F08D00C2B8A2 /* SettingsScreen.swift */; };
		3482DD5B2507F1E100C2B8A2 /* SettingsHeader.swift in Sources */ = {isa = PBXBuildFile; fileRef = 3482DD5A2507F1E100C2B8A2 /* SettingsHeader.swift */; };
		34ACF58C2502A40100D56C0C /* ApiService.swift in Sources */ = {isa = PBXBuildFile; fileRef = 34ACF58B2502A40100D56C0C /* ApiService.swift */; };
		34DB0D072504015000BF8401 /* TrainModel.swift in Sources */ = {isa = PBXBuildFile; fileRef = 34DB0D062504015000BF8401 /* TrainModel.swift */; };
		34DB0D0A25041E6800BF8401 /* TripModel.swift in Sources */ = {isa = PBXBuildFile; fileRef = 34DB0D0925041E6800BF8401 /* TripModel.swift */; };
		34DB0D0C2504282000BF8401 /* TimeUtils.swift in Sources */ = {isa = PBXBuildFile; fileRef = 34DB0D0B2504282000BF8401 /* TimeUtils.swift */; };
		34DB0D1025043BDB00BF8401 /* Loading.swift in Sources */ = {isa = PBXBuildFile; fileRef = 34DB0D0F25043BDB00BF8401 /* Loading.swift */; };
		34DB0D1225043C0700BF8401 /* Assets.xcassets in Resources */ = {isa = PBXBuildFile; fileRef = C58F248A23CC143A003882F3 /* Assets.xcassets */; };
		34DB0D142504484C00BF8401 /* HomeScreen.swift in Sources */ = {isa = PBXBuildFile; fileRef = 34DB0D132504484C00BF8401 /* HomeScreen.swift */; };
		34DB0D1625044A9300BF8401 /* StationChooserBar.swift in Sources */ = {isa = PBXBuildFile; fileRef = 34DB0D1525044A9300BF8401 /* StationChooserBar.swift */; };
		34DB0D1825044FFC00BF8401 /* HomeScreenHeader.swift in Sources */ = {isa = PBXBuildFile; fileRef = 34DB0D1725044FFC00BF8401 /* HomeScreenHeader.swift */; };
		34DB0D1A2504547B00BF8401 /* AlertView.swift in Sources */ = {isa = PBXBuildFile; fileRef = 34DB0D192504547B00BF8401 /* AlertView.swift */; };
		34DB0D1C25045C4500BF8401 /* TrainCard.swift in Sources */ = {isa = PBXBuildFile; fileRef = 34DB0D1B25045C4500BF8401 /* TrainCard.swift */; };
		34DB0D1E250460DB00BF8401 /* ColorUtils.swift in Sources */ = {isa = PBXBuildFile; fileRef = 34DB0D1D250460DB00BF8401 /* ColorUtils.swift */; };
		34DB0D202504782100BF8401 /* StationChooser.swift in Sources */ = {isa = PBXBuildFile; fileRef = 34DB0D1F2504782100BF8401 /* StationChooser.swift */; };
		34DB0D222504796300BF8401 /* SearchBar.swift in Sources */ = {isa = PBXBuildFile; fileRef = 34DB0D212504796300BF8401 /* SearchBar.swift */; };
		34DB0D25250480B600BF8401 /* MockupData.swift in Sources */ = {isa = PBXBuildFile; fileRef = 34DB0D232504806100BF8401 /* MockupData.swift */; };
		34DB0D27250483FB00BF8401 /* StationCard.swift in Sources */ = {isa = PBXBuildFile; fileRef = 34DB0D26250483FB00BF8401 /* StationCard.swift */; };
		616859984834D1C75625EC82 /* Pods_Arrival_iOS2.framework in Frameworks */ = {isa = PBXBuildFile; fileRef = 6FC43D37E5B26A0519796FDA /* Pods_Arrival_iOS2.framework */; };
		C54AD4A1250695AE00B653C1 /* AppState.swift in Sources */ = {isa = PBXBuildFile; fileRef = C54AD4A0250695AE00B653C1 /* AppState.swift */; };
		C54AD4A625069D3C00B653C1 /* Welcome.swift in Sources */ = {isa = PBXBuildFile; fileRef = C54AD4A525069D3C00B653C1 /* Welcome.swift */; };
		C559C1852506BEBD00EF70B4 /* PleaseChooseFromStation.swift in Sources */ = {isa = PBXBuildFile; fileRef = C559C1842506BEBD00EF70B4 /* PleaseChooseFromStation.swift */; };
		C559C1872506CC5C00EF70B4 /* ToStationEvent.swift in Sources */ = {isa = PBXBuildFile; fileRef = C559C1862506CC5C00EF70B4 /* ToStationEvent.swift */; };
		C55BC25C23EE7FCC008E12AB /* GoogleService-Info.plist in Resources */ = {isa = PBXBuildFile; fileRef = C55BC25B23EE7FCB008E12AB /* GoogleService-Info.plist */; };
		C55EDBF82506A71300E45272 /* ActivityIndicator.swift in Sources */ = {isa = PBXBuildFile; fileRef = C55EDBF72506A71300E45272 /* ActivityIndicator.swift */; };
		C55EDBFA2506B43900E45272 /* StationService.swift in Sources */ = {isa = PBXBuildFile; fileRef = C55EDBF92506B43900E45272 /* StationService.swift */; };
		C560522925069EC70026A555 /* LowDataUsage.swift in Sources */ = {isa = PBXBuildFile; fileRef = C560522825069EC70026A555 /* LowDataUsage.swift */; };
		C560522B2506A02A0026A555 /* SmartSuggestions.swift in Sources */ = {isa = PBXBuildFile; fileRef = C560522A2506A02A0026A555 /* SmartSuggestions.swift */; };
		C560522D2506A0E30026A555 /* Anonymous.swift in Sources */ = {isa = PBXBuildFile; fileRef = C560522C2506A0E30026A555 /* Anonymous.swift */; };
		C58F248223CC1438003882F3 /* AppDelegate.swift in Sources */ = {isa = PBXBuildFile; fileRef = C58F248123CC1438003882F3 /* AppDelegate.swift */; };
		C58F248423CC1438003882F3 /* SceneDelegate.swift in Sources */ = {isa = PBXBuildFile; fileRef = C58F248323CC1438003882F3 /* SceneDelegate.swift */; };
		C58F248923CC1438003882F3 /* ContentView.swift in Sources */ = {isa = PBXBuildFile; fileRef = C58F248823CC1438003882F3 /* ContentView.swift */; };
		C58F248E23CC143A003882F3 /* Preview Assets.xcassets in Resources */ = {isa = PBXBuildFile; fileRef = C58F248D23CC143A003882F3 /* Preview Assets.xcassets */; };
		C58F249123CC143A003882F3 /* LaunchScreen.storyboard in Resources */ = {isa = PBXBuildFile; fileRef = C58F248F23CC143A003882F3 /* LaunchScreen.storyboard */; };
		C59430EB2506E1EA00296278 /* Config.swift in Sources */ = {isa = PBXBuildFile; fileRef = C59430EA2506E1EA00296278 /* Config.swift */; };
		C59430ED2506E5AB00296278 /* RemoteConfigDefaults.plist in Resources */ = {isa = PBXBuildFile; fileRef = C59430EC2506E5AB00296278 /* RemoteConfigDefaults.plist */; };
		C59430EF2506EA7E00296278 /* KNN.swift in Sources */ = {isa = PBXBuildFile; fileRef = C59430EE2506EA7E00296278 /* KNN.swift */; };
		C59430F22506EAB100296278 /* MLService.swift in Sources */ = {isa = PBXBuildFile; fileRef = C59430F12506EAB100296278 /* MLService.swift */; };
		C59430F4250706AE00296278 /* AppStates.swift in Sources */ = {isa = PBXBuildFile; fileRef = C59430F3250706AE00296278 /* AppStates.swift */; };
		C59430F6250706C400296278 /* TripTimeModel.swift in Sources */ = {isa = PBXBuildFile; fileRef = C59430F5250706C400296278 /* TripTimeModel.swift */; };
		C5A45BC72506A1D200E7993E /* TOS.swift in Sources */ = {isa = PBXBuildFile; fileRef = C5A45BC62506A1D200E7993E /* TOS.swift */; };
		C5B706432506A2E100953108 /* OnBoarding.swift in Sources */ = {isa = PBXBuildFile; fileRef = C5B706422506A2E100953108 /* OnBoarding.swift */; };
/* End PBXBuildFile section */

/* Begin PBXFileReference section */
		3401C40725055E2C0032906E /* TimeOptions.swift */ = {isa = PBXFileReference; lastKnownFileType = sourcecode.swift; path = TimeOptions.swift; sourceTree = "<group>"; };
		340D9E1225035671008878E4 /* Station Model.swift */ = {isa = PBXFileReference; lastKnownFileType = sourcecode.swift; path = "Station Model.swift"; sourceTree = "<group>"; };
		34166DD2250803150054980C /* TrainsService.swift */ = {isa = PBXFileReference; lastKnownFileType = sourcecode.swift; path = TrainsService.swift; sourceTree = "<group>"; };
		3463C1A52507154D0043F66F /* TimeService.swift */ = {isa = PBXFileReference; lastKnownFileType = sourcecode.swift; path = TimeService.swift; sourceTree = "<group>"; };
		3481781F25056FAD008C5F09 /* TimeOption.swift */ = {isa = PBXFileReference; lastKnownFileType = sourcecode.swift; path = TimeOption.swift; sourceTree = "<group>"; };
		3481782125058A1F008C5F09 /* StyledButton.swift */ = {isa = PBXFileReference; lastKnownFileType = sourcecode.swift; path = StyledButton.swift; sourceTree = "<group>"; };
		3482DD582507F08D00C2B8A2 /* SettingsScreen.swift */ = {isa = PBXFileReference; lastKnownFileType = sourcecode.swift; path = SettingsScreen.swift; sourceTree = "<group>"; };
		3482DD5A2507F1E100C2B8A2 /* SettingsHeader.swift */ = {isa = PBXFileReference; lastKnownFileType = sourcecode.swift; name = SettingsHeader.swift; path = ArrivalCore/Views/Screens/Settings/SettingsHeader.swift; sourceTree = SOURCE_ROOT; };
		34ACF58B2502A40100D56C0C /* ApiService.swift */ = {isa = PBXFileReference; lastKnownFileType = sourcecode.swift; path = ApiService.swift; sourceTree = "<group>"; };
		34DB0D062504015000BF8401 /* TrainModel.swift */ = {isa = PBXFileReference; lastKnownFileType = sourcecode.swift; path = TrainModel.swift; sourceTree = "<group>"; };
		34DB0D0925041E6800BF8401 /* TripModel.swift */ = {isa = PBXFileReference; lastKnownFileType = sourcecode.swift; path = TripModel.swift; sourceTree = "<group>"; };
		34DB0D0B2504282000BF8401 /* TimeUtils.swift */ = {isa = PBXFileReference; lastKnownFileType = sourcecode.swift; path = TimeUtils.swift; sourceTree = "<group>"; };
		34DB0D0F25043BDB00BF8401 /* Loading.swift */ = {isa = PBXFileReference; lastKnownFileType = sourcecode.swift; path = Loading.swift; sourceTree = "<group>"; };
		34DB0D132504484C00BF8401 /* HomeScreen.swift */ = {isa = PBXFileReference; lastKnownFileType = sourcecode.swift; path = HomeScreen.swift; sourceTree = "<group>"; };
		34DB0D1525044A9300BF8401 /* StationChooserBar.swift */ = {isa = PBXFileReference; lastKnownFileType = sourcecode.swift; path = StationChooserBar.swift; sourceTree = "<group>"; };
		34DB0D1725044FFC00BF8401 /* HomeScreenHeader.swift */ = {isa = PBXFileReference; lastKnownFileType = sourcecode.swift; path = HomeScreenHeader.swift; sourceTree = "<group>"; };
		34DB0D192504547B00BF8401 /* AlertView.swift */ = {isa = PBXFileReference; lastKnownFileType = sourcecode.swift; path = AlertView.swift; sourceTree = "<group>"; };
		34DB0D1B25045C4500BF8401 /* TrainCard.swift */ = {isa = PBXFileReference; lastKnownFileType = sourcecode.swift; path = TrainCard.swift; sourceTree = "<group>"; };
		34DB0D1D250460DB00BF8401 /* ColorUtils.swift */ = {isa = PBXFileReference; lastKnownFileType = sourcecode.swift; path = ColorUtils.swift; sourceTree = "<group>"; };
		34DB0D1F2504782100BF8401 /* StationChooser.swift */ = {isa = PBXFileReference; lastKnownFileType = sourcecode.swift; path = StationChooser.swift; sourceTree = "<group>"; };
		34DB0D212504796300BF8401 /* SearchBar.swift */ = {isa = PBXFileReference; lastKnownFileType = sourcecode.swift; path = SearchBar.swift; sourceTree = "<group>"; };
		34DB0D232504806100BF8401 /* MockupData.swift */ = {isa = PBXFileReference; lastKnownFileType = sourcecode.swift; path = MockupData.swift; sourceTree = "<group>"; };
		34DB0D26250483FB00BF8401 /* StationCard.swift */ = {isa = PBXFileReference; lastKnownFileType = sourcecode.swift; path = StationCard.swift; sourceTree = "<group>"; };
		6FC43D37E5B26A0519796FDA /* Pods_Arrival_iOS2.framework */ = {isa = PBXFileReference; explicitFileType = wrapper.framework; includeInIndex = 0; path = Pods_Arrival_iOS2.framework; sourceTree = BUILT_PRODUCTS_DIR; };
		85E1114A9DE8AE1D451CCAA1 /* Pods-Arrival-iOS2.debug.xcconfig */ = {isa = PBXFileReference; includeInIndex = 1; lastKnownFileType = text.xcconfig; name = "Pods-Arrival-iOS2.debug.xcconfig"; path = "Target Support Files/Pods-Arrival-iOS2/Pods-Arrival-iOS2.debug.xcconfig"; sourceTree = "<group>"; };
		96029AF61913FE5C6944A53F /* Pods-Arrival-iOS2.release.xcconfig */ = {isa = PBXFileReference; includeInIndex = 1; lastKnownFileType = text.xcconfig; name = "Pods-Arrival-iOS2.release.xcconfig"; path = "Target Support Files/Pods-Arrival-iOS2/Pods-Arrival-iOS2.release.xcconfig"; sourceTree = "<group>"; };
		C54AD4A0250695AE00B653C1 /* AppState.swift */ = {isa = PBXFileReference; lastKnownFileType = sourcecode.swift; path = AppState.swift; sourceTree = "<group>"; };
		C54AD4A525069D3C00B653C1 /* Welcome.swift */ = {isa = PBXFileReference; lastKnownFileType = sourcecode.swift; path = Welcome.swift; sourceTree = "<group>"; };
		C559C1842506BEBD00EF70B4 /* PleaseChooseFromStation.swift */ = {isa = PBXFileReference; fileEncoding = 4; lastKnownFileType = sourcecode.swift; path = PleaseChooseFromStation.swift; sourceTree = "<group>"; };
		C559C1862506CC5C00EF70B4 /* ToStationEvent.swift */ = {isa = PBXFileReference; lastKnownFileType = sourcecode.swift; path = ToStationEvent.swift; sourceTree = "<group>"; };
		C55BC25B23EE7FCB008E12AB /* GoogleService-Info.plist */ = {isa = PBXFileReference; fileEncoding = 4; lastKnownFileType = text.plist.xml; path = "GoogleService-Info.plist"; sourceTree = "<group>"; };
		C55EDBF72506A71300E45272 /* ActivityIndicator.swift */ = {isa = PBXFileReference; fileEncoding = 4; lastKnownFileType = sourcecode.swift; path = ActivityIndicator.swift; sourceTree = "<group>"; };
		C55EDBF92506B43900E45272 /* StationService.swift */ = {isa = PBXFileReference; lastKnownFileType = sourcecode.swift; path = StationService.swift; sourceTree = "<group>"; };
		C560522825069EC70026A555 /* LowDataUsage.swift */ = {isa = PBXFileReference; lastKnownFileType = sourcecode.swift; path = LowDataUsage.swift; sourceTree = "<group>"; };
		C560522A2506A02A0026A555 /* SmartSuggestions.swift */ = {isa = PBXFileReference; lastKnownFileType = sourcecode.swift; path = SmartSuggestions.swift; sourceTree = "<group>"; };
		C560522C2506A0E30026A555 /* Anonymous.swift */ = {isa = PBXFileReference; lastKnownFileType = sourcecode.swift; path = Anonymous.swift; sourceTree = "<group>"; };
		C5751DA523F702F70071F224 /* Arrival.entitlements */ = {isa = PBXFileReference; lastKnownFileType = text.plist.entitlements; path = Arrival.entitlements; sourceTree = "<group>"; };
		C58F247E23CC1438003882F3 /* Arrival.app */ = {isa = PBXFileReference; explicitFileType = wrapper.application; includeInIndex = 0; path = Arrival.app; sourceTree = BUILT_PRODUCTS_DIR; };
		C58F248123CC1438003882F3 /* AppDelegate.swift */ = {isa = PBXFileReference; lastKnownFileType = sourcecode.swift; path = AppDelegate.swift; sourceTree = "<group>"; };
		C58F248323CC1438003882F3 /* SceneDelegate.swift */ = {isa = PBXFileReference; lastKnownFileType = sourcecode.swift; path = SceneDelegate.swift; sourceTree = "<group>"; };
		C58F248623CC1438003882F3 /* Arrival_iOS2.xcdatamodel */ = {isa = PBXFileReference; lastKnownFileType = wrapper.xcdatamodel; path = Arrival_iOS2.xcdatamodel; sourceTree = "<group>"; };
		C58F248823CC1438003882F3 /* ContentView.swift */ = {isa = PBXFileReference; lastKnownFileType = sourcecode.swift; path = ContentView.swift; sourceTree = "<group>"; };
		C58F248A23CC143A003882F3 /* Assets.xcassets */ = {isa = PBXFileReference; lastKnownFileType = folder.assetcatalog; path = Assets.xcassets; sourceTree = "<group>"; };
		C58F248D23CC143A003882F3 /* Preview Assets.xcassets */ = {isa = PBXFileReference; lastKnownFileType = folder.assetcatalog; path = "Preview Assets.xcassets"; sourceTree = "<group>"; };
		C58F249023CC143A003882F3 /* Base */ = {isa = PBXFileReference; lastKnownFileType = file.storyboard; name = Base; path = Base.lproj/LaunchScreen.storyboard; sourceTree = "<group>"; };
		C58F249223CC143A003882F3 /* Info.plist */ = {isa = PBXFileReference; lastKnownFileType = text.plist.xml; path = Info.plist; sourceTree = "<group>"; };
		C59430EA2506E1EA00296278 /* Config.swift */ = {isa = PBXFileReference; lastKnownFileType = sourcecode.swift; path = Config.swift; sourceTree = "<group>"; };
		C59430EC2506E5AB00296278 /* RemoteConfigDefaults.plist */ = {isa = PBXFileReference; fileEncoding = 4; lastKnownFileType = text.plist.xml; path = RemoteConfigDefaults.plist; sourceTree = "<group>"; };
		C59430EE2506EA7E00296278 /* KNN.swift */ = {isa = PBXFileReference; lastKnownFileType = sourcecode.swift; path = KNN.swift; sourceTree = "<group>"; };
		C59430F12506EAB100296278 /* MLService.swift */ = {isa = PBXFileReference; lastKnownFileType = sourcecode.swift; path = MLService.swift; sourceTree = "<group>"; };
		C59430F3250706AE00296278 /* AppStates.swift */ = {isa = PBXFileReference; lastKnownFileType = sourcecode.swift; path = AppStates.swift; sourceTree = "<group>"; };
		C59430F5250706C400296278 /* TripTimeModel.swift */ = {isa = PBXFileReference; lastKnownFileType = sourcecode.swift; path = TripTimeModel.swift; sourceTree = "<group>"; };
		C5A45BC62506A1D200E7993E /* TOS.swift */ = {isa = PBXFileReference; fileEncoding = 4; lastKnownFileType = sourcecode.swift; path = TOS.swift; sourceTree = "<group>"; };
		C5B706422506A2E100953108 /* OnBoarding.swift */ = {isa = PBXFileReference; fileEncoding = 4; lastKnownFileType = sourcecode.swift; path = OnBoarding.swift; sourceTree = "<group>"; };
/* End PBXFileReference section */

/* Begin PBXFrameworksBuildPhase section */
		C58F247B23CC1438003882F3 /* Frameworks */ = {
			isa = PBXFrameworksBuildPhase;
			buildActionMask = 2147483647;
			files = (
				616859984834D1C75625EC82 /* Pods_Arrival_iOS2.framework in Frameworks */,
			);
			runOnlyForDeploymentPostprocessing = 0;
		};
/* End PBXFrameworksBuildPhase section */

/* Begin PBXGroup section */
		3463C1A025068E0B0043F66F /* Screens */ = {
			isa = PBXGroup;
			children = (
				C54AD4A425069D2D00B653C1 /* OnBoarding */,
				34DB0D0F25043BDB00BF8401 /* Loading.swift */,
				3482DD5C2507F1E600C2B8A2 /* Settings */,
				3463C1A325068E460043F66F /* Home */,
				3463C1A425068E5D0043F66F /* Station Chooser */,
				3463C1A225068E330043F66F /* Time Selector */,
			);
			path = Screens;
			sourceTree = "<group>";
		};
		3463C1A125068E240043F66F /* Components */ = {
			isa = PBXGroup;
			children = (
				C55EDBF72506A71300E45272 /* ActivityIndicator.swift */,
				C5A45BC62506A1D200E7993E /* TOS.swift */,
				3481782125058A1F008C5F09 /* StyledButton.swift */,
				34DB0D212504796300BF8401 /* SearchBar.swift */,
			);
			path = Components;
			sourceTree = "<group>";
		};
		3463C1A225068E330043F66F /* Time Selector */ = {
			isa = PBXGroup;
			children = (
				3401C40725055E2C0032906E /* TimeOptions.swift */,
				3481781F25056FAD008C5F09 /* TimeOption.swift */,
			);
			path = "Time Selector";
			sourceTree = "<group>";
		};
		3463C1A325068E460043F66F /* Home */ = {
			isa = PBXGroup;
			children = (
				34DB0D192504547B00BF8401 /* AlertView.swift */,
				34DB0D1525044A9300BF8401 /* StationChooserBar.swift */,
				34DB0D1725044FFC00BF8401 /* HomeScreenHeader.swift */,
				C559C1842506BEBD00EF70B4 /* PleaseChooseFromStation.swift */,
			);
			path = Home;
			sourceTree = "<group>";
		};
		3463C1A425068E5D0043F66F /* Station Chooser */ = {
			isa = PBXGroup;
			children = (
				34DB0D1F2504782100BF8401 /* StationChooser.swift */,
				34DB0D26250483FB00BF8401 /* StationCard.swift */,
			);
			path = "Station Chooser";
			sourceTree = "<group>";
		};
		3482DD5C2507F1E600C2B8A2 /* Settings */ = {
			isa = PBXGroup;
			children = (
				3482DD5A2507F1E100C2B8A2 /* SettingsHeader.swift */,
			);
			path = Settings;
			sourceTree = "<group>";
		};
		34ACF58A2502A3B400D56C0C /* ArrivalCore */ = {
			isa = PBXGroup;
			children = (
				C59430F02506EA9C00296278 /* Frameworks */,
				34DB0D232504806100BF8401 /* MockupData.swift */,
				34DB0D0E250439F500BF8401 /* Utils */,
				34DB0D0D250439E300BF8401 /* Services */,
				34DB0D082504082900BF8401 /* Models */,
				34DB0D1125043BE100BF8401 /* Views */,
			);
			path = ArrivalCore;
			sourceTree = "<group>";
		};
		34DB0D082504082900BF8401 /* Models */ = {
			isa = PBXGroup;
			children = (
				340D9E1225035671008878E4 /* Station Model.swift */,
				C559C1862506CC5C00EF70B4 /* ToStationEvent.swift */,
				34DB0D062504015000BF8401 /* TrainModel.swift */,
				34DB0D0925041E6800BF8401 /* TripModel.swift */,
				C59430EA2506E1EA00296278 /* Config.swift */,
				C59430F3250706AE00296278 /* AppStates.swift */,
				C59430F5250706C400296278 /* TripTimeModel.swift */,
			);
			path = Models;
			sourceTree = "<group>";
		};
		34DB0D0D250439E300BF8401 /* Services */ = {
			isa = PBXGroup;
			children = (
				34ACF58B2502A40100D56C0C /* ApiService.swift */,
				C55EDBF92506B43900E45272 /* StationService.swift */,
				C59430F12506EAB100296278 /* MLService.swift */,
				3463C1A52507154D0043F66F /* TimeService.swift */,
				34166DD2250803150054980C /* TrainsService.swift */,
			);
			path = Services;
			sourceTree = "<group>";
		};
		34DB0D0E250439F500BF8401 /* Utils */ = {
			isa = PBXGroup;
			children = (
				34DB0D0B2504282000BF8401 /* TimeUtils.swift */,
				34DB0D1D250460DB00BF8401 /* ColorUtils.swift */,
			);
			path = Utils;
			sourceTree = "<group>";
		};
		34DB0D1125043BE100BF8401 /* Views */ = {
			isa = PBXGroup;
			children = (
				3463C1A025068E0B0043F66F /* Screens */,
				3463C1A125068E240043F66F /* Components */,
				34DB0D1B25045C4500BF8401 /* TrainCard.swift */,
			);
			path = Views;
			sourceTree = "<group>";
		};
		5C54F1D8772CCE96550EBCBD /* Frameworks */ = {
			isa = PBXGroup;
			children = (
				6FC43D37E5B26A0519796FDA /* Pods_Arrival_iOS2.framework */,
			);
			name = Frameworks;
			sourceTree = "<group>";
		};
		839595E0F6499434F5CD83EF /* Pods */ = {
			isa = PBXGroup;
			children = (
				85E1114A9DE8AE1D451CCAA1 /* Pods-Arrival-iOS2.debug.xcconfig */,
				96029AF61913FE5C6944A53F /* Pods-Arrival-iOS2.release.xcconfig */,
			);
			path = Pods;
			sourceTree = "<group>";
		};
		C54AD4A425069D2D00B653C1 /* OnBoarding */ = {
			isa = PBXGroup;
			children = (
				C5B706422506A2E100953108 /* OnBoarding.swift */,
				C54AD4A525069D3C00B653C1 /* Welcome.swift */,
				C560522825069EC70026A555 /* LowDataUsage.swift */,
				C560522A2506A02A0026A555 /* SmartSuggestions.swift */,
				C560522C2506A0E30026A555 /* Anonymous.swift */,
			);
			path = OnBoarding;
			sourceTree = "<group>";
		};
		C58F247523CC1438003882F3 = {
			isa = PBXGroup;
			children = (
				34ACF58A2502A3B400D56C0C /* ArrivalCore */,
				C58F248023CC1438003882F3 /* Arrival-iOS2 */,
				C58F247F23CC1438003882F3 /* Products */,
				839595E0F6499434F5CD83EF /* Pods */,
				5C54F1D8772CCE96550EBCBD /* Frameworks */,
			);
			sourceTree = "<group>";
		};
		C58F247F23CC1438003882F3 /* Products */ = {
			isa = PBXGroup;
			children = (
				C58F247E23CC1438003882F3 /* Arrival.app */,
			);
			name = Products;
			sourceTree = "<group>";
		};
		C58F248023CC1438003882F3 /* Arrival-iOS2 */ = {
			isa = PBXGroup;
			children = (
				C59430EC2506E5AB00296278 /* RemoteConfigDefaults.plist */,
				C58F248A23CC143A003882F3 /* Assets.xcassets */,
				C5751DA523F702F70071F224 /* Arrival.entitlements */,
				C58F248123CC1438003882F3 /* AppDelegate.swift */,
				C58F248323CC1438003882F3 /* SceneDelegate.swift */,
				C58F248823CC1438003882F3 /* ContentView.swift */,
				34DB0D132504484C00BF8401 /* HomeScreen.swift */,
				3482DD582507F08D00C2B8A2 /* SettingsScreen.swift */,
				C54AD4A0250695AE00B653C1 /* AppState.swift */,
				C58F248F23CC143A003882F3 /* LaunchScreen.storyboard */,
				C58F249223CC143A003882F3 /* Info.plist */,
				C58F248523CC1438003882F3 /* Arrival_iOS2.xcdatamodeld */,
				C58F248C23CC143A003882F3 /* Preview Content */,
				C55BC25B23EE7FCB008E12AB /* GoogleService-Info.plist */,
			);
			path = "Arrival-iOS2";
			sourceTree = "<group>";
		};
		C58F248C23CC143A003882F3 /* Preview Content */ = {
			isa = PBXGroup;
			children = (
				C58F248D23CC143A003882F3 /* Preview Assets.xcassets */,
			);
			path = "Preview Content";
			sourceTree = "<group>";
		};
		C59430F02506EA9C00296278 /* Frameworks */ = {
			isa = PBXGroup;
			children = (
				C59430EE2506EA7E00296278 /* KNN.swift */,
			);
			path = Frameworks;
			sourceTree = "<group>";
		};
/* End PBXGroup section */

/* Begin PBXNativeTarget section */
		C58F247D23CC1438003882F3 /* Arrival-iOS2 */ = {
			isa = PBXNativeTarget;
			buildConfigurationList = C58F24A023CC143A003882F3 /* Build configuration list for PBXNativeTarget "Arrival-iOS2" */;
			buildPhases = (
				6FFCDFCC5B76B7F6B103AD3F /* [CP] Check Pods Manifest.lock */,
				C58F247A23CC1438003882F3 /* Sources */,
				C58F247B23CC1438003882F3 /* Frameworks */,
				C58F247C23CC1438003882F3 /* Resources */,
				77EC351A33926A3221FF47A0 /* [CP] Embed Pods Frameworks */,
			);
			buildRules = (
			);
			dependencies = (
			);
			name = "Arrival-iOS2";
			productName = "Arrival-iOS2";
			productReference = C58F247E23CC1438003882F3 /* Arrival.app */;
			productType = "com.apple.product-type.application";
		};
/* End PBXNativeTarget section */

/* Begin PBXProject section */
		C58F247623CC1438003882F3 /* Project object */ = {
			isa = PBXProject;
			attributes = {
				LastSwiftUpdateCheck = 1140;
				LastUpgradeCheck = 1130;
				ORGANIZATIONNAME = "Stomp Rocket";
				TargetAttributes = {
					C58F247D23CC1438003882F3 = {
						CreatedOnToolsVersion = 11.3;
					};
				};
			};
			buildConfigurationList = C58F247923CC1438003882F3 /* Build configuration list for PBXProject "Arrival-iOS2" */;
			compatibilityVersion = "Xcode 9.3";
			developmentRegion = en;
			hasScannedForEncodings = 0;
			knownRegions = (
				en,
				Base,
			);
			mainGroup = C58F247523CC1438003882F3;
			productRefGroup = C58F247F23CC1438003882F3 /* Products */;
			projectDirPath = "";
			projectRoot = "";
			targets = (
				C58F247D23CC1438003882F3 /* Arrival-iOS2 */,
			);
		};
/* End PBXProject section */

/* Begin PBXResourcesBuildPhase section */
		C58F247C23CC1438003882F3 /* Resources */ = {
			isa = PBXResourcesBuildPhase;
			buildActionMask = 2147483647;
			files = (
				C59430ED2506E5AB00296278 /* RemoteConfigDefaults.plist in Resources */,
				340D38CB245A1DBF00EDE8DD /* Arrival_iOS2.xcdatamodeld in Resources */,
				C58F249123CC143A003882F3 /* LaunchScreen.storyboard in Resources */,
				C55BC25C23EE7FCC008E12AB /* GoogleService-Info.plist in Resources */,
				C58F248E23CC143A003882F3 /* Preview Assets.xcassets in Resources */,
				34DB0D1225043C0700BF8401 /* Assets.xcassets in Resources */,
			);
			runOnlyForDeploymentPostprocessing = 0;
		};
/* End PBXResourcesBuildPhase section */

/* Begin PBXShellScriptBuildPhase section */
		6FFCDFCC5B76B7F6B103AD3F /* [CP] Check Pods Manifest.lock */ = {
			isa = PBXShellScriptBuildPhase;
			buildActionMask = 2147483647;
			files = (
			);
			inputFileListPaths = (
			);
			inputPaths = (
				"${PODS_PODFILE_DIR_PATH}/Podfile.lock",
				"${PODS_ROOT}/Manifest.lock",
			);
			name = "[CP] Check Pods Manifest.lock";
			outputFileListPaths = (
			);
			outputPaths = (
				"$(DERIVED_FILE_DIR)/Pods-Arrival-iOS2-checkManifestLockResult.txt",
			);
			runOnlyForDeploymentPostprocessing = 0;
			shellPath = /bin/sh;
			shellScript = "diff \"${PODS_PODFILE_DIR_PATH}/Podfile.lock\" \"${PODS_ROOT}/Manifest.lock\" > /dev/null\nif [ $? != 0 ] ; then\n    # print error to STDERR\n    echo \"error: The sandbox is not in sync with the Podfile.lock. Run 'pod install' or update your CocoaPods installation.\" >&2\n    exit 1\nfi\n# This output is used by Xcode 'outputs' to avoid re-running this script phase.\necho \"SUCCESS\" > \"${SCRIPT_OUTPUT_FILE_0}\"\n";
			showEnvVarsInLog = 0;
		};
		77EC351A33926A3221FF47A0 /* [CP] Embed Pods Frameworks */ = {
			isa = PBXShellScriptBuildPhase;
			buildActionMask = 2147483647;
			files = (
			);
			inputFileListPaths = (
				"${PODS_ROOT}/Target Support Files/Pods-Arrival-iOS2/Pods-Arrival-iOS2-frameworks-${CONFIGURATION}-input-files.xcfilelist",
			);
			name = "[CP] Embed Pods Frameworks";
			outputFileListPaths = (
				"${PODS_ROOT}/Target Support Files/Pods-Arrival-iOS2/Pods-Arrival-iOS2-frameworks-${CONFIGURATION}-output-files.xcfilelist",
			);
			runOnlyForDeploymentPostprocessing = 0;
			shellPath = /bin/sh;
			shellScript = "\"${PODS_ROOT}/Target Support Files/Pods-Arrival-iOS2/Pods-Arrival-iOS2-frameworks.sh\"\n";
			showEnvVarsInLog = 0;
		};
/* End PBXShellScriptBuildPhase section */

/* Begin PBXSourcesBuildPhase section */
		C58F247A23CC1438003882F3 /* Sources */ = {
			isa = PBXSourcesBuildPhase;
			buildActionMask = 2147483647;
			files = (
				3482DD5B2507F1E100C2B8A2 /* SettingsHeader.swift in Sources */,
				C58F248223CC1438003882F3 /* AppDelegate.swift in Sources */,
				34DB0D1025043BDB00BF8401 /* Loading.swift in Sources */,
				34DB0D1625044A9300BF8401 /* StationChooserBar.swift in Sources */,
				34DB0D27250483FB00BF8401 /* StationCard.swift in Sources */,
				C54AD4A625069D3C00B653C1 /* Welcome.swift in Sources */,
				34DB0D1825044FFC00BF8401 /* HomeScreenHeader.swift in Sources */,
				C58F248923CC1438003882F3 /* ContentView.swift in Sources */,
				34DB0D0C2504282000BF8401 /* TimeUtils.swift in Sources */,
				3482DD592507F08D00C2B8A2 /* SettingsScreen.swift in Sources */,
				C59430F4250706AE00296278 /* AppStates.swift in Sources */,
				C559C1872506CC5C00EF70B4 /* ToStationEvent.swift in Sources */,
				3463C1A62507154D0043F66F /* TimeService.swift in Sources */,
				34DB0D1E250460DB00BF8401 /* ColorUtils.swift in Sources */,
				34DB0D1C25045C4500BF8401 /* TrainCard.swift in Sources */,
				C559C1852506BEBD00EF70B4 /* PleaseChooseFromStation.swift in Sources */,
				34DB0D072504015000BF8401 /* TrainModel.swift in Sources */,
				34DB0D0A25041E6800BF8401 /* TripModel.swift in Sources */,
				34DB0D1A2504547B00BF8401 /* AlertView.swift in Sources */,
				C560522B2506A02A0026A555 /* SmartSuggestions.swift in Sources */,
				34DB0D142504484C00BF8401 /* HomeScreen.swift in Sources */,
				C59430EF2506EA7E00296278 /* KNN.swift in Sources */,
				34DB0D202504782100BF8401 /* StationChooser.swift in Sources */,
				C55EDBF82506A71300E45272 /* ActivityIndicator.swift in Sources */,
				C59430F22506EAB100296278 /* MLService.swift in Sources */,
				3481782225058A1F008C5F09 /* StyledButton.swift in Sources */,
				C55EDBFA2506B43900E45272 /* StationService.swift in Sources */,
				C59430EB2506E1EA00296278 /* Config.swift in Sources */,
				C59430F6250706C400296278 /* TripTimeModel.swift in Sources */,
				340D9E1325035671008878E4 /* Station Model.swift in Sources */,
				34166DD3250803150054980C /* TrainsService.swift in Sources */,
				3401C40825055E2C0032906E /* TimeOptions.swift in Sources */,
				C54AD4A1250695AE00B653C1 /* AppState.swift in Sources */,
				34ACF58C2502A40100D56C0C /* ApiService.swift in Sources */,
				C560522D2506A0E30026A555 /* Anonymous.swift in Sources */,
				C5B706432506A2E100953108 /* OnBoarding.swift in Sources */,
				C5A45BC72506A1D200E7993E /* TOS.swift in Sources */,
				C560522925069EC70026A555 /* LowDataUsage.swift in Sources */,
				34DB0D222504796300BF8401 /* SearchBar.swift in Sources */,
				3481782025056FAD008C5F09 /* TimeOption.swift in Sources */,
				34DB0D25250480B600BF8401 /* MockupData.swift in Sources */,
				C58F248423CC1438003882F3 /* SceneDelegate.swift in Sources */,
			);
			runOnlyForDeploymentPostprocessing = 0;
		};
/* End PBXSourcesBuildPhase section */

/* Begin PBXVariantGroup section */
		C58F248F23CC143A003882F3 /* LaunchScreen.storyboard */ = {
			isa = PBXVariantGroup;
			children = (
				C58F249023CC143A003882F3 /* Base */,
			);
			name = LaunchScreen.storyboard;
			sourceTree = "<group>";
		};
/* End PBXVariantGroup section */

/* Begin XCBuildConfiguration section */
		C58F249E23CC143A003882F3 /* Debug */ = {
			isa = XCBuildConfiguration;
			buildSettings = {
				ALWAYS_SEARCH_USER_PATHS = NO;
				CLANG_ANALYZER_NONNULL = YES;
				CLANG_ANALYZER_NUMBER_OBJECT_CONVERSION = YES_AGGRESSIVE;
				CLANG_CXX_LANGUAGE_STANDARD = "gnu++14";
				CLANG_CXX_LIBRARY = "libc++";
				CLANG_ENABLE_MODULES = YES;
				CLANG_ENABLE_OBJC_ARC = YES;
				CLANG_ENABLE_OBJC_WEAK = YES;
				CLANG_WARN_BLOCK_CAPTURE_AUTORELEASING = YES;
				CLANG_WARN_BOOL_CONVERSION = YES;
				CLANG_WARN_COMMA = YES;
				CLANG_WARN_CONSTANT_CONVERSION = YES;
				CLANG_WARN_DEPRECATED_OBJC_IMPLEMENTATIONS = YES;
				CLANG_WARN_DIRECT_OBJC_ISA_USAGE = YES_ERROR;
				CLANG_WARN_DOCUMENTATION_COMMENTS = YES;
				CLANG_WARN_EMPTY_BODY = YES;
				CLANG_WARN_ENUM_CONVERSION = YES;
				CLANG_WARN_INFINITE_RECURSION = YES;
				CLANG_WARN_INT_CONVERSION = YES;
				CLANG_WARN_NON_LITERAL_NULL_CONVERSION = YES;
				CLANG_WARN_OBJC_IMPLICIT_RETAIN_SELF = YES;
				CLANG_WARN_OBJC_LITERAL_CONVERSION = YES;
				CLANG_WARN_OBJC_ROOT_CLASS = YES_ERROR;
				CLANG_WARN_RANGE_LOOP_ANALYSIS = YES;
				CLANG_WARN_STRICT_PROTOTYPES = YES;
				CLANG_WARN_SUSPICIOUS_MOVE = YES;
				CLANG_WARN_UNGUARDED_AVAILABILITY = YES_AGGRESSIVE;
				CLANG_WARN_UNREACHABLE_CODE = YES;
				CLANG_WARN__DUPLICATE_METHOD_MATCH = YES;
				COPY_PHASE_STRIP = NO;
				DEBUG_INFORMATION_FORMAT = "dwarf-with-dsym";
				ENABLE_STRICT_OBJC_MSGSEND = YES;
				ENABLE_TESTABILITY = YES;
				GCC_C_LANGUAGE_STANDARD = gnu11;
				GCC_DYNAMIC_NO_PIC = NO;
				GCC_NO_COMMON_BLOCKS = YES;
				GCC_OPTIMIZATION_LEVEL = 0;
				GCC_PREPROCESSOR_DEFINITIONS = (
					"DEBUG=1",
					"$(inherited)",
				);
				GCC_WARN_64_TO_32_BIT_CONVERSION = YES;
				GCC_WARN_ABOUT_RETURN_TYPE = YES_ERROR;
				GCC_WARN_UNDECLARED_SELECTOR = YES;
				GCC_WARN_UNINITIALIZED_AUTOS = YES_AGGRESSIVE;
				GCC_WARN_UNUSED_FUNCTION = YES;
				GCC_WARN_UNUSED_VARIABLE = YES;
				IPHONEOS_DEPLOYMENT_TARGET = 13.2;
				MTL_ENABLE_DEBUG_INFO = INCLUDE_SOURCE;
				MTL_FAST_MATH = YES;
				ONLY_ACTIVE_ARCH = YES;
				SDKROOT = iphoneos;
				SWIFT_ACTIVE_COMPILATION_CONDITIONS = DEBUG;
				SWIFT_OPTIMIZATION_LEVEL = "-Onone";
			};
			name = Debug;
		};
		C58F249F23CC143A003882F3 /* Release */ = {
			isa = XCBuildConfiguration;
			buildSettings = {
				ALWAYS_SEARCH_USER_PATHS = NO;
				CLANG_ANALYZER_NONNULL = YES;
				CLANG_ANALYZER_NUMBER_OBJECT_CONVERSION = YES_AGGRESSIVE;
				CLANG_CXX_LANGUAGE_STANDARD = "gnu++14";
				CLANG_CXX_LIBRARY = "libc++";
				CLANG_ENABLE_MODULES = YES;
				CLANG_ENABLE_OBJC_ARC = YES;
				CLANG_ENABLE_OBJC_WEAK = YES;
				CLANG_WARN_BLOCK_CAPTURE_AUTORELEASING = YES;
				CLANG_WARN_BOOL_CONVERSION = YES;
				CLANG_WARN_COMMA = YES;
				CLANG_WARN_CONSTANT_CONVERSION = YES;
				CLANG_WARN_DEPRECATED_OBJC_IMPLEMENTATIONS = YES;
				CLANG_WARN_DIRECT_OBJC_ISA_USAGE = YES_ERROR;
				CLANG_WARN_DOCUMENTATION_COMMENTS = YES;
				CLANG_WARN_EMPTY_BODY = YES;
				CLANG_WARN_ENUM_CONVERSION = YES;
				CLANG_WARN_INFINITE_RECURSION = YES;
				CLANG_WARN_INT_CONVERSION = YES;
				CLANG_WARN_NON_LITERAL_NULL_CONVERSION = YES;
				CLANG_WARN_OBJC_IMPLICIT_RETAIN_SELF = YES;
				CLANG_WARN_OBJC_LITERAL_CONVERSION = YES;
				CLANG_WARN_OBJC_ROOT_CLASS = YES_ERROR;
				CLANG_WARN_RANGE_LOOP_ANALYSIS = YES;
				CLANG_WARN_STRICT_PROTOTYPES = YES;
				CLANG_WARN_SUSPICIOUS_MOVE = YES;
				CLANG_WARN_UNGUARDED_AVAILABILITY = YES_AGGRESSIVE;
				CLANG_WARN_UNREACHABLE_CODE = YES;
				CLANG_WARN__DUPLICATE_METHOD_MATCH = YES;
				COPY_PHASE_STRIP = NO;
				DEBUG_INFORMATION_FORMAT = "dwarf-with-dsym";
				ENABLE_NS_ASSERTIONS = NO;
				ENABLE_STRICT_OBJC_MSGSEND = YES;
				GCC_C_LANGUAGE_STANDARD = gnu11;
				GCC_NO_COMMON_BLOCKS = YES;
				GCC_WARN_64_TO_32_BIT_CONVERSION = YES;
				GCC_WARN_ABOUT_RETURN_TYPE = YES_ERROR;
				GCC_WARN_UNDECLARED_SELECTOR = YES;
				GCC_WARN_UNINITIALIZED_AUTOS = YES_AGGRESSIVE;
				GCC_WARN_UNUSED_FUNCTION = YES;
				GCC_WARN_UNUSED_VARIABLE = YES;
				IPHONEOS_DEPLOYMENT_TARGET = 13.2;
				MTL_ENABLE_DEBUG_INFO = NO;
				MTL_FAST_MATH = YES;
				SDKROOT = iphoneos;
				SWIFT_COMPILATION_MODE = wholemodule;
				SWIFT_OPTIMIZATION_LEVEL = "-O";
				VALIDATE_PRODUCT = YES;
			};
			name = Release;
		};
		C58F24A123CC143A003882F3 /* Debug */ = {
			isa = XCBuildConfiguration;
			baseConfigurationReference = 85E1114A9DE8AE1D451CCAA1 /* Pods-Arrival-iOS2.debug.xcconfig */;
			buildSettings = {
				ASSETCATALOG_COMPILER_APPICON_NAME = AppIcon;
				CODE_SIGN_ENTITLEMENTS = "Arrival-iOS2/Arrival.entitlements";
				CODE_SIGN_STYLE = Automatic;
				CURRENT_PROJECT_VERSION = 2;
				DEBUG_INFORMATION_FORMAT = "dwarf-with-dsym";
				DEVELOPMENT_ASSET_PATHS = "\"Arrival-iOS2/Preview Content\"";
				DEVELOPMENT_TEAM = 7M5JDZSYX7;
				ENABLE_PREVIEWS = YES;
				INFOPLIST_FILE = "Arrival-iOS2/Info.plist";
				LD_RUNPATH_SEARCH_PATHS = (
					"$(inherited)",
					"@executable_path/Frameworks",
				);
				MARKETING_VERSION = 2.0;
				PRODUCT_BUNDLE_IDENTIFIER = com.ronanfuruta.arrival;
				PRODUCT_NAME = Arrival;
				SWIFT_VERSION = 5.0;
				TARGETED_DEVICE_FAMILY = "1,2";
			};
			name = Debug;
		};
		C58F24A223CC143A003882F3 /* Release */ = {
			isa = XCBuildConfiguration;
			baseConfigurationReference = 96029AF61913FE5C6944A53F /* Pods-Arrival-iOS2.release.xcconfig */;
			buildSettings = {
				ASSETCATALOG_COMPILER_APPICON_NAME = AppIcon;
				CODE_SIGN_ENTITLEMENTS = "Arrival-iOS2/Arrival.entitlements";
				CODE_SIGN_STYLE = Automatic;
				CURRENT_PROJECT_VERSION = 2;
				DEVELOPMENT_ASSET_PATHS = "\"Arrival-iOS2/Preview Content\"";
				DEVELOPMENT_TEAM = 7M5JDZSYX7;
				ENABLE_PREVIEWS = YES;
				INFOPLIST_FILE = "Arrival-iOS2/Info.plist";
				LD_RUNPATH_SEARCH_PATHS = (
					"$(inherited)",
					"@executable_path/Frameworks",
				);
				MARKETING_VERSION = 2.0;
				PRODUCT_BUNDLE_IDENTIFIER = com.ronanfuruta.arrival;
				PRODUCT_NAME = Arrival;
				SWIFT_VERSION = 5.0;
				TARGETED_DEVICE_FAMILY = "1,2";
			};
			name = Release;
		};
/* End XCBuildConfiguration section */

/* Begin XCConfigurationList section */
		C58F247923CC1438003882F3 /* Build configuration list for PBXProject "Arrival-iOS2" */ = {
			isa = XCConfigurationList;
			buildConfigurations = (
				C58F249E23CC143A003882F3 /* Debug */,
				C58F249F23CC143A003882F3 /* Release */,
			);
			defaultConfigurationIsVisible = 0;
			defaultConfigurationName = Release;
		};
		C58F24A023CC143A003882F3 /* Build configuration list for PBXNativeTarget "Arrival-iOS2" */ = {
			isa = XCConfigurationList;
			buildConfigurations = (
				C58F24A123CC143A003882F3 /* Debug */,
				C58F24A223CC143A003882F3 /* Release */,
			);
			defaultConfigurationIsVisible = 0;
			defaultConfigurationName = Release;
		};
/* End XCConfigurationList section */

/* Begin XCVersionGroup section */
		C58F248523CC1438003882F3 /* Arrival_iOS2.xcdatamodeld */ = {
			isa = XCVersionGroup;
			children = (
				C58F248623CC1438003882F3 /* Arrival_iOS2.xcdatamodel */,
			);
			currentVersion = C58F248623CC1438003882F3 /* Arrival_iOS2.xcdatamodel */;
			path = Arrival_iOS2.xcdatamodeld;
			sourceTree = "<group>";
			versionGroupType = wrapper.xcdatamodel;
		};
/* End XCVersionGroup section */
	};
	rootObject = C58F247623CC1438003882F3 /* Project object */;
}
