// !$*UTF8*$!
{
	archiveVersion = 1;
	classes = {
	};
	objectVersion = 52;
	objects = {

/* Begin PBXBuildFile section */
		340D38CB245A1DBF00EDE8DD /* Arrival_iOS2.xcdatamodeld in Resources */ = {isa = PBXBuildFile; fileRef = C58F248523CC1438003882F3 /* Arrival_iOS2.xcdatamodeld */; };
		345A7463250D680B00A0F8D7 /* ScrollContentView.swift in Sources */ = {isa = PBXBuildFile; fileRef = 345A7462250D680B00A0F8D7 /* ScrollContentView.swift */; };
		3469D312250EEEFA004BB27F /* GoogleService-Info.plist in Resources */ = {isa = PBXBuildFile; fileRef = C55BC25B23EE7FCB008E12AB /* GoogleService-Info.plist */; };
		3469D316250F0B68004BB27F /* Pods_ArrivalCoreFramework.framework in Frameworks */ = {isa = PBXBuildFile; fileRef = 3C95509C1B527B4773F827F0 /* Pods_ArrivalCoreFramework.framework */; platformFilter = ios; };
		3469D317250F0B68004BB27F /* Pods_ArrivalCoreFramework.framework in Embed Frameworks */ = {isa = PBXBuildFile; fileRef = 3C95509C1B527B4773F827F0 /* Pods_ArrivalCoreFramework.framework */; platformFilter = ios; settings = {ATTRIBUTES = (CodeSignOnCopy, RemoveHeadersOnCopy, ); }; };
		347E7AD8250E85B300D3E1E2 /* ArrivalCoreFramework.h in Headers */ = {isa = PBXBuildFile; fileRef = 347E7AD6250E85B300D3E1E2 /* ArrivalCoreFramework.h */; settings = {ATTRIBUTES = (Public, ); }; };
		347E7ADB250E85B300D3E1E2 /* ArrivalCoreFramework.framework in Frameworks */ = {isa = PBXBuildFile; fileRef = 347E7AD4250E85B300D3E1E2 /* ArrivalCoreFramework.framework */; };
		347E7ADC250E85B300D3E1E2 /* ArrivalCoreFramework.framework in Embed Frameworks */ = {isa = PBXBuildFile; fileRef = 347E7AD4250E85B300D3E1E2 /* ArrivalCoreFramework.framework */; settings = {ATTRIBUTES = (CodeSignOnCopy, RemoveHeadersOnCopy, ); }; };
		347E7AE0250E862900D3E1E2 /* KNN.swift in Sources */ = {isa = PBXBuildFile; fileRef = C59430EE2506EA7E00296278 /* KNN.swift */; };
		347E7AE1250E862D00D3E1E2 /* MockupData.swift in Sources */ = {isa = PBXBuildFile; fileRef = 34DB0D232504806100BF8401 /* MockupData.swift */; };
		347E7AE2250E863400D3E1E2 /* IntentUtils.swift in Sources */ = {isa = PBXBuildFile; fileRef = 34713931250C732300E485C2 /* IntentUtils.swift */; };
		347E7AE3250E863400D3E1E2 /* ColorUtils.swift in Sources */ = {isa = PBXBuildFile; fileRef = 34DB0D1D250460DB00BF8401 /* ColorUtils.swift */; };
		347E7AE4250E863400D3E1E2 /* TimeUtils.swift in Sources */ = {isa = PBXBuildFile; fileRef = 34DB0D0B2504282000BF8401 /* TimeUtils.swift */; };
		347E7AE5250E863800D3E1E2 /* MLService.swift in Sources */ = {isa = PBXBuildFile; fileRef = C59430F12506EAB100296278 /* MLService.swift */; };
		347E7AE6250E863800D3E1E2 /* TrainsService.swift in Sources */ = {isa = PBXBuildFile; fileRef = 34166DD2250803150054980C /* TrainsService.swift */; };
		347E7AE7250E863800D3E1E2 /* TimeService.swift in Sources */ = {isa = PBXBuildFile; fileRef = 3463C1A52507154D0043F66F /* TimeService.swift */; };
		347E7AE8250E863800D3E1E2 /* LinkService.swift in Sources */ = {isa = PBXBuildFile; fileRef = 341DEBBC2509D38000C2E66B /* LinkService.swift */; };
		347E7AE9250E863800D3E1E2 /* StationService.swift in Sources */ = {isa = PBXBuildFile; fileRef = C55EDBF92506B43900E45272 /* StationService.swift */; };
		347E7AEA250E863800D3E1E2 /* ApiService.swift in Sources */ = {isa = PBXBuildFile; fileRef = 34ACF58B2502A40100D56C0C /* ApiService.swift */; };
		347E7AEB250E863F00D3E1E2 /* AppStates.swift in Sources */ = {isa = PBXBuildFile; fileRef = C59430F3250706AE00296278 /* AppStates.swift */; };
		347E7AEC250E863F00D3E1E2 /* TripTimeModel.swift in Sources */ = {isa = PBXBuildFile; fileRef = C59430F5250706C400296278 /* TripTimeModel.swift */; };
		347E7AED250E863F00D3E1E2 /* Station Model.swift in Sources */ = {isa = PBXBuildFile; fileRef = 340D9E1225035671008878E4 /* Station Model.swift */; };
		347E7AEE250E863F00D3E1E2 /* TrainModel.swift in Sources */ = {isa = PBXBuildFile; fileRef = 34DB0D062504015000BF8401 /* TrainModel.swift */; };
		347E7AEF250E863F00D3E1E2 /* ConfigModel.swift in Sources */ = {isa = PBXBuildFile; fileRef = C59430EA2506E1EA00296278 /* ConfigModel.swift */; };
		347E7AF0250E863F00D3E1E2 /* ToStationEvent.swift in Sources */ = {isa = PBXBuildFile; fileRef = C559C1862506CC5C00EF70B4 /* ToStationEvent.swift */; };
		347E7AF1250E863F00D3E1E2 /* TripModel.swift in Sources */ = {isa = PBXBuildFile; fileRef = 34DB0D0925041E6800BF8401 /* TripModel.swift */; };
		347E7AF2250E864C00D3E1E2 /* Welcome.swift in Sources */ = {isa = PBXBuildFile; fileRef = C54AD4A525069D3C00B653C1 /* Welcome.swift */; };
		347E7AF3250E864C00D3E1E2 /* SmartSuggestions.swift in Sources */ = {isa = PBXBuildFile; fileRef = C560522A2506A02A0026A555 /* SmartSuggestions.swift */; };
		347E7AF4250E864C00D3E1E2 /* TrainsView.swift in Sources */ = {isa = PBXBuildFile; fileRef = 34166DD62508435A0054980C /* TrainsView.swift */; };
		347E7AF5250E864C00D3E1E2 /* NoTrains.swift in Sources */ = {isa = PBXBuildFile; fileRef = 34166DE225089E5D0054980C /* NoTrains.swift */; };
		347E7AF6250E864C00D3E1E2 /* LowDataUsage.swift in Sources */ = {isa = PBXBuildFile; fileRef = C560522825069EC70026A555 /* LowDataUsage.swift */; };
		347E7AF7250E864C00D3E1E2 /* Loading.swift in Sources */ = {isa = PBXBuildFile; fileRef = 34DB0D0F25043BDB00BF8401 /* Loading.swift */; };
		347E7AF8250E864C00D3E1E2 /* OnBoarding.swift in Sources */ = {isa = PBXBuildFile; fileRef = C5B706422506A2E100953108 /* OnBoarding.swift */; };
		347E7AF9250E864C00D3E1E2 /* Anonymous.swift in Sources */ = {isa = PBXBuildFile; fileRef = C560522C2506A0E30026A555 /* Anonymous.swift */; };
		347E7AFA250E864C00D3E1E2 /* TripDetailView.swift in Sources */ = {isa = PBXBuildFile; fileRef = 34166DD825084F0B0054980C /* TripDetailView.swift */; };
		347E7AFB250E864C00D3E1E2 /* TripsViewNoScroll.swift in Sources */ = {isa = PBXBuildFile; fileRef = 345A7464250D683E00A0F8D7 /* TripsViewNoScroll.swift */; };
		347E7AFC250E864C00D3E1E2 /* TripsView.swift in Sources */ = {isa = PBXBuildFile; fileRef = 34166DD42508428C0054980C /* TripsView.swift */; };
		347E7AFE250E865A00D3E1E2 /* StationChooserBar.swift in Sources */ = {isa = PBXBuildFile; fileRef = 34DB0D1525044A9300BF8401 /* StationChooserBar.swift */; };
		347E7AFF250E865A00D3E1E2 /* NetworkAlert.swift in Sources */ = {isa = PBXBuildFile; fileRef = 341296C9250DB16D0053DF82 /* NetworkAlert.swift */; };
		347E7B00250E865A00D3E1E2 /* AlertView.swift in Sources */ = {isa = PBXBuildFile; fileRef = 34DB0D192504547B00BF8401 /* AlertView.swift */; };
		347E7B01250E865A00D3E1E2 /* HomeScreenHeader.swift in Sources */ = {isa = PBXBuildFile; fileRef = 34DB0D1725044FFC00BF8401 /* HomeScreenHeader.swift */; };
		347E7B02250E865A00D3E1E2 /* PleaseChooseFromStation.swift in Sources */ = {isa = PBXBuildFile; fileRef = C559C1842506BEBD00EF70B4 /* PleaseChooseFromStation.swift */; };
		347E7B03250E866000D3E1E2 /* StationChooser.swift in Sources */ = {isa = PBXBuildFile; fileRef = 34DB0D1F2504782100BF8401 /* StationChooser.swift */; };
		347E7B04250E866000D3E1E2 /* StationCard.swift in Sources */ = {isa = PBXBuildFile; fileRef = 34DB0D26250483FB00BF8401 /* StationCard.swift */; };
		347E7B05250E866500D3E1E2 /* TimeOptions.swift in Sources */ = {isa = PBXBuildFile; fileRef = 3401C40725055E2C0032906E /* TimeOptions.swift */; };
		347E7B06250E866500D3E1E2 /* TimeOption.swift in Sources */ = {isa = PBXBuildFile; fileRef = 3481781F25056FAD008C5F09 /* TimeOption.swift */; };
		347E7B07250E866B00D3E1E2 /* ActivityIndicator.swift in Sources */ = {isa = PBXBuildFile; fileRef = C55EDBF72506A71300E45272 /* ActivityIndicator.swift */; };
		347E7B08250E866B00D3E1E2 /* ShareSheet.swift in Sources */ = {isa = PBXBuildFile; fileRef = 341DEBBE2509D8AE00C2E66B /* ShareSheet.swift */; };
		347E7B09250E866B00D3E1E2 /* TOS.swift in Sources */ = {isa = PBXBuildFile; fileRef = C5A45BC62506A1D200E7993E /* TOS.swift */; };
		347E7B0A250E866B00D3E1E2 /* ImageLoader.swift in Sources */ = {isa = PBXBuildFile; fileRef = 345A746A250D922600A0F8D7 /* ImageLoader.swift */; };
		347E7B0B250E866B00D3E1E2 /* RemoteImage.swift in Sources */ = {isa = PBXBuildFile; fileRef = 345A746C250D925400A0F8D7 /* RemoteImage.swift */; };
		347E7B0C250E866B00D3E1E2 /* StyledButton.swift in Sources */ = {isa = PBXBuildFile; fileRef = 3481782125058A1F008C5F09 /* StyledButton.swift */; };
		347E7B0D250E866B00D3E1E2 /* SearchBar.swift in Sources */ = {isa = PBXBuildFile; fileRef = 34DB0D212504796300BF8401 /* SearchBar.swift */; };
		347E7B0E250E866B00D3E1E2 /* NotificationCard.swift in Sources */ = {isa = PBXBuildFile; fileRef = 345A7468250D863300A0F8D7 /* NotificationCard.swift */; };
		347E7B0F250E867500D3E1E2 /* SkeletonTrainCard.swift in Sources */ = {isa = PBXBuildFile; fileRef = 34166DDE2508928E0054980C /* SkeletonTrainCard.swift */; };
		347E7B10250E867500D3E1E2 /* SkeletonLoading.swift in Sources */ = {isa = PBXBuildFile; fileRef = 34166DE0250894990054980C /* SkeletonLoading.swift */; };
		347E7B11250E867500D3E1E2 /* TripLegCard.swift in Sources */ = {isa = PBXBuildFile; fileRef = 34166DDA250873DD0054980C /* TripLegCard.swift */; };
		347E7B12250E867500D3E1E2 /* TrainCard.swift in Sources */ = {isa = PBXBuildFile; fileRef = 34DB0D1B25045C4500BF8401 /* TrainCard.swift */; };
		347E7B13250E867500D3E1E2 /* TripTransferWinfowView.swift in Sources */ = {isa = PBXBuildFile; fileRef = 34166DDC250874160054980C /* TripTransferWinfowView.swift */; };
		347E7B16250E871800D3E1E2 /* SettingsHeader.swift in Sources */ = {isa = PBXBuildFile; fileRef = 347E7B15250E871800D3E1E2 /* SettingsHeader.swift */; };
		347E7B18250E874900D3E1E2 /* TrainsViewNoScroll.swift in Sources */ = {isa = PBXBuildFile; fileRef = 347E7B17250E874900D3E1E2 /* TrainsViewNoScroll.swift */; };
		347E7B19250E875900D3E1E2 /* Intents.intentdefinition in Sources */ = {isa = PBXBuildFile; fileRef = 345E63E9250C547E00272B78 /* Intents.intentdefinition */; };
		3482DD592507F08D00C2B8A2 /* SettingsScreen.swift in Sources */ = {isa = PBXBuildFile; fileRef = 3482DD582507F08D00C2B8A2 /* SettingsScreen.swift */; };
		34DB0D1225043C0700BF8401 /* Assets.xcassets in Resources */ = {isa = PBXBuildFile; fileRef = C58F248A23CC143A003882F3 /* Assets.xcassets */; };
		34DB0D142504484C00BF8401 /* HomeScreen.swift in Sources */ = {isa = PBXBuildFile; fileRef = 34DB0D132504484C00BF8401 /* HomeScreen.swift */; };
		815FF1E7E878C49E4BF05432 /* Pods_Arrival_iOS2.framework in Frameworks */ = {isa = PBXBuildFile; fileRef = 48507E074B87AA09384BB948 /* Pods_Arrival_iOS2.framework */; };
		C54AD4A1250695AE00B653C1 /* AppState.swift in Sources */ = {isa = PBXBuildFile; fileRef = C54AD4A0250695AE00B653C1 /* AppState.swift */; };
		C55BC25C23EE7FCC008E12AB /* GoogleService-Info.plist in Resources */ = {isa = PBXBuildFile; fileRef = C55BC25B23EE7FCB008E12AB /* GoogleService-Info.plist */; };
		C58F248223CC1438003882F3 /* AppDelegate.swift in Sources */ = {isa = PBXBuildFile; fileRef = C58F248123CC1438003882F3 /* AppDelegate.swift */; };
		C58F248423CC1438003882F3 /* SceneDelegate.swift in Sources */ = {isa = PBXBuildFile; fileRef = C58F248323CC1438003882F3 /* SceneDelegate.swift */; };
		C58F248923CC1438003882F3 /* ContentView.swift in Sources */ = {isa = PBXBuildFile; fileRef = C58F248823CC1438003882F3 /* ContentView.swift */; };
		C58F248E23CC143A003882F3 /* Preview Assets.xcassets in Resources */ = {isa = PBXBuildFile; fileRef = C58F248D23CC143A003882F3 /* Preview Assets.xcassets */; };
		C58F249123CC143A003882F3 /* LaunchScreen.storyboard in Resources */ = {isa = PBXBuildFile; fileRef = C58F248F23CC143A003882F3 /* LaunchScreen.storyboard */; };
		C59430ED2506E5AB00296278 /* RemoteConfigDefaults.plist in Resources */ = {isa = PBXBuildFile; fileRef = C59430EC2506E5AB00296278 /* RemoteConfigDefaults.plist */; };
/* End PBXBuildFile section */

/* Begin PBXContainerItemProxy section */
		347E7AD9250E85B300D3E1E2 /* PBXContainerItemProxy */ = {
			isa = PBXContainerItemProxy;
			containerPortal = C58F247623CC1438003882F3 /* Project object */;
			proxyType = 1;
			remoteGlobalIDString = 347E7AD3250E85B300D3E1E2;
			remoteInfo = ArrivalCoreFramework;
		};
/* End PBXContainerItemProxy section */

/* Begin PBXCopyFilesBuildPhase section */
		345E63C0250BD77F00272B78 /* Embed Frameworks */ = {
			isa = PBXCopyFilesBuildPhase;
			buildActionMask = 2147483647;
			dstPath = "";
			dstSubfolderSpec = 10;
			files = (
				347E7ADC250E85B300D3E1E2 /* ArrivalCoreFramework.framework in Embed Frameworks */,
			);
			name = "Embed Frameworks";
			runOnlyForDeploymentPostprocessing = 0;
		};
		3469D318250F0B68004BB27F /* Embed Frameworks */ = {
			isa = PBXCopyFilesBuildPhase;
			buildActionMask = 2147483647;
			dstPath = "";
			dstSubfolderSpec = 10;
			files = (
				3469D317250F0B68004BB27F /* Pods_ArrivalCoreFramework.framework in Embed Frameworks */,
			);
			name = "Embed Frameworks";
			runOnlyForDeploymentPostprocessing = 0;
		};
		34890217250A9E3C00F4811D /* Embed App Extensions */ = {
			isa = PBXCopyFilesBuildPhase;
			buildActionMask = 2147483647;
			dstPath = "";
			dstSubfolderSpec = 13;
			files = (
			);
			name = "Embed App Extensions";
			runOnlyForDeploymentPostprocessing = 0;
		};
/* End PBXCopyFilesBuildPhase section */

/* Begin PBXFileReference section */
		0144E4D517153082C51603EC /* Pods-ArrivalCoreFramework.release.xcconfig */ = {isa = PBXFileReference; includeInIndex = 1; lastKnownFileType = text.xcconfig; name = "Pods-ArrivalCoreFramework.release.xcconfig"; path = "Target Support Files/Pods-ArrivalCoreFramework/Pods-ArrivalCoreFramework.release.xcconfig"; sourceTree = "<group>"; };
		20B8FFCBDECE96070ADAFBFB /* Pods_widgetExtension.framework */ = {isa = PBXFileReference; explicitFileType = wrapper.framework; includeInIndex = 0; path = Pods_widgetExtension.framework; sourceTree = BUILT_PRODUCTS_DIR; };
		24514DF8795111A8598639AC /* Pods-Arrival-iOS2.debug.xcconfig */ = {isa = PBXFileReference; includeInIndex = 1; lastKnownFileType = text.xcconfig; name = "Pods-Arrival-iOS2.debug.xcconfig"; path = "Target Support Files/Pods-Arrival-iOS2/Pods-Arrival-iOS2.debug.xcconfig"; sourceTree = "<group>"; };
		3401C40725055E2C0032906E /* TimeOptions.swift */ = {isa = PBXFileReference; lastKnownFileType = sourcecode.swift; path = TimeOptions.swift; sourceTree = "<group>"; };
		340D9E1225035671008878E4 /* Station Model.swift */ = {isa = PBXFileReference; lastKnownFileType = sourcecode.swift; path = "Station Model.swift"; sourceTree = "<group>"; };
		341296C9250DB16D0053DF82 /* NetworkAlert.swift */ = {isa = PBXFileReference; lastKnownFileType = sourcecode.swift; path = NetworkAlert.swift; sourceTree = "<group>"; };
		34166DD2250803150054980C /* TrainsService.swift */ = {isa = PBXFileReference; lastKnownFileType = sourcecode.swift; path = TrainsService.swift; sourceTree = "<group>"; };
		34166DD42508428C0054980C /* TripsView.swift */ = {isa = PBXFileReference; lastKnownFileType = sourcecode.swift; path = TripsView.swift; sourceTree = "<group>"; };
		34166DD62508435A0054980C /* TrainsView.swift */ = {isa = PBXFileReference; lastKnownFileType = sourcecode.swift; path = TrainsView.swift; sourceTree = "<group>"; };
		34166DD825084F0B0054980C /* TripDetailView.swift */ = {isa = PBXFileReference; lastKnownFileType = sourcecode.swift; path = TripDetailView.swift; sourceTree = "<group>"; };
		34166DDA250873DD0054980C /* TripLegCard.swift */ = {isa = PBXFileReference; lastKnownFileType = sourcecode.swift; path = TripLegCard.swift; sourceTree = "<group>"; };
		34166DDC250874160054980C /* TripTransferWinfowView.swift */ = {isa = PBXFileReference; lastKnownFileType = sourcecode.swift; path = TripTransferWinfowView.swift; sourceTree = "<group>"; };
		34166DDE2508928E0054980C /* SkeletonTrainCard.swift */ = {isa = PBXFileReference; lastKnownFileType = sourcecode.swift; path = SkeletonTrainCard.swift; sourceTree = "<group>"; };
		34166DE0250894990054980C /* SkeletonLoading.swift */ = {isa = PBXFileReference; lastKnownFileType = sourcecode.swift; path = SkeletonLoading.swift; sourceTree = "<group>"; };
		34166DE225089E5D0054980C /* NoTrains.swift */ = {isa = PBXFileReference; lastKnownFileType = sourcecode.swift; path = NoTrains.swift; sourceTree = "<group>"; };
		341DEBBC2509D38000C2E66B /* LinkService.swift */ = {isa = PBXFileReference; lastKnownFileType = sourcecode.swift; path = LinkService.swift; sourceTree = "<group>"; };
		341DEBBE2509D8AE00C2E66B /* ShareSheet.swift */ = {isa = PBXFileReference; lastKnownFileType = sourcecode.swift; path = ShareSheet.swift; sourceTree = "<group>"; };
		345A7462250D680B00A0F8D7 /* ScrollContentView.swift */ = {isa = PBXFileReference; lastKnownFileType = sourcecode.swift; path = ScrollContentView.swift; sourceTree = "<group>"; };
		345A7464250D683E00A0F8D7 /* TripsViewNoScroll.swift */ = {isa = PBXFileReference; lastKnownFileType = sourcecode.swift; path = TripsViewNoScroll.swift; sourceTree = "<group>"; };
		345A7468250D863300A0F8D7 /* NotificationCard.swift */ = {isa = PBXFileReference; lastKnownFileType = sourcecode.swift; path = NotificationCard.swift; sourceTree = "<group>"; };
		345A746A250D922600A0F8D7 /* ImageLoader.swift */ = {isa = PBXFileReference; lastKnownFileType = sourcecode.swift; path = ImageLoader.swift; sourceTree = "<group>"; };
		345A746C250D925400A0F8D7 /* RemoteImage.swift */ = {isa = PBXFileReference; lastKnownFileType = sourcecode.swift; path = RemoteImage.swift; sourceTree = "<group>"; };
		345E63E9250C547E00272B78 /* Intents.intentdefinition */ = {isa = PBXFileReference; lastKnownFileType = file.intentdefinition; path = Intents.intentdefinition; sourceTree = "<group>"; };
		3463C1A52507154D0043F66F /* TimeService.swift */ = {isa = PBXFileReference; lastKnownFileType = sourcecode.swift; path = TimeService.swift; sourceTree = "<group>"; };
		34713931250C732300E485C2 /* IntentUtils.swift */ = {isa = PBXFileReference; lastKnownFileType = sourcecode.swift; path = IntentUtils.swift; sourceTree = "<group>"; };
		347E7AD4250E85B300D3E1E2 /* ArrivalCoreFramework.framework */ = {isa = PBXFileReference; explicitFileType = wrapper.framework; includeInIndex = 0; path = ArrivalCoreFramework.framework; sourceTree = BUILT_PRODUCTS_DIR; };
		347E7AD6250E85B300D3E1E2 /* ArrivalCoreFramework.h */ = {isa = PBXFileReference; lastKnownFileType = sourcecode.c.h; path = ArrivalCoreFramework.h; sourceTree = "<group>"; };
		347E7AD7250E85B300D3E1E2 /* Info.plist */ = {isa = PBXFileReference; lastKnownFileType = text.plist.xml; path = Info.plist; sourceTree = "<group>"; };
		347E7B15250E871800D3E1E2 /* SettingsHeader.swift */ = {isa = PBXFileReference; fileEncoding = 4; lastKnownFileType = sourcecode.swift; path = SettingsHeader.swift; sourceTree = "<group>"; };
		347E7B17250E874900D3E1E2 /* TrainsViewNoScroll.swift */ = {isa = PBXFileReference; fileEncoding = 4; lastKnownFileType = sourcecode.swift; path = TrainsViewNoScroll.swift; sourceTree = "<group>"; };
		3481781F25056FAD008C5F09 /* TimeOption.swift */ = {isa = PBXFileReference; lastKnownFileType = sourcecode.swift; path = TimeOption.swift; sourceTree = "<group>"; };
		3481782125058A1F008C5F09 /* StyledButton.swift */ = {isa = PBXFileReference; lastKnownFileType = sourcecode.swift; path = StyledButton.swift; sourceTree = "<group>"; };
		3482DD582507F08D00C2B8A2 /* SettingsScreen.swift */ = {isa = PBXFileReference; lastKnownFileType = sourcecode.swift; path = SettingsScreen.swift; sourceTree = "<group>"; };
		34890208250A9E3A00F4811D /* WidgetKit.framework */ = {isa = PBXFileReference; lastKnownFileType = wrapper.framework; name = WidgetKit.framework; path = System/Library/Frameworks/WidgetKit.framework; sourceTree = SDKROOT; };
		3489020A250A9E3A00F4811D /* SwiftUI.framework */ = {isa = PBXFileReference; lastKnownFileType = wrapper.framework; name = SwiftUI.framework; path = System/Library/Frameworks/SwiftUI.framework; sourceTree = SDKROOT; };
		34ACF58B2502A40100D56C0C /* ApiService.swift */ = {isa = PBXFileReference; lastKnownFileType = sourcecode.swift; path = ApiService.swift; sourceTree = "<group>"; };
		34DB0D062504015000BF8401 /* TrainModel.swift */ = {isa = PBXFileReference; lastKnownFileType = sourcecode.swift; path = TrainModel.swift; sourceTree = "<group>"; };
		34DB0D0925041E6800BF8401 /* TripModel.swift */ = {isa = PBXFileReference; lastKnownFileType = sourcecode.swift; path = TripModel.swift; sourceTree = "<group>"; };
		34DB0D0B2504282000BF8401 /* TimeUtils.swift */ = {isa = PBXFileReference; lastKnownFileType = sourcecode.swift; path = TimeUtils.swift; sourceTree = "<group>"; };
		34DB0D0F25043BDB00BF8401 /* Loading.swift */ = {isa = PBXFileReference; lastKnownFileType = sourcecode.swift; path = Loading.swift; sourceTree = "<group>"; };
		34DB0D132504484C00BF8401 /* HomeScreen.swift */ = {isa = PBXFileReference; lastKnownFileType = sourcecode.swift; path = HomeScreen.swift; sourceTree = "<group>"; };
		34DB0D1525044A9300BF8401 /* StationChooserBar.swift */ = {isa = PBXFileReference; lastKnownFileType = sourcecode.swift; path = StationChooserBar.swift; sourceTree = "<group>"; };
		34DB0D1725044FFC00BF8401 /* HomeScreenHeader.swift */ = {isa = PBXFileReference; lastKnownFileType = sourcecode.swift; path = HomeScreenHeader.swift; sourceTree = "<group>"; };
		34DB0D192504547B00BF8401 /* AlertView.swift */ = {isa = PBXFileReference; lastKnownFileType = sourcecode.swift; path = AlertView.swift; sourceTree = "<group>"; };
		34DB0D1B25045C4500BF8401 /* TrainCard.swift */ = {isa = PBXFileReference; lastKnownFileType = sourcecode.swift; path = TrainCard.swift; sourceTree = "<group>"; };
		34DB0D1D250460DB00BF8401 /* ColorUtils.swift */ = {isa = PBXFileReference; lastKnownFileType = sourcecode.swift; path = ColorUtils.swift; sourceTree = "<group>"; };
		34DB0D1F2504782100BF8401 /* StationChooser.swift */ = {isa = PBXFileReference; lastKnownFileType = sourcecode.swift; path = StationChooser.swift; sourceTree = "<group>"; };
		34DB0D212504796300BF8401 /* SearchBar.swift */ = {isa = PBXFileReference; lastKnownFileType = sourcecode.swift; path = SearchBar.swift; sourceTree = "<group>"; };
		34DB0D232504806100BF8401 /* MockupData.swift */ = {isa = PBXFileReference; lastKnownFileType = sourcecode.swift; path = MockupData.swift; sourceTree = "<group>"; };
		34DB0D26250483FB00BF8401 /* StationCard.swift */ = {isa = PBXFileReference; lastKnownFileType = sourcecode.swift; path = StationCard.swift; sourceTree = "<group>"; };
		3C95509C1B527B4773F827F0 /* Pods_ArrivalCoreFramework.framework */ = {isa = PBXFileReference; explicitFileType = wrapper.framework; includeInIndex = 0; path = Pods_ArrivalCoreFramework.framework; sourceTree = BUILT_PRODUCTS_DIR; };
		48507E074B87AA09384BB948 /* Pods_Arrival_iOS2.framework */ = {isa = PBXFileReference; explicitFileType = wrapper.framework; includeInIndex = 0; path = Pods_Arrival_iOS2.framework; sourceTree = BUILT_PRODUCTS_DIR; };
		6852C534350BB9790C1A374A /* Pods-ArrivalCoreFramework.debug.xcconfig */ = {isa = PBXFileReference; includeInIndex = 1; lastKnownFileType = text.xcconfig; name = "Pods-ArrivalCoreFramework.debug.xcconfig"; path = "Target Support Files/Pods-ArrivalCoreFramework/Pods-ArrivalCoreFramework.debug.xcconfig"; sourceTree = "<group>"; };
		A6AD10B8EC7ADD66432CD8CC /* Pods-Arrival-iOS2.release.xcconfig */ = {isa = PBXFileReference; includeInIndex = 1; lastKnownFileType = text.xcconfig; name = "Pods-Arrival-iOS2.release.xcconfig"; path = "Target Support Files/Pods-Arrival-iOS2/Pods-Arrival-iOS2.release.xcconfig"; sourceTree = "<group>"; };
		C3F4157A534AE9B2ACD77C57 /* Pods-widgetExtension.release.xcconfig */ = {isa = PBXFileReference; includeInIndex = 1; lastKnownFileType = text.xcconfig; name = "Pods-widgetExtension.release.xcconfig"; path = "Target Support Files/Pods-widgetExtension/Pods-widgetExtension.release.xcconfig"; sourceTree = "<group>"; };
		C54AD4A0250695AE00B653C1 /* AppState.swift */ = {isa = PBXFileReference; lastKnownFileType = sourcecode.swift; path = AppState.swift; sourceTree = "<group>"; };
		C54AD4A525069D3C00B653C1 /* Welcome.swift */ = {isa = PBXFileReference; lastKnownFileType = sourcecode.swift; path = Welcome.swift; sourceTree = "<group>"; };
		C559C1842506BEBD00EF70B4 /* PleaseChooseFromStation.swift */ = {isa = PBXFileReference; fileEncoding = 4; lastKnownFileType = sourcecode.swift; path = PleaseChooseFromStation.swift; sourceTree = "<group>"; };
		C559C1862506CC5C00EF70B4 /* ToStationEvent.swift */ = {isa = PBXFileReference; lastKnownFileType = sourcecode.swift; path = ToStationEvent.swift; sourceTree = "<group>"; };
		C55BC25B23EE7FCB008E12AB /* GoogleService-Info.plist */ = {isa = PBXFileReference; fileEncoding = 4; lastKnownFileType = text.plist.xml; path = "GoogleService-Info.plist"; sourceTree = "<group>"; };
		C55EDBF72506A71300E45272 /* ActivityIndicator.swift */ = {isa = PBXFileReference; fileEncoding = 4; lastKnownFileType = sourcecode.swift; path = ActivityIndicator.swift; sourceTree = "<group>"; };
		C55EDBF92506B43900E45272 /* StationService.swift */ = {isa = PBXFileReference; lastKnownFileType = sourcecode.swift; path = StationService.swift; sourceTree = "<group>"; };
		C560522825069EC70026A555 /* LowDataUsage.swift */ = {isa = PBXFileReference; lastKnownFileType = sourcecode.swift; path = LowDataUsage.swift; sourceTree = "<group>"; };
		C560522A2506A02A0026A555 /* SmartSuggestions.swift */ = {isa = PBXFileReference; lastKnownFileType = sourcecode.swift; path = SmartSuggestions.swift; sourceTree = "<group>"; };
		C560522C2506A0E30026A555 /* Anonymous.swift */ = {isa = PBXFileReference; lastKnownFileType = sourcecode.swift; path = Anonymous.swift; sourceTree = "<group>"; };
		C5751DA523F702F70071F224 /* Arrival.entitlements */ = {isa = PBXFileReference; lastKnownFileType = text.plist.entitlements; path = Arrival.entitlements; sourceTree = "<group>"; };
		C58F247E23CC1438003882F3 /* Arrival.app */ = {isa = PBXFileReference; explicitFileType = wrapper.application; includeInIndex = 0; path = Arrival.app; sourceTree = BUILT_PRODUCTS_DIR; };
		C58F248123CC1438003882F3 /* AppDelegate.swift */ = {isa = PBXFileReference; lastKnownFileType = sourcecode.swift; path = AppDelegate.swift; sourceTree = "<group>"; };
		C58F248323CC1438003882F3 /* SceneDelegate.swift */ = {isa = PBXFileReference; lastKnownFileType = sourcecode.swift; path = SceneDelegate.swift; sourceTree = "<group>"; };
		C58F248623CC1438003882F3 /* Arrival_iOS2.xcdatamodel */ = {isa = PBXFileReference; lastKnownFileType = wrapper.xcdatamodel; path = Arrival_iOS2.xcdatamodel; sourceTree = "<group>"; };
		C58F248823CC1438003882F3 /* ContentView.swift */ = {isa = PBXFileReference; lastKnownFileType = sourcecode.swift; path = ContentView.swift; sourceTree = "<group>"; };
		C58F248A23CC143A003882F3 /* Assets.xcassets */ = {isa = PBXFileReference; lastKnownFileType = folder.assetcatalog; path = Assets.xcassets; sourceTree = "<group>"; };
		C58F248D23CC143A003882F3 /* Preview Assets.xcassets */ = {isa = PBXFileReference; lastKnownFileType = folder.assetcatalog; path = "Preview Assets.xcassets"; sourceTree = "<group>"; };
		C58F249023CC143A003882F3 /* Base */ = {isa = PBXFileReference; lastKnownFileType = file.storyboard; name = Base; path = Base.lproj/LaunchScreen.storyboard; sourceTree = "<group>"; };
		C58F249223CC143A003882F3 /* Info.plist */ = {isa = PBXFileReference; lastKnownFileType = text.plist.xml; path = Info.plist; sourceTree = "<group>"; };
		C59430EA2506E1EA00296278 /* ConfigModel.swift */ = {isa = PBXFileReference; lastKnownFileType = sourcecode.swift; path = ConfigModel.swift; sourceTree = "<group>"; };
		C59430EC2506E5AB00296278 /* RemoteConfigDefaults.plist */ = {isa = PBXFileReference; fileEncoding = 4; lastKnownFileType = text.plist.xml; path = RemoteConfigDefaults.plist; sourceTree = "<group>"; };
		C59430EE2506EA7E00296278 /* KNN.swift */ = {isa = PBXFileReference; lastKnownFileType = sourcecode.swift; path = KNN.swift; sourceTree = "<group>"; };
		C59430F12506EAB100296278 /* MLService.swift */ = {isa = PBXFileReference; lastKnownFileType = sourcecode.swift; path = MLService.swift; sourceTree = "<group>"; };
		C59430F3250706AE00296278 /* AppStates.swift */ = {isa = PBXFileReference; lastKnownFileType = sourcecode.swift; path = AppStates.swift; sourceTree = "<group>"; };
		C59430F5250706C400296278 /* TripTimeModel.swift */ = {isa = PBXFileReference; lastKnownFileType = sourcecode.swift; path = TripTimeModel.swift; sourceTree = "<group>"; };
		C5A45BC62506A1D200E7993E /* TOS.swift */ = {isa = PBXFileReference; fileEncoding = 4; lastKnownFileType = sourcecode.swift; path = TOS.swift; sourceTree = "<group>"; };
		C5B706422506A2E100953108 /* OnBoarding.swift */ = {isa = PBXFileReference; fileEncoding = 4; lastKnownFileType = sourcecode.swift; path = OnBoarding.swift; sourceTree = "<group>"; };
		EB60C6AEE0BC200A8F66B04C /* Pods-widgetExtension.debug.xcconfig */ = {isa = PBXFileReference; includeInIndex = 1; lastKnownFileType = text.xcconfig; name = "Pods-widgetExtension.debug.xcconfig"; path = "Target Support Files/Pods-widgetExtension/Pods-widgetExtension.debug.xcconfig"; sourceTree = "<group>"; };
/* End PBXFileReference section */

/* Begin PBXFrameworksBuildPhase section */
		347E7AD1250E85B300D3E1E2 /* Frameworks */ = {
			isa = PBXFrameworksBuildPhase;
			buildActionMask = 2147483647;
			files = (
				3469D316250F0B68004BB27F /* Pods_ArrivalCoreFramework.framework in Frameworks */,
			);
			runOnlyForDeploymentPostprocessing = 0;
		};
		C58F247B23CC1438003882F3 /* Frameworks */ = {
			isa = PBXFrameworksBuildPhase;
			buildActionMask = 2147483647;
			files = (
				347E7ADB250E85B300D3E1E2 /* ArrivalCoreFramework.framework in Frameworks */,
				815FF1E7E878C49E4BF05432 /* Pods_Arrival_iOS2.framework in Frameworks */,
			);
			runOnlyForDeploymentPostprocessing = 0;
		};
/* End PBXFrameworksBuildPhase section */

/* Begin PBXGroup section */
		343B3AF725095ACA0022289A /* Train Trip View */ = {
			isa = PBXGroup;
			children = (
				347E7B17250E874900D3E1E2 /* TrainsViewNoScroll.swift */,
				34166DD825084F0B0054980C /* TripDetailView.swift */,
				34166DD42508428C0054980C /* TripsView.swift */,
				34166DD62508435A0054980C /* TrainsView.swift */,
				34166DE225089E5D0054980C /* NoTrains.swift */,
				345A7464250D683E00A0F8D7 /* TripsViewNoScroll.swift */,
			);
			path = "Train Trip View";
			sourceTree = "<group>";
		};
		343B3AF825095AEB0022289A /* Trip Components */ = {
			isa = PBXGroup;
			children = (
				34166DDA250873DD0054980C /* TripLegCard.swift */,
				34166DDC250874160054980C /* TripTransferWinfowView.swift */,
			);
			path = "Trip Components";
			sourceTree = "<group>";
		};
		343B3AF925095B060022289A /* Train components */ = {
			isa = PBXGroup;
			children = (
				34DB0D1B25045C4500BF8401 /* TrainCard.swift */,
			);
			path = "Train components";
			sourceTree = "<group>";
		};
		343B3AFA25095B100022289A /* Skeleton Train Screen */ = {
			isa = PBXGroup;
			children = (
				34166DDE2508928E0054980C /* SkeletonTrainCard.swift */,
				34166DE0250894990054980C /* SkeletonLoading.swift */,
			);
			path = "Skeleton Train Screen";
			sourceTree = "<group>";
		};
		3463C1A025068E0B0043F66F /* Screens */ = {
			isa = PBXGroup;
			children = (
				343B3AF725095ACA0022289A /* Train Trip View */,
				C54AD4A425069D2D00B653C1 /* OnBoarding */,
				34DB0D0F25043BDB00BF8401 /* Loading.swift */,
				3482DD5C2507F1E600C2B8A2 /* Settings */,
				3463C1A325068E460043F66F /* Home */,
				3463C1A425068E5D0043F66F /* Station Chooser */,
				3463C1A225068E330043F66F /* Time Selector */,
			);
			path = Screens;
			sourceTree = "<group>";
		};
		3463C1A125068E240043F66F /* Components */ = {
			isa = PBXGroup;
			children = (
				343B3AFA25095B100022289A /* Skeleton Train Screen */,
				343B3AF925095B060022289A /* Train components */,
				343B3AF825095AEB0022289A /* Trip Components */,
				C55EDBF72506A71300E45272 /* ActivityIndicator.swift */,
				C5A45BC62506A1D200E7993E /* TOS.swift */,
				3481782125058A1F008C5F09 /* StyledButton.swift */,
				34DB0D212504796300BF8401 /* SearchBar.swift */,
				341DEBBE2509D8AE00C2E66B /* ShareSheet.swift */,
				345A7468250D863300A0F8D7 /* NotificationCard.swift */,
				345A746A250D922600A0F8D7 /* ImageLoader.swift */,
				345A746C250D925400A0F8D7 /* RemoteImage.swift */,
			);
			path = Components;
			sourceTree = "<group>";
		};
		3463C1A225068E330043F66F /* Time Selector */ = {
			isa = PBXGroup;
			children = (
				3401C40725055E2C0032906E /* TimeOptions.swift */,
				3481781F25056FAD008C5F09 /* TimeOption.swift */,
			);
			path = "Time Selector";
			sourceTree = "<group>";
		};
		3463C1A325068E460043F66F /* Home */ = {
			isa = PBXGroup;
			children = (
				34DB0D192504547B00BF8401 /* AlertView.swift */,
				34DB0D1525044A9300BF8401 /* StationChooserBar.swift */,
				34DB0D1725044FFC00BF8401 /* HomeScreenHeader.swift */,
				C559C1842506BEBD00EF70B4 /* PleaseChooseFromStation.swift */,
				341296C9250DB16D0053DF82 /* NetworkAlert.swift */,
			);
			path = Home;
			sourceTree = "<group>";
		};
		3463C1A425068E5D0043F66F /* Station Chooser */ = {
			isa = PBXGroup;
			children = (
				34DB0D1F2504782100BF8401 /* StationChooser.swift */,
				34DB0D26250483FB00BF8401 /* StationCard.swift */,
			);
			path = "Station Chooser";
			sourceTree = "<group>";
		};
		347E7AD5250E85B300D3E1E2 /* ArrivalCoreFramework */ = {
			isa = PBXGroup;
			children = (
				345E63E9250C547E00272B78 /* Intents.intentdefinition */,
				34ACF58A2502A3B400D56C0C /* ArrivalCore */,
				347E7AD6250E85B300D3E1E2 /* ArrivalCoreFramework.h */,
				347E7AD7250E85B300D3E1E2 /* Info.plist */,
			);
			path = ArrivalCoreFramework;
			sourceTree = "<group>";
		};
		3482DD5C2507F1E600C2B8A2 /* Settings */ = {
			isa = PBXGroup;
			children = (
				347E7B15250E871800D3E1E2 /* SettingsHeader.swift */,
			);
			path = Settings;
			sourceTree = "<group>";
		};
		34ACF58A2502A3B400D56C0C /* ArrivalCore */ = {
			isa = PBXGroup;
			children = (
				C59430F02506EA9C00296278 /* Frameworks */,
				34DB0D232504806100BF8401 /* MockupData.swift */,
				34DB0D0E250439F500BF8401 /* Utils */,
				34DB0D0D250439E300BF8401 /* Services */,
				34DB0D082504082900BF8401 /* Models */,
				34DB0D1125043BE100BF8401 /* Views */,
			);
			path = ArrivalCore;
			sourceTree = "<group>";
		};
		34DB0D082504082900BF8401 /* Models */ = {
			isa = PBXGroup;
			children = (
				340D9E1225035671008878E4 /* Station Model.swift */,
				C559C1862506CC5C00EF70B4 /* ToStationEvent.swift */,
				34DB0D062504015000BF8401 /* TrainModel.swift */,
				34DB0D0925041E6800BF8401 /* TripModel.swift */,
				C59430EA2506E1EA00296278 /* ConfigModel.swift */,
				C59430F3250706AE00296278 /* AppStates.swift */,
				C59430F5250706C400296278 /* TripTimeModel.swift */,
			);
			path = Models;
			sourceTree = "<group>";
		};
		34DB0D0D250439E300BF8401 /* Services */ = {
			isa = PBXGroup;
			children = (
				34ACF58B2502A40100D56C0C /* ApiService.swift */,
				C55EDBF92506B43900E45272 /* StationService.swift */,
				C59430F12506EAB100296278 /* MLService.swift */,
				3463C1A52507154D0043F66F /* TimeService.swift */,
				34166DD2250803150054980C /* TrainsService.swift */,
				341DEBBC2509D38000C2E66B /* LinkService.swift */,
			);
			path = Services;
			sourceTree = "<group>";
		};
		34DB0D0E250439F500BF8401 /* Utils */ = {
			isa = PBXGroup;
			children = (
				34DB0D0B2504282000BF8401 /* TimeUtils.swift */,
				34DB0D1D250460DB00BF8401 /* ColorUtils.swift */,
				34713931250C732300E485C2 /* IntentUtils.swift */,
			);
			path = Utils;
			sourceTree = "<group>";
		};
		34DB0D1125043BE100BF8401 /* Views */ = {
			isa = PBXGroup;
			children = (
				3463C1A025068E0B0043F66F /* Screens */,
				3463C1A125068E240043F66F /* Components */,
			);
			path = Views;
			sourceTree = "<group>";
		};
		5C54F1D8772CCE96550EBCBD /* Frameworks */ = {
			isa = PBXGroup;
			children = (
				34890208250A9E3A00F4811D /* WidgetKit.framework */,
				3489020A250A9E3A00F4811D /* SwiftUI.framework */,
				20B8FFCBDECE96070ADAFBFB /* Pods_widgetExtension.framework */,
				3C95509C1B527B4773F827F0 /* Pods_ArrivalCoreFramework.framework */,
				48507E074B87AA09384BB948 /* Pods_Arrival_iOS2.framework */,
			);
			name = Frameworks;
			sourceTree = "<group>";
		};
		839595E0F6499434F5CD83EF /* Pods */ = {
			isa = PBXGroup;
			children = (
				EB60C6AEE0BC200A8F66B04C /* Pods-widgetExtension.debug.xcconfig */,
				C3F4157A534AE9B2ACD77C57 /* Pods-widgetExtension.release.xcconfig */,
				6852C534350BB9790C1A374A /* Pods-ArrivalCoreFramework.debug.xcconfig */,
				0144E4D517153082C51603EC /* Pods-ArrivalCoreFramework.release.xcconfig */,
				24514DF8795111A8598639AC /* Pods-Arrival-iOS2.debug.xcconfig */,
				A6AD10B8EC7ADD66432CD8CC /* Pods-Arrival-iOS2.release.xcconfig */,
			);
			path = Pods;
			sourceTree = "<group>";
		};
		C54AD4A425069D2D00B653C1 /* OnBoarding */ = {
			isa = PBXGroup;
			children = (
				C5B706422506A2E100953108 /* OnBoarding.swift */,
				C54AD4A525069D3C00B653C1 /* Welcome.swift */,
				C560522825069EC70026A555 /* LowDataUsage.swift */,
				C560522A2506A02A0026A555 /* SmartSuggestions.swift */,
				C560522C2506A0E30026A555 /* Anonymous.swift */,
			);
			path = OnBoarding;
			sourceTree = "<group>";
		};
		C58F247523CC1438003882F3 = {
			isa = PBXGroup;
			children = (
				347E7AD5250E85B300D3E1E2 /* ArrivalCoreFramework */,
				C58F248023CC1438003882F3 /* Arrival-iOS2 */,
				C58F247F23CC1438003882F3 /* Products */,
				839595E0F6499434F5CD83EF /* Pods */,
				5C54F1D8772CCE96550EBCBD /* Frameworks */,
			);
			sourceTree = "<group>";
		};
		C58F247F23CC1438003882F3 /* Products */ = {
			isa = PBXGroup;
			children = (
				C58F247E23CC1438003882F3 /* Arrival.app */,
				347E7AD4250E85B300D3E1E2 /* ArrivalCoreFramework.framework */,
			);
			name = Products;
			sourceTree = "<group>";
		};
		C58F248023CC1438003882F3 /* Arrival-iOS2 */ = {
			isa = PBXGroup;
			children = (
				C59430EC2506E5AB00296278 /* RemoteConfigDefaults.plist */,
				C58F248A23CC143A003882F3 /* Assets.xcassets */,
				C5751DA523F702F70071F224 /* Arrival.entitlements */,
				C58F248123CC1438003882F3 /* AppDelegate.swift */,
				C58F248323CC1438003882F3 /* SceneDelegate.swift */,
				C58F248823CC1438003882F3 /* ContentView.swift */,
				34DB0D132504484C00BF8401 /* HomeScreen.swift */,
				3482DD582507F08D00C2B8A2 /* SettingsScreen.swift */,
				C54AD4A0250695AE00B653C1 /* AppState.swift */,
				C58F248F23CC143A003882F3 /* LaunchScreen.storyboard */,
				C58F249223CC143A003882F3 /* Info.plist */,
				C58F248523CC1438003882F3 /* Arrival_iOS2.xcdatamodeld */,
				C58F248C23CC143A003882F3 /* Preview Content */,
				C55BC25B23EE7FCB008E12AB /* GoogleService-Info.plist */,
				345A7462250D680B00A0F8D7 /* ScrollContentView.swift */,
			);
			path = "Arrival-iOS2";
			sourceTree = "<group>";
		};
		C58F248C23CC143A003882F3 /* Preview Content */ = {
			isa = PBXGroup;
			children = (
				C58F248D23CC143A003882F3 /* Preview Assets.xcassets */,
			);
			path = "Preview Content";
			sourceTree = "<group>";
		};
		C59430F02506EA9C00296278 /* Frameworks */ = {
			isa = PBXGroup;
			children = (
				C59430EE2506EA7E00296278 /* KNN.swift */,
			);
			path = Frameworks;
			sourceTree = "<group>";
		};
/* End PBXGroup section */

/* Begin PBXHeadersBuildPhase section */
		347E7ACF250E85B300D3E1E2 /* Headers */ = {
			isa = PBXHeadersBuildPhase;
			buildActionMask = 2147483647;
			files = (
				347E7AD8250E85B300D3E1E2 /* ArrivalCoreFramework.h in Headers */,
			);
			runOnlyForDeploymentPostprocessing = 0;
		};
/* End PBXHeadersBuildPhase section */

/* Begin PBXNativeTarget section */
		347E7AD3250E85B300D3E1E2 /* ArrivalCoreFramework */ = {
			isa = PBXNativeTarget;
			buildConfigurationList = 347E7ADF250E85B300D3E1E2 /* Build configuration list for PBXNativeTarget "ArrivalCoreFramework" */;
			buildPhases = (
				DF04937D107528ADD7DB03F5 /* [CP] Check Pods Manifest.lock */,
				347E7ACF250E85B300D3E1E2 /* Headers */,
				347E7AD0250E85B300D3E1E2 /* Sources */,
				347E7AD1250E85B300D3E1E2 /* Frameworks */,
				347E7AD2250E85B300D3E1E2 /* Resources */,
				3469D318250F0B68004BB27F /* Embed Frameworks */,
			);
			buildRules = (
			);
			dependencies = (
			);
			name = ArrivalCoreFramework;
			productName = ArrivalCoreFramework;
			productReference = 347E7AD4250E85B300D3E1E2 /* ArrivalCoreFramework.framework */;
			productType = "com.apple.product-type.framework";
		};
		C58F247D23CC1438003882F3 /* Arrival-iOS2 */ = {
			isa = PBXNativeTarget;
			buildConfigurationList = C58F24A023CC143A003882F3 /* Build configuration list for PBXNativeTarget "Arrival-iOS2" */;
			buildPhases = (
				6D8B0FF4DE77A8087333AF2E /* [CP] Check Pods Manifest.lock */,
				C58F247A23CC1438003882F3 /* Sources */,
				C58F247B23CC1438003882F3 /* Frameworks */,
				C58F247C23CC1438003882F3 /* Resources */,
				34890217250A9E3C00F4811D /* Embed App Extensions */,
				345E63C0250BD77F00272B78 /* Embed Frameworks */,
				25041300CC67D86AA9B39F62 /* [CP] Embed Pods Frameworks */,
			);
			buildRules = (
			);
			dependencies = (
				347E7ADA250E85B300D3E1E2 /* PBXTargetDependency */,
			);
			name = "Arrival-iOS2";
			productName = "Arrival-iOS2";
			productReference = C58F247E23CC1438003882F3 /* Arrival.app */;
			productType = "com.apple.product-type.application";
		};
/* End PBXNativeTarget section */

/* Begin PBXProject section */
		C58F247623CC1438003882F3 /* Project object */ = {
			isa = PBXProject;
			attributes = {
				LastSwiftUpdateCheck = 1200;
				LastUpgradeCheck = 1130;
				ORGANIZATIONNAME = "Stomp Rocket";
				TargetAttributes = {
					347E7AD3250E85B300D3E1E2 = {
						CreatedOnToolsVersion = 12.0;
					};
					C58F247D23CC1438003882F3 = {
						CreatedOnToolsVersion = 11.3;
					};
				};
			};
			buildConfigurationList = C58F247923CC1438003882F3 /* Build configuration list for PBXProject "Arrival-iOS2" */;
			compatibilityVersion = "Xcode 9.3";
			developmentRegion = en;
			hasScannedForEncodings = 0;
			knownRegions = (
				en,
				Base,
			);
			mainGroup = C58F247523CC1438003882F3;
			productRefGroup = C58F247F23CC1438003882F3 /* Products */;
			projectDirPath = "";
			projectRoot = "";
			targets = (
				C58F247D23CC1438003882F3 /* Arrival-iOS2 */,
				347E7AD3250E85B300D3E1E2 /* ArrivalCoreFramework */,
			);
		};
/* End PBXProject section */

/* Begin PBXResourcesBuildPhase section */
		347E7AD2250E85B300D3E1E2 /* Resources */ = {
			isa = PBXResourcesBuildPhase;
			buildActionMask = 2147483647;
			files = (
				3469D312250EEEFA004BB27F /* GoogleService-Info.plist in Resources */,
			);
			runOnlyForDeploymentPostprocessing = 0;
		};
		C58F247C23CC1438003882F3 /* Resources */ = {
			isa = PBXResourcesBuildPhase;
			buildActionMask = 2147483647;
			files = (
				C59430ED2506E5AB00296278 /* RemoteConfigDefaults.plist in Resources */,
				340D38CB245A1DBF00EDE8DD /* Arrival_iOS2.xcdatamodeld in Resources */,
				C58F249123CC143A003882F3 /* LaunchScreen.storyboard in Resources */,
				C55BC25C23EE7FCC008E12AB /* GoogleService-Info.plist in Resources */,
				C58F248E23CC143A003882F3 /* Preview Assets.xcassets in Resources */,
				34DB0D1225043C0700BF8401 /* Assets.xcassets in Resources */,
			);
			runOnlyForDeploymentPostprocessing = 0;
		};
/* End PBXResourcesBuildPhase section */

/* Begin PBXShellScriptBuildPhase section */
		25041300CC67D86AA9B39F62 /* [CP] Embed Pods Frameworks */ = {
			isa = PBXShellScriptBuildPhase;
			buildActionMask = 2147483647;
			files = (
			);
			inputFileListPaths = (
				"${PODS_ROOT}/Target Support Files/Pods-Arrival-iOS2/Pods-Arrival-iOS2-frameworks-${CONFIGURATION}-input-files.xcfilelist",
			);
			name = "[CP] Embed Pods Frameworks";
			outputFileListPaths = (
				"${PODS_ROOT}/Target Support Files/Pods-Arrival-iOS2/Pods-Arrival-iOS2-frameworks-${CONFIGURATION}-output-files.xcfilelist",
			);
			runOnlyForDeploymentPostprocessing = 0;
			shellPath = /bin/sh;
			shellScript = "\"${PODS_ROOT}/Target Support Files/Pods-Arrival-iOS2/Pods-Arrival-iOS2-frameworks.sh\"\n";
			showEnvVarsInLog = 0;
		};
		6D8B0FF4DE77A8087333AF2E /* [CP] Check Pods Manifest.lock */ = {
			isa = PBXShellScriptBuildPhase;
			buildActionMask = 2147483647;
			files = (
			);
			inputFileListPaths = (
			);
			inputPaths = (
				"${PODS_PODFILE_DIR_PATH}/Podfile.lock",
				"${PODS_ROOT}/Manifest.lock",
			);
			name = "[CP] Check Pods Manifest.lock";
			outputFileListPaths = (
			);
			outputPaths = (
				"$(DERIVED_FILE_DIR)/Pods-Arrival-iOS2-checkManifestLockResult.txt",
			);
			runOnlyForDeploymentPostprocessing = 0;
			shellPath = /bin/sh;
			shellScript = "diff \"${PODS_PODFILE_DIR_PATH}/Podfile.lock\" \"${PODS_ROOT}/Manifest.lock\" > /dev/null\nif [ $? != 0 ] ; then\n    # print error to STDERR\n    echo \"error: The sandbox is not in sync with the Podfile.lock. Run 'pod install' or update your CocoaPods installation.\" >&2\n    exit 1\nfi\n# This output is used by Xcode 'outputs' to avoid re-running this script phase.\necho \"SUCCESS\" > \"${SCRIPT_OUTPUT_FILE_0}\"\n";
			showEnvVarsInLog = 0;
		};
		DF04937D107528ADD7DB03F5 /* [CP] Check Pods Manifest.lock */ = {
			isa = PBXShellScriptBuildPhase;
			buildActionMask = 2147483647;
			files = (
			);
			inputFileListPaths = (
			);
			inputPaths = (
				"${PODS_PODFILE_DIR_PATH}/Podfile.lock",
				"${PODS_ROOT}/Manifest.lock",
			);
			name = "[CP] Check Pods Manifest.lock";
			outputFileListPaths = (
			);
			outputPaths = (
				"$(DERIVED_FILE_DIR)/Pods-ArrivalCoreFramework-checkManifestLockResult.txt",
			);
			runOnlyForDeploymentPostprocessing = 0;
			shellPath = /bin/sh;
			shellScript = "diff \"${PODS_PODFILE_DIR_PATH}/Podfile.lock\" \"${PODS_ROOT}/Manifest.lock\" > /dev/null\nif [ $? != 0 ] ; then\n    # print error to STDERR\n    echo \"error: The sandbox is not in sync with the Podfile.lock. Run 'pod install' or update your CocoaPods installation.\" >&2\n    exit 1\nfi\n# This output is used by Xcode 'outputs' to avoid re-running this script phase.\necho \"SUCCESS\" > \"${SCRIPT_OUTPUT_FILE_0}\"\n";
			showEnvVarsInLog = 0;
		};
/* End PBXShellScriptBuildPhase section */

/* Begin PBXSourcesBuildPhase section */
		347E7AD0250E85B300D3E1E2 /* Sources */ = {
			isa = PBXSourcesBuildPhase;
			buildActionMask = 2147483647;
			files = (
				347E7B13250E867500D3E1E2 /* TripTransferWinfowView.swift in Sources */,
				347E7AF4250E864C00D3E1E2 /* TrainsView.swift in Sources */,
				347E7B0E250E866B00D3E1E2 /* NotificationCard.swift in Sources */,
				347E7AE1250E862D00D3E1E2 /* MockupData.swift in Sources */,
				347E7AE4250E863400D3E1E2 /* TimeUtils.swift in Sources */,
				347E7B04250E866000D3E1E2 /* StationCard.swift in Sources */,
				347E7B11250E867500D3E1E2 /* TripLegCard.swift in Sources */,
				347E7AF1250E863F00D3E1E2 /* TripModel.swift in Sources */,
				347E7AEE250E863F00D3E1E2 /* TrainModel.swift in Sources */,
				347E7B06250E866500D3E1E2 /* TimeOption.swift in Sources */,
				347E7AEF250E863F00D3E1E2 /* ConfigModel.swift in Sources */,
				347E7B01250E865A00D3E1E2 /* HomeScreenHeader.swift in Sources */,
				347E7AE6250E863800D3E1E2 /* TrainsService.swift in Sources */,
				347E7AF6250E864C00D3E1E2 /* LowDataUsage.swift in Sources */,
				347E7B18250E874900D3E1E2 /* TrainsViewNoScroll.swift in Sources */,
				347E7AF5250E864C00D3E1E2 /* NoTrains.swift in Sources */,
				347E7AF9250E864C00D3E1E2 /* Anonymous.swift in Sources */,
				347E7AED250E863F00D3E1E2 /* Station Model.swift in Sources */,
				347E7B0B250E866B00D3E1E2 /* RemoteImage.swift in Sources */,
				347E7AFC250E864C00D3E1E2 /* TripsView.swift in Sources */,
				347E7AE0250E862900D3E1E2 /* KNN.swift in Sources */,
				347E7B00250E865A00D3E1E2 /* AlertView.swift in Sources */,
				347E7AE7250E863800D3E1E2 /* TimeService.swift in Sources */,
				347E7AFF250E865A00D3E1E2 /* NetworkAlert.swift in Sources */,
				347E7AEC250E863F00D3E1E2 /* TripTimeModel.swift in Sources */,
				347E7AE8250E863800D3E1E2 /* LinkService.swift in Sources */,
				347E7B16250E871800D3E1E2 /* SettingsHeader.swift in Sources */,
				347E7B09250E866B00D3E1E2 /* TOS.swift in Sources */,
				347E7B03250E866000D3E1E2 /* StationChooser.swift in Sources */,
				347E7B02250E865A00D3E1E2 /* PleaseChooseFromStation.swift in Sources */,
				347E7B19250E875900D3E1E2 /* Intents.intentdefinition in Sources */,
				347E7B08250E866B00D3E1E2 /* ShareSheet.swift in Sources */,
				347E7AFB250E864C00D3E1E2 /* TripsViewNoScroll.swift in Sources */,
				347E7AF8250E864C00D3E1E2 /* OnBoarding.swift in Sources */,
				347E7B0A250E866B00D3E1E2 /* ImageLoader.swift in Sources */,
				347E7AEA250E863800D3E1E2 /* ApiService.swift in Sources */,
				347E7AFE250E865A00D3E1E2 /* StationChooserBar.swift in Sources */,
				347E7AE2250E863400D3E1E2 /* IntentUtils.swift in Sources */,
				347E7AE5250E863800D3E1E2 /* MLService.swift in Sources */,
				347E7AF2250E864C00D3E1E2 /* Welcome.swift in Sources */,
				347E7AFA250E864C00D3E1E2 /* TripDetailView.swift in Sources */,
				347E7AE9250E863800D3E1E2 /* StationService.swift in Sources */,
				347E7AE3250E863400D3E1E2 /* ColorUtils.swift in Sources */,
				347E7B05250E866500D3E1E2 /* TimeOptions.swift in Sources */,
				347E7B0D250E866B00D3E1E2 /* SearchBar.swift in Sources */,
				347E7AF0250E863F00D3E1E2 /* ToStationEvent.swift in Sources */,
				347E7B07250E866B00D3E1E2 /* ActivityIndicator.swift in Sources */,
				347E7AEB250E863F00D3E1E2 /* AppStates.swift in Sources */,
				347E7B0C250E866B00D3E1E2 /* StyledButton.swift in Sources */,
				347E7B12250E867500D3E1E2 /* TrainCard.swift in Sources */,
				347E7AF7250E864C00D3E1E2 /* Loading.swift in Sources */,
				347E7B10250E867500D3E1E2 /* SkeletonLoading.swift in Sources */,
				347E7AF3250E864C00D3E1E2 /* SmartSuggestions.swift in Sources */,
				347E7B0F250E867500D3E1E2 /* SkeletonTrainCard.swift in Sources */,
			);
			runOnlyForDeploymentPostprocessing = 0;
		};
		C58F247A23CC1438003882F3 /* Sources */ = {
			isa = PBXSourcesBuildPhase;
			buildActionMask = 2147483647;
			files = (
				C58F248223CC1438003882F3 /* AppDelegate.swift in Sources */,
				C58F248923CC1438003882F3 /* ContentView.swift in Sources */,
				3482DD592507F08D00C2B8A2 /* SettingsScreen.swift in Sources */,
				34DB0D142504484C00BF8401 /* HomeScreen.swift in Sources */,
				C54AD4A1250695AE00B653C1 /* AppState.swift in Sources */,
				345A7463250D680B00A0F8D7 /* ScrollContentView.swift in Sources */,
				C58F248423CC1438003882F3 /* SceneDelegate.swift in Sources */,
			);
			runOnlyForDeploymentPostprocessing = 0;
		};
/* End PBXSourcesBuildPhase section */

/* Begin PBXTargetDependency section */
		347E7ADA250E85B300D3E1E2 /* PBXTargetDependency */ = {
			isa = PBXTargetDependency;
			target = 347E7AD3250E85B300D3E1E2 /* ArrivalCoreFramework */;
			targetProxy = 347E7AD9250E85B300D3E1E2 /* PBXContainerItemProxy */;
		};
/* End PBXTargetDependency section */

/* Begin PBXVariantGroup section */
		C58F248F23CC143A003882F3 /* LaunchScreen.storyboard */ = {
			isa = PBXVariantGroup;
			children = (
				C58F249023CC143A003882F3 /* Base */,
			);
			name = LaunchScreen.storyboard;
			sourceTree = "<group>";
		};
/* End PBXVariantGroup section */

/* Begin XCBuildConfiguration section */
		347E7ADD250E85B300D3E1E2 /* Debug */ = {
			isa = XCBuildConfiguration;
			baseConfigurationReference = 6852C534350BB9790C1A374A /* Pods-ArrivalCoreFramework.debug.xcconfig */;
			buildSettings = {
				CLANG_WARN_QUOTED_INCLUDE_IN_FRAMEWORK_HEADER = YES;
				CODE_SIGN_STYLE = Automatic;
				CURRENT_PROJECT_VERSION = 1;
				DEBUG_INFORMATION_FORMAT = dwarf;
				DEFINES_MODULE = YES;
				DEVELOPMENT_TEAM = 7M5JDZSYX7;
				DYLIB_COMPATIBILITY_VERSION = 1;
				DYLIB_CURRENT_VERSION = 1;
				DYLIB_INSTALL_NAME_BASE = "@rpath";
				INFOPLIST_FILE = ArrivalCoreFramework/Info.plist;
				INSTALL_PATH = "$(LOCAL_LIBRARY_DIR)/Frameworks";
				IPHONEOS_DEPLOYMENT_TARGET = 13.2;
				LD_RUNPATH_SEARCH_PATHS = (
					"$(inherited)",
					"@executable_path/Frameworks",
					"@loader_path/Frameworks",
				);
				PRODUCT_BUNDLE_IDENTIFIER = com.ronanfuruta.ArrivalCoreFramework;
				PRODUCT_NAME = "$(TARGET_NAME:c99extidentifier)";
				SKIP_INSTALL = YES;
				SUPPORTS_MACCATALYST = NO;
				SWIFT_VERSION = 5.0;
				TARGETED_DEVICE_FAMILY = "1,2";
				VERSIONING_SYSTEM = "apple-generic";
				VERSION_INFO_PREFIX = "";
			};
			name = Debug;
		};
		347E7ADE250E85B300D3E1E2 /* Release */ = {
			isa = XCBuildConfiguration;
			baseConfigurationReference = 0144E4D517153082C51603EC /* Pods-ArrivalCoreFramework.release.xcconfig */;
			buildSettings = {
				CLANG_WARN_QUOTED_INCLUDE_IN_FRAMEWORK_HEADER = YES;
				CODE_SIGN_STYLE = Automatic;
				CURRENT_PROJECT_VERSION = 1;
				DEFINES_MODULE = YES;
				DEVELOPMENT_TEAM = 7M5JDZSYX7;
				DYLIB_COMPATIBILITY_VERSION = 1;
				DYLIB_CURRENT_VERSION = 1;
				DYLIB_INSTALL_NAME_BASE = "@rpath";
				INFOPLIST_FILE = ArrivalCoreFramework/Info.plist;
				INSTALL_PATH = "$(LOCAL_LIBRARY_DIR)/Frameworks";
				IPHONEOS_DEPLOYMENT_TARGET = 13.2;
				LD_RUNPATH_SEARCH_PATHS = (
					"$(inherited)",
					"@executable_path/Frameworks",
					"@loader_path/Frameworks",
				);
				PRODUCT_BUNDLE_IDENTIFIER = com.ronanfuruta.ArrivalCoreFramework;
				PRODUCT_NAME = "$(TARGET_NAME:c99extidentifier)";
				SKIP_INSTALL = YES;
				SUPPORTS_MACCATALYST = NO;
				SWIFT_VERSION = 5.0;
				TARGETED_DEVICE_FAMILY = "1,2";
				VERSIONING_SYSTEM = "apple-generic";
				VERSION_INFO_PREFIX = "";
			};
			name = Release;
		};
		C58F249E23CC143A003882F3 /* Debug */ = {
			isa = XCBuildConfiguration;
			buildSettings = {
				ALWAYS_SEARCH_USER_PATHS = NO;
				CLANG_ANALYZER_NONNULL = YES;
				CLANG_ANALYZER_NUMBER_OBJECT_CONVERSION = YES_AGGRESSIVE;
				CLANG_CXX_LANGUAGE_STANDARD = "gnu++14";
				CLANG_CXX_LIBRARY = "libc++";
				CLANG_ENABLE_MODULES = YES;
				CLANG_ENABLE_OBJC_ARC = YES;
				CLANG_ENABLE_OBJC_WEAK = YES;
				CLANG_WARN_BLOCK_CAPTURE_AUTORELEASING = YES;
				CLANG_WARN_BOOL_CONVERSION = YES;
				CLANG_WARN_COMMA = YES;
				CLANG_WARN_CONSTANT_CONVERSION = YES;
				CLANG_WARN_DEPRECATED_OBJC_IMPLEMENTATIONS = YES;
				CLANG_WARN_DIRECT_OBJC_ISA_USAGE = YES_ERROR;
				CLANG_WARN_DOCUMENTATION_COMMENTS = YES;
				CLANG_WARN_EMPTY_BODY = YES;
				CLANG_WARN_ENUM_CONVERSION = YES;
				CLANG_WARN_INFINITE_RECURSION = YES;
				CLANG_WARN_INT_CONVERSION = YES;
				CLANG_WARN_NON_LITERAL_NULL_CONVERSION = YES;
				CLANG_WARN_OBJC_IMPLICIT_RETAIN_SELF = YES;
				CLANG_WARN_OBJC_LITERAL_CONVERSION = YES;
				CLANG_WARN_OBJC_ROOT_CLASS = YES_ERROR;
				CLANG_WARN_RANGE_LOOP_ANALYSIS = YES;
				CLANG_WARN_STRICT_PROTOTYPES = YES;
				CLANG_WARN_SUSPICIOUS_MOVE = YES;
				CLANG_WARN_UNGUARDED_AVAILABILITY = YES_AGGRESSIVE;
				CLANG_WARN_UNREACHABLE_CODE = YES;
				CLANG_WARN__DUPLICATE_METHOD_MATCH = YES;
				COPY_PHASE_STRIP = NO;
				DEBUG_INFORMATION_FORMAT = "dwarf-with-dsym";
				ENABLE_STRICT_OBJC_MSGSEND = YES;
				ENABLE_TESTABILITY = YES;
				GCC_C_LANGUAGE_STANDARD = gnu11;
				GCC_DYNAMIC_NO_PIC = NO;
				GCC_NO_COMMON_BLOCKS = YES;
				GCC_OPTIMIZATION_LEVEL = 0;
				GCC_PREPROCESSOR_DEFINITIONS = (
					"DEBUG=1",
					"$(inherited)",
				);
				GCC_WARN_64_TO_32_BIT_CONVERSION = YES;
				GCC_WARN_ABOUT_RETURN_TYPE = YES_ERROR;
				GCC_WARN_UNDECLARED_SELECTOR = YES;
				GCC_WARN_UNINITIALIZED_AUTOS = YES_AGGRESSIVE;
				GCC_WARN_UNUSED_FUNCTION = YES;
				GCC_WARN_UNUSED_VARIABLE = YES;
				IPHONEOS_DEPLOYMENT_TARGET = 13.2;
				MTL_ENABLE_DEBUG_INFO = INCLUDE_SOURCE;
				MTL_FAST_MATH = YES;
				ONLY_ACTIVE_ARCH = YES;
				SDKROOT = iphoneos;
				SWIFT_ACTIVE_COMPILATION_CONDITIONS = DEBUG;
				SWIFT_OPTIMIZATION_LEVEL = "-Onone";
			};
			name = Debug;
		};
		C58F249F23CC143A003882F3 /* Release */ = {
			isa = XCBuildConfiguration;
			buildSettings = {
				ALWAYS_SEARCH_USER_PATHS = NO;
				CLANG_ANALYZER_NONNULL = YES;
				CLANG_ANALYZER_NUMBER_OBJECT_CONVERSION = YES_AGGRESSIVE;
				CLANG_CXX_LANGUAGE_STANDARD = "gnu++14";
				CLANG_CXX_LIBRARY = "libc++";
				CLANG_ENABLE_MODULES = YES;
				CLANG_ENABLE_OBJC_ARC = YES;
				CLANG_ENABLE_OBJC_WEAK = YES;
				CLANG_WARN_BLOCK_CAPTURE_AUTORELEASING = YES;
				CLANG_WARN_BOOL_CONVERSION = YES;
				CLANG_WARN_COMMA = YES;
				CLANG_WARN_CONSTANT_CONVERSION = YES;
				CLANG_WARN_DEPRECATED_OBJC_IMPLEMENTATIONS = YES;
				CLANG_WARN_DIRECT_OBJC_ISA_USAGE = YES_ERROR;
				CLANG_WARN_DOCUMENTATION_COMMENTS = YES;
				CLANG_WARN_EMPTY_BODY = YES;
				CLANG_WARN_ENUM_CONVERSION = YES;
				CLANG_WARN_INFINITE_RECURSION = YES;
				CLANG_WARN_INT_CONVERSION = YES;
				CLANG_WARN_NON_LITERAL_NULL_CONVERSION = YES;
				CLANG_WARN_OBJC_IMPLICIT_RETAIN_SELF = YES;
				CLANG_WARN_OBJC_LITERAL_CONVERSION = YES;
				CLANG_WARN_OBJC_ROOT_CLASS = YES_ERROR;
				CLANG_WARN_RANGE_LOOP_ANALYSIS = YES;
				CLANG_WARN_STRICT_PROTOTYPES = YES;
				CLANG_WARN_SUSPICIOUS_MOVE = YES;
				CLANG_WARN_UNGUARDED_AVAILABILITY = YES_AGGRESSIVE;
				CLANG_WARN_UNREACHABLE_CODE = YES;
				CLANG_WARN__DUPLICATE_METHOD_MATCH = YES;
				COPY_PHASE_STRIP = NO;
				DEBUG_INFORMATION_FORMAT = "dwarf-with-dsym";
				ENABLE_NS_ASSERTIONS = NO;
				ENABLE_STRICT_OBJC_MSGSEND = YES;
				GCC_C_LANGUAGE_STANDARD = gnu11;
				GCC_NO_COMMON_BLOCKS = YES;
				GCC_WARN_64_TO_32_BIT_CONVERSION = YES;
				GCC_WARN_ABOUT_RETURN_TYPE = YES_ERROR;
				GCC_WARN_UNDECLARED_SELECTOR = YES;
				GCC_WARN_UNINITIALIZED_AUTOS = YES_AGGRESSIVE;
				GCC_WARN_UNUSED_FUNCTION = YES;
				GCC_WARN_UNUSED_VARIABLE = YES;
				IPHONEOS_DEPLOYMENT_TARGET = 13.2;
				MTL_ENABLE_DEBUG_INFO = NO;
				MTL_FAST_MATH = YES;
				SDKROOT = iphoneos;
				SWIFT_COMPILATION_MODE = wholemodule;
				SWIFT_OPTIMIZATION_LEVEL = "-O";
				VALIDATE_PRODUCT = YES;
			};
			name = Release;
		};
		C58F24A123CC143A003882F3 /* Debug */ = {
			isa = XCBuildConfiguration;
			baseConfigurationReference = 24514DF8795111A8598639AC /* Pods-Arrival-iOS2.debug.xcconfig */;
			buildSettings = {
				ALWAYS_EMBED_SWIFT_STANDARD_LIBRARIES = YES;
				ASSETCATALOG_COMPILER_APPICON_NAME = AppIcon;
				CODE_SIGN_ENTITLEMENTS = "Arrival-iOS2/Arrival.entitlements";
				CODE_SIGN_STYLE = Automatic;
				CURRENT_PROJECT_VERSION = 2020912;
				DEBUG_INFORMATION_FORMAT = "dwarf-with-dsym";
				DEVELOPMENT_ASSET_PATHS = "\"Arrival-iOS2/Preview Content\"";
				DEVELOPMENT_TEAM = 7M5JDZSYX7;
				ENABLE_PREVIEWS = YES;
				INFOPLIST_FILE = "Arrival-iOS2/Info.plist";
				LD_RUNPATH_SEARCH_PATHS = (
					"$(inherited)",
					"@executable_path/Frameworks",
				);
				MARKETING_VERSION = 2.1.1;
				PRODUCT_BUNDLE_IDENTIFIER = com.ronanfuruta.arrival;
				PRODUCT_NAME = Arrival;
				SWIFT_VERSION = 5.0;
				TARGETED_DEVICE_FAMILY = "1,2";
			};
			name = Debug;
		};
		C58F24A223CC143A003882F3 /* Release */ = {
			isa = XCBuildConfiguration;
			baseConfigurationReference = A6AD10B8EC7ADD66432CD8CC /* Pods-Arrival-iOS2.release.xcconfig */;
			buildSettings = {
				ALWAYS_EMBED_SWIFT_STANDARD_LIBRARIES = YES;
				ASSETCATALOG_COMPILER_APPICON_NAME = AppIcon;
				CODE_SIGN_ENTITLEMENTS = "Arrival-iOS2/Arrival.entitlements";
				CODE_SIGN_STYLE = Automatic;
				CURRENT_PROJECT_VERSION = 2020912;
				DEVELOPMENT_ASSET_PATHS = "\"Arrival-iOS2/Preview Content\"";
				DEVELOPMENT_TEAM = 7M5JDZSYX7;
				ENABLE_PREVIEWS = YES;
				INFOPLIST_FILE = "Arrival-iOS2/Info.plist";
				LD_RUNPATH_SEARCH_PATHS = (
					"$(inherited)",
					"@executable_path/Frameworks",
				);
				MARKETING_VERSION = 2.1.1;
				PRODUCT_BUNDLE_IDENTIFIER = com.ronanfuruta.arrival;
				PRODUCT_NAME = Arrival;
				SWIFT_VERSION = 5.0;
				TARGETED_DEVICE_FAMILY = "1,2";
			};
			name = Release;
		};
/* End XCBuildConfiguration section */

/* Begin XCConfigurationList section */
		347E7ADF250E85B300D3E1E2 /* Build configuration list for PBXNativeTarget "ArrivalCoreFramework" */ = {
			isa = XCConfigurationList;
			buildConfigurations = (
				347E7ADD250E85B300D3E1E2 /* Debug */,
				347E7ADE250E85B300D3E1E2 /* Release */,
			);
			defaultConfigurationIsVisible = 0;
			defaultConfigurationName = Release;
		};
		C58F247923CC1438003882F3 /* Build configuration list for PBXProject "Arrival-iOS2" */ = {
			isa = XCConfigurationList;
			buildConfigurations = (
				C58F249E23CC143A003882F3 /* Debug */,
				C58F249F23CC143A003882F3 /* Release */,
			);
			defaultConfigurationIsVisible = 0;
			defaultConfigurationName = Release;
		};
		C58F24A023CC143A003882F3 /* Build configuration list for PBXNativeTarget "Arrival-iOS2" */ = {
			isa = XCConfigurationList;
			buildConfigurations = (
				C58F24A123CC143A003882F3 /* Debug */,
				C58F24A223CC143A003882F3 /* Release */,
			);
			defaultConfigurationIsVisible = 0;
			defaultConfigurationName = Release;
		};
/* End XCConfigurationList section */

/* Begin XCVersionGroup section */
		C58F248523CC1438003882F3 /* Arrival_iOS2.xcdatamodeld */ = {
			isa = XCVersionGroup;
			children = (
				C58F248623CC1438003882F3 /* Arrival_iOS2.xcdatamodel */,
			);
			currentVersion = C58F248623CC1438003882F3 /* Arrival_iOS2.xcdatamodel */;
			path = Arrival_iOS2.xcdatamodeld;
			sourceTree = "<group>";
			versionGroupType = wrapper.xcdatamodel;
		};
/* End XCVersionGroup section */
	};
	rootObject = C58F247623CC1438003882F3 /* Project object */;
}
