// !$*UTF8*$!
{
	archiveVersion = 1;
	classes = {
	};
	objectVersion = 51;
	objects = {

/* Begin PBXBuildFile section */
		34AF24A823DFD00400E66C34 /* Train.swift in Sources */ = {isa = PBXBuildFile; fileRef = 34AF24A723DFD00400E66C34 /* Train.swift */; };
		34CD87F723EA8A24004F8024 /* SettingsView.swift in Sources */ = {isa = PBXBuildFile; fileRef = 34CD87F623EA8A24004F8024 /* SettingsView.swift */; };
		34EF38AF23CC23D4000DE4AF /* Colors.swift in Sources */ = {isa = PBXBuildFile; fileRef = 34EF38AE23CC23D4000DE4AF /* Colors.swift */; };
		34EF38B123CC2692000DE4AF /* HomeView.swift in Sources */ = {isa = PBXBuildFile; fileRef = 34EF38B023CC2692000DE4AF /* HomeView.swift */; };
		34EF38B323CC2AC1000DE4AF /* StationChooserView.swift in Sources */ = {isa = PBXBuildFile; fileRef = 34EF38B223CC2AC1000DE4AF /* StationChooserView.swift */; };
		64BB2D2FF3AB6F51B9399F08 /* Pods_Arrival_iOS2.framework in Frameworks */ = {isa = PBXBuildFile; fileRef = 74ACA5CF5B67BD66D8845E5D /* Pods_Arrival_iOS2.framework */; };
		C5166C3923F610AC001F0254 /* TermsOfSeriviceView.swift in Sources */ = {isa = PBXBuildFile; fileRef = C5166C3823F610AB001F0254 /* TermsOfSeriviceView.swift */; };
		C51B3EDD23ED26330021EBE0 /* KNearestNeighborsClassifier.swift in Sources */ = {isa = PBXBuildFile; fileRef = C51B3EDC23ED26330021EBE0 /* KNearestNeighborsClassifier.swift */; };
		C524E7B223FAEC87002BC9A5 /* moment.swift in Sources */ = {isa = PBXBuildFile; fileRef = C524E7B023FAEC85002BC9A5 /* moment.swift */; };
		C524E7B323FAEC87002BC9A5 /* moment-with-locales.min.js in Resources */ = {isa = PBXBuildFile; fileRef = C524E7B123FAEC86002BC9A5 /* moment-with-locales.min.js */; };
		C55640F723CF8439003BCB91 /* AppData.swift in Sources */ = {isa = PBXBuildFile; fileRef = C55640F623CF8438003BCB91 /* AppData.swift */; };
		C55BC25C23EE7FCC008E12AB /* GoogleService-Info.plist in Resources */ = {isa = PBXBuildFile; fileRef = C55BC25B23EE7FCB008E12AB /* GoogleService-Info.plist */; };
		C5612DCD23FE3B59002A8E20 /* Helpers.swift in Sources */ = {isa = PBXBuildFile; fileRef = C5612DCC23FE3B58002A8E20 /* Helpers.swift */; };
		C568C40023D8B99400AB9E67 /* Station.swift in Sources */ = {isa = PBXBuildFile; fileRef = C568C3FF23D8B99400AB9E67 /* Station.swift */; };
		C568C40423D95FA000AB9E67 /* LoadingView.swift in Sources */ = {isa = PBXBuildFile; fileRef = C568C40323D95FA000AB9E67 /* LoadingView.swift */; };
		C568C40623D95FA800AB9E67 /* LoginView.swift in Sources */ = {isa = PBXBuildFile; fileRef = C568C40523D95FA800AB9E67 /* LoginView.swift */; };
		C58F248223CC1438003882F3 /* AppDelegate.swift in Sources */ = {isa = PBXBuildFile; fileRef = C58F248123CC1438003882F3 /* AppDelegate.swift */; };
		C58F248423CC1438003882F3 /* SceneDelegate.swift in Sources */ = {isa = PBXBuildFile; fileRef = C58F248323CC1438003882F3 /* SceneDelegate.swift */; };
		C58F248723CC1438003882F3 /* Arrival_iOS2.xcdatamodeld in Sources */ = {isa = PBXBuildFile; fileRef = C58F248523CC1438003882F3 /* Arrival_iOS2.xcdatamodeld */; };
		C58F248923CC1438003882F3 /* ContentView.swift in Sources */ = {isa = PBXBuildFile; fileRef = C58F248823CC1438003882F3 /* ContentView.swift */; };
		C58F248B23CC143A003882F3 /* Assets.xcassets in Resources */ = {isa = PBXBuildFile; fileRef = C58F248A23CC143A003882F3 /* Assets.xcassets */; };
		C58F248E23CC143A003882F3 /* Preview Assets.xcassets in Resources */ = {isa = PBXBuildFile; fileRef = C58F248D23CC143A003882F3 /* Preview Assets.xcassets */; };
		C58F249123CC143A003882F3 /* LaunchScreen.storyboard in Resources */ = {isa = PBXBuildFile; fileRef = C58F248F23CC143A003882F3 /* LaunchScreen.storyboard */; };
		C58F24A723CC14D1003882F3 /* TrainView.swift in Sources */ = {isa = PBXBuildFile; fileRef = C58F24A623CC14D1003882F3 /* TrainView.swift */; };
		C5A517A523CCED0F003E616E /* TrainComponent.swift in Sources */ = {isa = PBXBuildFile; fileRef = C5A517A423CCED0F003E616E /* TrainComponent.swift */; };
		C5A9B79D23F5C3BD004E8C5C /* RemoteConfigDefaults.plist in Resources */ = {isa = PBXBuildFile; fileRef = C5A9B79C23F5C3BD004E8C5C /* RemoteConfigDefaults.plist */; };
		C5B5A53723FA62B00046CCF5 /* TripComponentView.swift in Sources */ = {isa = PBXBuildFile; fileRef = C5B5A53523FA62B00046CCF5 /* TripComponentView.swift */; };
		C5B5A53823FA62B00046CCF5 /* TripDetailView.swift in Sources */ = {isa = PBXBuildFile; fileRef = C5B5A53623FA62B00046CCF5 /* TripDetailView.swift */; };
		C5B5A53A23FA642D0046CCF5 /* TripWaitTimeView.swift in Sources */ = {isa = PBXBuildFile; fileRef = C5B5A53923FA642D0046CCF5 /* TripWaitTimeView.swift */; };
		C5D2891B2407744600568C5B /* NotificationCard.swift in Sources */ = {isa = PBXBuildFile; fileRef = C5D2891A2407744600568C5B /* NotificationCard.swift */; };
		C5DF911523F87EA800701D3F /* NoNetworkView.swift in Sources */ = {isa = PBXBuildFile; fileRef = C5DF911423F87EA800701D3F /* NoNetworkView.swift */; };
		C5E46EC623F3C53E00979DBB /* Route.swift in Sources */ = {isa = PBXBuildFile; fileRef = C5E46EC523F3C53E00979DBB /* Route.swift */; };
		C5E5768C23EFB9E300A3A7BD /* Trip.swift in Sources */ = {isa = PBXBuildFile; fileRef = C5E5768B23EFB9E300A3A7BD /* Trip.swift */; };
		C5E5768E23EFBB0A00A3A7BD /* Leg.swift in Sources */ = {isa = PBXBuildFile; fileRef = C5E5768D23EFBB0A00A3A7BD /* Leg.swift */; };
/* End PBXBuildFile section */

/* Begin PBXFileReference section */
		34AF24A723DFD00400E66C34 /* Train.swift */ = {isa = PBXFileReference; lastKnownFileType = sourcecode.swift; path = Train.swift; sourceTree = "<group>"; };
		34CD87F623EA8A24004F8024 /* SettingsView.swift */ = {isa = PBXFileReference; lastKnownFileType = sourcecode.swift; path = SettingsView.swift; sourceTree = "<group>"; };
		34EF38AE23CC23D4000DE4AF /* Colors.swift */ = {isa = PBXFileReference; lastKnownFileType = sourcecode.swift; path = Colors.swift; sourceTree = "<group>"; };
		34EF38B023CC2692000DE4AF /* HomeView.swift */ = {isa = PBXFileReference; lastKnownFileType = sourcecode.swift; path = HomeView.swift; sourceTree = "<group>"; };
		34EF38B223CC2AC1000DE4AF /* StationChooserView.swift */ = {isa = PBXFileReference; lastKnownFileType = sourcecode.swift; path = StationChooserView.swift; sourceTree = "<group>"; };
		74ACA5CF5B67BD66D8845E5D /* Pods_Arrival_iOS2.framework */ = {isa = PBXFileReference; explicitFileType = wrapper.framework; includeInIndex = 0; path = Pods_Arrival_iOS2.framework; sourceTree = BUILT_PRODUCTS_DIR; };
		751A431627D2482AE13CFE9F /* Pods-Arrival-iOS2Tests.release.xcconfig */ = {isa = PBXFileReference; includeInIndex = 1; lastKnownFileType = text.xcconfig; name = "Pods-Arrival-iOS2Tests.release.xcconfig"; path = "Target Support Files/Pods-Arrival-iOS2Tests/Pods-Arrival-iOS2Tests.release.xcconfig"; sourceTree = "<group>"; };
		C512BCC423E4FBA80079F49C /* TimePlayground.playground */ = {isa = PBXFileReference; lastKnownFileType = file.playground; path = TimePlayground.playground; sourceTree = SOURCE_ROOT; xcLanguageSpecificationIdentifier = xcode.lang.swift; };
		C5166C3823F610AB001F0254 /* TermsOfSeriviceView.swift */ = {isa = PBXFileReference; lastKnownFileType = sourcecode.swift; path = TermsOfSeriviceView.swift; sourceTree = "<group>"; };
		C51B3EDC23ED26330021EBE0 /* KNearestNeighborsClassifier.swift */ = {isa = PBXFileReference; fileEncoding = 4; lastKnownFileType = sourcecode.swift; path = KNearestNeighborsClassifier.swift; sourceTree = "<group>"; };
		C524E7B023FAEC85002BC9A5 /* moment.swift */ = {isa = PBXFileReference; fileEncoding = 4; lastKnownFileType = sourcecode.swift; path = moment.swift; sourceTree = "<group>"; };
		C524E7B123FAEC86002BC9A5 /* moment-with-locales.min.js */ = {isa = PBXFileReference; fileEncoding = 4; lastKnownFileType = sourcecode.javascript; path = "moment-with-locales.min.js"; sourceTree = "<group>"; };
		C55640F623CF8438003BCB91 /* AppData.swift */ = {isa = PBXFileReference; lastKnownFileType = sourcecode.swift; path = AppData.swift; sourceTree = "<group>"; };
		C55BC25B23EE7FCB008E12AB /* GoogleService-Info.plist */ = {isa = PBXFileReference; fileEncoding = 4; lastKnownFileType = text.plist.xml; path = "GoogleService-Info.plist"; sourceTree = "<group>"; };
		C5612DCC23FE3B58002A8E20 /* Helpers.swift */ = {isa = PBXFileReference; fileEncoding = 4; lastKnownFileType = sourcecode.swift; path = Helpers.swift; sourceTree = "<group>"; };
		C568C3FF23D8B99400AB9E67 /* Station.swift */ = {isa = PBXFileReference; lastKnownFileType = sourcecode.swift; path = Station.swift; sourceTree = "<group>"; };
		C568C40323D95FA000AB9E67 /* LoadingView.swift */ = {isa = PBXFileReference; lastKnownFileType = sourcecode.swift; path = LoadingView.swift; sourceTree = "<group>"; };
		C568C40523D95FA800AB9E67 /* LoginView.swift */ = {isa = PBXFileReference; lastKnownFileType = sourcecode.swift; path = LoginView.swift; sourceTree = "<group>"; };
		C56D06D647AB3355D1B3247D /* Pods-Arrival-iOS2Tests.debug.xcconfig */ = {isa = PBXFileReference; includeInIndex = 1; lastKnownFileType = text.xcconfig; name = "Pods-Arrival-iOS2Tests.debug.xcconfig"; path = "Target Support Files/Pods-Arrival-iOS2Tests/Pods-Arrival-iOS2Tests.debug.xcconfig"; sourceTree = "<group>"; };
		C5751DA523F702F70071F224 /* Arrival.entitlements */ = {isa = PBXFileReference; lastKnownFileType = text.plist.entitlements; path = Arrival.entitlements; sourceTree = "<group>"; };
		C58F247E23CC1438003882F3 /* Arrival.app */ = {isa = PBXFileReference; explicitFileType = wrapper.application; includeInIndex = 0; path = Arrival.app; sourceTree = BUILT_PRODUCTS_DIR; };
		C58F248123CC1438003882F3 /* AppDelegate.swift */ = {isa = PBXFileReference; lastKnownFileType = sourcecode.swift; path = AppDelegate.swift; sourceTree = "<group>"; };
		C58F248323CC1438003882F3 /* SceneDelegate.swift */ = {isa = PBXFileReference; lastKnownFileType = sourcecode.swift; path = SceneDelegate.swift; sourceTree = "<group>"; };
		C58F248623CC1438003882F3 /* Arrival_iOS2.xcdatamodel */ = {isa = PBXFileReference; lastKnownFileType = wrapper.xcdatamodel; path = Arrival_iOS2.xcdatamodel; sourceTree = "<group>"; };
		C58F248823CC1438003882F3 /* ContentView.swift */ = {isa = PBXFileReference; lastKnownFileType = sourcecode.swift; path = ContentView.swift; sourceTree = "<group>"; };
		C58F248A23CC143A003882F3 /* Assets.xcassets */ = {isa = PBXFileReference; lastKnownFileType = folder.assetcatalog; path = Assets.xcassets; sourceTree = "<group>"; };
		C58F248D23CC143A003882F3 /* Preview Assets.xcassets */ = {isa = PBXFileReference; lastKnownFileType = folder.assetcatalog; path = "Preview Assets.xcassets"; sourceTree = "<group>"; };
		C58F249023CC143A003882F3 /* Base */ = {isa = PBXFileReference; lastKnownFileType = file.storyboard; name = Base; path = Base.lproj/LaunchScreen.storyboard; sourceTree = "<group>"; };
		C58F249223CC143A003882F3 /* Info.plist */ = {isa = PBXFileReference; lastKnownFileType = text.plist.xml; path = Info.plist; sourceTree = "<group>"; };
		C58F24A623CC14D1003882F3 /* TrainView.swift */ = {isa = PBXFileReference; lastKnownFileType = sourcecode.swift; path = TrainView.swift; sourceTree = "<group>"; };
		C5A517A423CCED0F003E616E /* TrainComponent.swift */ = {isa = PBXFileReference; lastKnownFileType = sourcecode.swift; path = TrainComponent.swift; sourceTree = "<group>"; };
		C5A9B79C23F5C3BD004E8C5C /* RemoteConfigDefaults.plist */ = {isa = PBXFileReference; fileEncoding = 4; lastKnownFileType = text.plist.xml; path = RemoteConfigDefaults.plist; sourceTree = "<group>"; };
		C5B5A53523FA62B00046CCF5 /* TripComponentView.swift */ = {isa = PBXFileReference; fileEncoding = 4; lastKnownFileType = sourcecode.swift; path = TripComponentView.swift; sourceTree = "<group>"; };
		C5B5A53623FA62B00046CCF5 /* TripDetailView.swift */ = {isa = PBXFileReference; fileEncoding = 4; lastKnownFileType = sourcecode.swift; path = TripDetailView.swift; sourceTree = "<group>"; };
		C5B5A53923FA642D0046CCF5 /* TripWaitTimeView.swift */ = {isa = PBXFileReference; lastKnownFileType = sourcecode.swift; path = TripWaitTimeView.swift; sourceTree = "<group>"; };
		C5D2891A2407744600568C5B /* NotificationCard.swift */ = {isa = PBXFileReference; lastKnownFileType = sourcecode.swift; path = NotificationCard.swift; sourceTree = "<group>"; };
		C5DF911423F87EA800701D3F /* NoNetworkView.swift */ = {isa = PBXFileReference; lastKnownFileType = sourcecode.swift; path = NoNetworkView.swift; sourceTree = "<group>"; };
		C5E46EC523F3C53E00979DBB /* Route.swift */ = {isa = PBXFileReference; lastKnownFileType = sourcecode.swift; path = Route.swift; sourceTree = "<group>"; };
		C5E5768B23EFB9E300A3A7BD /* Trip.swift */ = {isa = PBXFileReference; lastKnownFileType = sourcecode.swift; path = Trip.swift; sourceTree = "<group>"; };
		C5E5768D23EFBB0A00A3A7BD /* Leg.swift */ = {isa = PBXFileReference; lastKnownFileType = sourcecode.swift; path = Leg.swift; sourceTree = "<group>"; };
		C82760030A0921AD836D9E8B /* Pods-Arrival-iOS2.release.xcconfig */ = {isa = PBXFileReference; includeInIndex = 1; lastKnownFileType = text.xcconfig; name = "Pods-Arrival-iOS2.release.xcconfig"; path = "Target Support Files/Pods-Arrival-iOS2/Pods-Arrival-iOS2.release.xcconfig"; sourceTree = "<group>"; };
		F0A9A7194655A9A4C5A07CDE /* Pods-Arrival-iOS2.debug.xcconfig */ = {isa = PBXFileReference; includeInIndex = 1; lastKnownFileType = text.xcconfig; name = "Pods-Arrival-iOS2.debug.xcconfig"; path = "Target Support Files/Pods-Arrival-iOS2/Pods-Arrival-iOS2.debug.xcconfig"; sourceTree = "<group>"; };
		FD5EABF0B8A45DB86870B80A /* Pods_Arrival_iOS2Tests.framework */ = {isa = PBXFileReference; explicitFileType = wrapper.framework; includeInIndex = 0; path = Pods_Arrival_iOS2Tests.framework; sourceTree = BUILT_PRODUCTS_DIR; };
/* End PBXFileReference section */

/* Begin PBXFrameworksBuildPhase section */
		C58F247B23CC1438003882F3 /* Frameworks */ = {
			isa = PBXFrameworksBuildPhase;
			buildActionMask = 2147483647;
			files = (
				64BB2D2FF3AB6F51B9399F08 /* Pods_Arrival_iOS2.framework in Frameworks */,
			);
			runOnlyForDeploymentPostprocessing = 0;
		};
/* End PBXFrameworksBuildPhase section */

/* Begin PBXGroup section */
		00C597EED8EEB80419D0FD98 /* Pods */ = {
			isa = PBXGroup;
			children = (
				F0A9A7194655A9A4C5A07CDE /* Pods-Arrival-iOS2.debug.xcconfig */,
				C82760030A0921AD836D9E8B /* Pods-Arrival-iOS2.release.xcconfig */,
				C56D06D647AB3355D1B3247D /* Pods-Arrival-iOS2Tests.debug.xcconfig */,
				751A431627D2482AE13CFE9F /* Pods-Arrival-iOS2Tests.release.xcconfig */,
			);
			path = Pods;
			sourceTree = "<group>";
		};
		62C13BE24EC2CAFD0B93F477 /* Frameworks */ = {
			isa = PBXGroup;
			children = (
				74ACA5CF5B67BD66D8845E5D /* Pods_Arrival_iOS2.framework */,
				FD5EABF0B8A45DB86870B80A /* Pods_Arrival_iOS2Tests.framework */,
			);
			name = Frameworks;
			sourceTree = "<group>";
		};
		C568C3FE23D8B98400AB9E67 /* Models */ = {
			isa = PBXGroup;
			children = (
				C568C3FF23D8B99400AB9E67 /* Station.swift */,
				34AF24A723DFD00400E66C34 /* Train.swift */,
				C5E5768B23EFB9E300A3A7BD /* Trip.swift */,
				C5E5768D23EFBB0A00A3A7BD /* Leg.swift */,
				C5E46EC523F3C53E00979DBB /* Route.swift */,
				C5A9B79C23F5C3BD004E8C5C /* RemoteConfigDefaults.plist */,
			);
			path = Models;
			sourceTree = "<group>";
		};
		C58F247523CC1438003882F3 = {
			isa = PBXGroup;
			children = (
				C58F248023CC1438003882F3 /* Arrival-iOS2 */,
				C58F247F23CC1438003882F3 /* Products */,
				00C597EED8EEB80419D0FD98 /* Pods */,
				62C13BE24EC2CAFD0B93F477 /* Frameworks */,
			);
			sourceTree = "<group>";
		};
		C58F247F23CC1438003882F3 /* Products */ = {
			isa = PBXGroup;
			children = (
				C58F247E23CC1438003882F3 /* Arrival.app */,
			);
			name = Products;
			sourceTree = "<group>";
		};
		C58F248023CC1438003882F3 /* Arrival-iOS2 */ = {
			isa = PBXGroup;
			children = (
				C5D2891A2407744600568C5B /* NotificationCard.swift */,
				C5751DA523F702F70071F224 /* Arrival.entitlements */,
				C512BCC423E4FBA80079F49C /* TimePlayground.playground */,
				C568C3FE23D8B98400AB9E67 /* Models */,
				C58F248123CC1438003882F3 /* AppDelegate.swift */,
				C58F248323CC1438003882F3 /* SceneDelegate.swift */,
				C524E7B123FAEC86002BC9A5 /* moment-with-locales.min.js */,
				C524E7B023FAEC85002BC9A5 /* moment.swift */,
				C58F248823CC1438003882F3 /* ContentView.swift */,
				C58F248A23CC143A003882F3 /* Assets.xcassets */,
				C58F248F23CC143A003882F3 /* LaunchScreen.storyboard */,
				C58F249223CC143A003882F3 /* Info.plist */,
				C58F248523CC1438003882F3 /* Arrival_iOS2.xcdatamodeld */,
				C58F248C23CC143A003882F3 /* Preview Content */,
				C58F24A623CC14D1003882F3 /* TrainView.swift */,
				34EF38AE23CC23D4000DE4AF /* Colors.swift */,
				34EF38B023CC2692000DE4AF /* HomeView.swift */,
				34CD87F623EA8A24004F8024 /* SettingsView.swift */,
				34EF38B223CC2AC1000DE4AF /* StationChooserView.swift */,
				C55BC25B23EE7FCB008E12AB /* GoogleService-Info.plist */,
				C51B3EDC23ED26330021EBE0 /* KNearestNeighborsClassifier.swift */,
				C5A517A423CCED0F003E616E /* TrainComponent.swift */,
				C55640F623CF8438003BCB91 /* AppData.swift */,
				C568C40323D95FA000AB9E67 /* LoadingView.swift */,
				C568C40523D95FA800AB9E67 /* LoginView.swift */,
				C5DF911423F87EA800701D3F /* NoNetworkView.swift */,
				C5166C3823F610AB001F0254 /* TermsOfSeriviceView.swift */,
				C5B5A53523FA62B00046CCF5 /* TripComponentView.swift */,
				C5B5A53623FA62B00046CCF5 /* TripDetailView.swift */,
				C5B5A53923FA642D0046CCF5 /* TripWaitTimeView.swift */,
				C5612DCC23FE3B58002A8E20 /* Helpers.swift */,
			);
			path = "Arrival-iOS2";
			sourceTree = "<group>";
		};
		C58F248C23CC143A003882F3 /* Preview Content */ = {
			isa = PBXGroup;
			children = (
				C58F248D23CC143A003882F3 /* Preview Assets.xcassets */,
			);
			path = "Preview Content";
			sourceTree = "<group>";
		};
/* End PBXGroup section */

/* Begin PBXNativeTarget section */
		C58F247D23CC1438003882F3 /* Arrival-iOS2 */ = {
			isa = PBXNativeTarget;
			buildConfigurationList = C58F24A023CC143A003882F3 /* Build configuration list for PBXNativeTarget "Arrival-iOS2" */;
			buildPhases = (
				9CB92E37869FAD7A84D20D91 /* [CP] Check Pods Manifest.lock */,
				C58F247A23CC1438003882F3 /* Sources */,
				C58F247B23CC1438003882F3 /* Frameworks */,
				C58F247C23CC1438003882F3 /* Resources */,
				E17C82A52DBE2323B5D7E277 /* [CP] Embed Pods Frameworks */,
				C538A11423F661BD00DDF811 /* ShellScript */,
			);
			buildRules = (
			);
			dependencies = (
			);
			name = "Arrival-iOS2";
			productName = "Arrival-iOS2";
			productReference = C58F247E23CC1438003882F3 /* Arrival.app */;
			productType = "com.apple.product-type.application";
		};
/* End PBXNativeTarget section */

/* Begin PBXProject section */
		C58F247623CC1438003882F3 /* Project object */ = {
			isa = PBXProject;
			attributes = {
				LastSwiftUpdateCheck = 1130;
				LastUpgradeCheck = 1130;
				ORGANIZATIONNAME = "Stomp Rocket";
				TargetAttributes = {
					C58F247D23CC1438003882F3 = {
						CreatedOnToolsVersion = 11.3;
					};
				};
			};
			buildConfigurationList = C58F247923CC1438003882F3 /* Build configuration list for PBXProject "Arrival-iOS2" */;
			compatibilityVersion = "Xcode 9.3";
			developmentRegion = en;
			hasScannedForEncodings = 0;
			knownRegions = (
				en,
				Base,
			);
			mainGroup = C58F247523CC1438003882F3;
			productRefGroup = C58F247F23CC1438003882F3 /* Products */;
			projectDirPath = "";
			projectRoot = "";
			targets = (
				C58F247D23CC1438003882F3 /* Arrival-iOS2 */,
			);
		};
/* End PBXProject section */

/* Begin PBXResourcesBuildPhase section */
		C58F247C23CC1438003882F3 /* Resources */ = {
			isa = PBXResourcesBuildPhase;
			buildActionMask = 2147483647;
			files = (
				C524E7B323FAEC87002BC9A5 /* moment-with-locales.min.js in Resources */,
				C58F249123CC143A003882F3 /* LaunchScreen.storyboard in Resources */,
				C55BC25C23EE7FCC008E12AB /* GoogleService-Info.plist in Resources */,
				C58F248E23CC143A003882F3 /* Preview Assets.xcassets in Resources */,
				C5A9B79D23F5C3BD004E8C5C /* RemoteConfigDefaults.plist in Resources */,
				C58F248B23CC143A003882F3 /* Assets.xcassets in Resources */,
			);
			runOnlyForDeploymentPostprocessing = 0;
		};
/* End PBXResourcesBuildPhase section */

/* Begin PBXShellScriptBuildPhase section */
		9CB92E37869FAD7A84D20D91 /* [CP] Check Pods Manifest.lock */ = {
			isa = PBXShellScriptBuildPhase;
			buildActionMask = 2147483647;
			files = (
			);
			inputFileListPaths = (
			);
			inputPaths = (
				"${PODS_PODFILE_DIR_PATH}/Podfile.lock",
				"${PODS_ROOT}/Manifest.lock",
			);
			name = "[CP] Check Pods Manifest.lock";
			outputFileListPaths = (
			);
			outputPaths = (
				"$(DERIVED_FILE_DIR)/Pods-Arrival-iOS2-checkManifestLockResult.txt",
			);
			runOnlyForDeploymentPostprocessing = 0;
			shellPath = /bin/sh;
			shellScript = "diff \"${PODS_PODFILE_DIR_PATH}/Podfile.lock\" \"${PODS_ROOT}/Manifest.lock\" > /dev/null\nif [ $? != 0 ] ; then\n    # print error to STDERR\n    echo \"error: The sandbox is not in sync with the Podfile.lock. Run 'pod install' or update your CocoaPods installation.\" >&2\n    exit 1\nfi\n# This output is used by Xcode 'outputs' to avoid re-running this script phase.\necho \"SUCCESS\" > \"${SCRIPT_OUTPUT_FILE_0}\"\n";
			showEnvVarsInLog = 0;
		};
		C538A11423F661BD00DDF811 /* ShellScript */ = {
			isa = PBXShellScriptBuildPhase;
			buildActionMask = 2147483647;
			files = (
			);
			inputFileListPaths = (
			);
			inputPaths = (
				"${DWARF_DSYM_FOLDER_PATH}/${DWARF_DSYM_FILE_NAME}/Contents/Resources/DWARF/${TARGET_NAME}",
				"$(SRCROOT)/$(BUILT_PRODUCTS_DIR)/$(INFOPLIST_PATH)",
			);
			outputFileListPaths = (
			);
			outputPaths = (
			);
			runOnlyForDeploymentPostprocessing = 0;
			shellPath = /bin/sh;
			shellScript = "# Type a script or drag a script file from your workspace to insert its path.\n\"${PODS_ROOT}/FirebaseCrashlytics/run\"\n";
		};
		E17C82A52DBE2323B5D7E277 /* [CP] Embed Pods Frameworks */ = {
			isa = PBXShellScriptBuildPhase;
			buildActionMask = 2147483647;
			files = (
			);
			inputFileListPaths = (
				"${PODS_ROOT}/Target Support Files/Pods-Arrival-iOS2/Pods-Arrival-iOS2-frameworks-${CONFIGURATION}-input-files.xcfilelist",
			);
			name = "[CP] Embed Pods Frameworks";
			outputFileListPaths = (
				"${PODS_ROOT}/Target Support Files/Pods-Arrival-iOS2/Pods-Arrival-iOS2-frameworks-${CONFIGURATION}-output-files.xcfilelist",
			);
			runOnlyForDeploymentPostprocessing = 0;
			shellPath = /bin/sh;
			shellScript = "\"${PODS_ROOT}/Target Support Files/Pods-Arrival-iOS2/Pods-Arrival-iOS2-frameworks.sh\"\n";
			showEnvVarsInLog = 0;
		};
/* End PBXShellScriptBuildPhase section */

/* Begin PBXSourcesBuildPhase section */
		C58F247A23CC1438003882F3 /* Sources */ = {
			isa = PBXSourcesBuildPhase;
			buildActionMask = 2147483647;
			files = (
				C51B3EDD23ED26330021EBE0 /* KNearestNeighborsClassifier.swift in Sources */,
				C58F24A723CC14D1003882F3 /* TrainView.swift in Sources */,
				34EF38B123CC2692000DE4AF /* HomeView.swift in Sources */,
				34AF24A823DFD00400E66C34 /* Train.swift in Sources */,
				34EF38AF23CC23D4000DE4AF /* Colors.swift in Sources */,
				34EF38B323CC2AC1000DE4AF /* StationChooserView.swift in Sources */,
				C58F248723CC1438003882F3 /* Arrival_iOS2.xcdatamodeld in Sources */,
				C568C40423D95FA000AB9E67 /* LoadingView.swift in Sources */,
				C58F248223CC1438003882F3 /* AppDelegate.swift in Sources */,
				C5A517A523CCED0F003E616E /* TrainComponent.swift in Sources */,
				C5D2891B2407744600568C5B /* NotificationCard.swift in Sources */,
				C58F248923CC1438003882F3 /* ContentView.swift in Sources */,
				C5E5768E23EFBB0A00A3A7BD /* Leg.swift in Sources */,
				C5E46EC623F3C53E00979DBB /* Route.swift in Sources */,
				C5E5768C23EFB9E300A3A7BD /* Trip.swift in Sources */,
				C568C40023D8B99400AB9E67 /* Station.swift in Sources */,
				C5B5A53A23FA642D0046CCF5 /* TripWaitTimeView.swift in Sources */,
				C568C40623D95FA800AB9E67 /* LoginView.swift in Sources */,
				C5DF911523F87EA800701D3F /* NoNetworkView.swift in Sources */,
				C5B5A53823FA62B00046CCF5 /* TripDetailView.swift in Sources */,
				C524E7B223FAEC87002BC9A5 /* moment.swift in Sources */,
				C5166C3923F610AC001F0254 /* TermsOfSeriviceView.swift in Sources */,
				C58F248423CC1438003882F3 /* SceneDelegate.swift in Sources */,
				C5612DCD23FE3B59002A8E20 /* Helpers.swift in Sources */,
				C55640F723CF8439003BCB91 /* AppData.swift in Sources */,
				34CD87F723EA8A24004F8024 /* SettingsView.swift in Sources */,
				C5B5A53723FA62B00046CCF5 /* TripComponentView.swift in Sources */,
			);
			runOnlyForDeploymentPostprocessing = 0;
		};
/* End PBXSourcesBuildPhase section */

/* Begin PBXVariantGroup section */
		C58F248F23CC143A003882F3 /* LaunchScreen.storyboard */ = {
			isa = PBXVariantGroup;
			children = (
				C58F249023CC143A003882F3 /* Base */,
			);
			name = LaunchScreen.storyboard;
			sourceTree = "<group>";
		};
/* End PBXVariantGroup section */

/* Begin XCBuildConfiguration section */
		C58F249E23CC143A003882F3 /* Debug */ = {
			isa = XCBuildConfiguration;
			buildSettings = {
				ALWAYS_SEARCH_USER_PATHS = NO;
				CLANG_ANALYZER_NONNULL = YES;
				CLANG_ANALYZER_NUMBER_OBJECT_CONVERSION = YES_AGGRESSIVE;
				CLANG_CXX_LANGUAGE_STANDARD = "gnu++14";
				CLANG_CXX_LIBRARY = "libc++";
				CLANG_ENABLE_MODULES = YES;
				CLANG_ENABLE_OBJC_ARC = YES;
				CLANG_ENABLE_OBJC_WEAK = YES;
				CLANG_WARN_BLOCK_CAPTURE_AUTORELEASING = YES;
				CLANG_WARN_BOOL_CONVERSION = YES;
				CLANG_WARN_COMMA = YES;
				CLANG_WARN_CONSTANT_CONVERSION = YES;
				CLANG_WARN_DEPRECATED_OBJC_IMPLEMENTATIONS = YES;
				CLANG_WARN_DIRECT_OBJC_ISA_USAGE = YES_ERROR;
				CLANG_WARN_DOCUMENTATION_COMMENTS = YES;
				CLANG_WARN_EMPTY_BODY = YES;
				CLANG_WARN_ENUM_CONVERSION = YES;
				CLANG_WARN_INFINITE_RECURSION = YES;
				CLANG_WARN_INT_CONVERSION = YES;
				CLANG_WARN_NON_LITERAL_NULL_CONVERSION = YES;
				CLANG_WARN_OBJC_IMPLICIT_RETAIN_SELF = YES;
				CLANG_WARN_OBJC_LITERAL_CONVERSION = YES;
				CLANG_WARN_OBJC_ROOT_CLASS = YES_ERROR;
				CLANG_WARN_RANGE_LOOP_ANALYSIS = YES;
				CLANG_WARN_STRICT_PROTOTYPES = YES;
				CLANG_WARN_SUSPICIOUS_MOVE = YES;
				CLANG_WARN_UNGUARDED_AVAILABILITY = YES_AGGRESSIVE;
				CLANG_WARN_UNREACHABLE_CODE = YES;
				CLANG_WARN__DUPLICATE_METHOD_MATCH = YES;
				COPY_PHASE_STRIP = NO;
				DEBUG_INFORMATION_FORMAT = "dwarf-with-dsym";
				ENABLE_STRICT_OBJC_MSGSEND = YES;
				ENABLE_TESTABILITY = YES;
				GCC_C_LANGUAGE_STANDARD = gnu11;
				GCC_DYNAMIC_NO_PIC = NO;
				GCC_NO_COMMON_BLOCKS = YES;
				GCC_OPTIMIZATION_LEVEL = 0;
				GCC_PREPROCESSOR_DEFINITIONS = (
					"DEBUG=1",
					"$(inherited)",
				);
				GCC_WARN_64_TO_32_BIT_CONVERSION = YES;
				GCC_WARN_ABOUT_RETURN_TYPE = YES_ERROR;
				GCC_WARN_UNDECLARED_SELECTOR = YES;
				GCC_WARN_UNINITIALIZED_AUTOS = YES_AGGRESSIVE;
				GCC_WARN_UNUSED_FUNCTION = YES;
				GCC_WARN_UNUSED_VARIABLE = YES;
				IPHONEOS_DEPLOYMENT_TARGET = 13.2;
				MTL_ENABLE_DEBUG_INFO = INCLUDE_SOURCE;
				MTL_FAST_MATH = YES;
				ONLY_ACTIVE_ARCH = YES;
				SDKROOT = iphoneos;
				SWIFT_ACTIVE_COMPILATION_CONDITIONS = DEBUG;
				SWIFT_OPTIMIZATION_LEVEL = "-Onone";
			};
			name = Debug;
		};
		C58F249F23CC143A003882F3 /* Release */ = {
			isa = XCBuildConfiguration;
			buildSettings = {
				ALWAYS_SEARCH_USER_PATHS = NO;
				CLANG_ANALYZER_NONNULL = YES;
				CLANG_ANALYZER_NUMBER_OBJECT_CONVERSION = YES_AGGRESSIVE;
				CLANG_CXX_LANGUAGE_STANDARD = "gnu++14";
				CLANG_CXX_LIBRARY = "libc++";
				CLANG_ENABLE_MODULES = YES;
				CLANG_ENABLE_OBJC_ARC = YES;
				CLANG_ENABLE_OBJC_WEAK = YES;
				CLANG_WARN_BLOCK_CAPTURE_AUTORELEASING = YES;
				CLANG_WARN_BOOL_CONVERSION = YES;
				CLANG_WARN_COMMA = YES;
				CLANG_WARN_CONSTANT_CONVERSION = YES;
				CLANG_WARN_DEPRECATED_OBJC_IMPLEMENTATIONS = YES;
				CLANG_WARN_DIRECT_OBJC_ISA_USAGE = YES_ERROR;
				CLANG_WARN_DOCUMENTATION_COMMENTS = YES;
				CLANG_WARN_EMPTY_BODY = YES;
				CLANG_WARN_ENUM_CONVERSION = YES;
				CLANG_WARN_INFINITE_RECURSION = YES;
				CLANG_WARN_INT_CONVERSION = YES;
				CLANG_WARN_NON_LITERAL_NULL_CONVERSION = YES;
				CLANG_WARN_OBJC_IMPLICIT_RETAIN_SELF = YES;
				CLANG_WARN_OBJC_LITERAL_CONVERSION = YES;
				CLANG_WARN_OBJC_ROOT_CLASS = YES_ERROR;
				CLANG_WARN_RANGE_LOOP_ANALYSIS = YES;
				CLANG_WARN_STRICT_PROTOTYPES = YES;
				CLANG_WARN_SUSPICIOUS_MOVE = YES;
				CLANG_WARN_UNGUARDED_AVAILABILITY = YES_AGGRESSIVE;
				CLANG_WARN_UNREACHABLE_CODE = YES;
				CLANG_WARN__DUPLICATE_METHOD_MATCH = YES;
				COPY_PHASE_STRIP = NO;
				DEBUG_INFORMATION_FORMAT = "dwarf-with-dsym";
				ENABLE_NS_ASSERTIONS = NO;
				ENABLE_STRICT_OBJC_MSGSEND = YES;
				GCC_C_LANGUAGE_STANDARD = gnu11;
				GCC_NO_COMMON_BLOCKS = YES;
				GCC_WARN_64_TO_32_BIT_CONVERSION = YES;
				GCC_WARN_ABOUT_RETURN_TYPE = YES_ERROR;
				GCC_WARN_UNDECLARED_SELECTOR = YES;
				GCC_WARN_UNINITIALIZED_AUTOS = YES_AGGRESSIVE;
				GCC_WARN_UNUSED_FUNCTION = YES;
				GCC_WARN_UNUSED_VARIABLE = YES;
				IPHONEOS_DEPLOYMENT_TARGET = 13.2;
				MTL_ENABLE_DEBUG_INFO = NO;
				MTL_FAST_MATH = YES;
				SDKROOT = iphoneos;
				SWIFT_COMPILATION_MODE = wholemodule;
				SWIFT_OPTIMIZATION_LEVEL = "-O";
				VALIDATE_PRODUCT = YES;
			};
			name = Release;
		};
		C58F24A123CC143A003882F3 /* Debug */ = {
			isa = XCBuildConfiguration;
			baseConfigurationReference = F0A9A7194655A9A4C5A07CDE /* Pods-Arrival-iOS2.debug.xcconfig */;
			buildSettings = {
				ASSETCATALOG_COMPILER_APPICON_NAME = AppIcon;
				CODE_SIGN_ENTITLEMENTS = "Arrival-iOS2/Arrival.entitlements";
				CODE_SIGN_STYLE = Automatic;
				DEBUG_INFORMATION_FORMAT = "dwarf-with-dsym";
				DEVELOPMENT_ASSET_PATHS = "\"Arrival-iOS2/Preview Content\"";
				DEVELOPMENT_TEAM = 7M5JDZSYX7;
				ENABLE_PREVIEWS = YES;
				INFOPLIST_FILE = "Arrival-iOS2/Info.plist";
				LD_RUNPATH_SEARCH_PATHS = (
					"$(inherited)",
					"@executable_path/Frameworks",
				);
				MARKETING_VERSION = 1.28;
				PRODUCT_BUNDLE_IDENTIFIER = com.ronanfuruta.arrival;
				PRODUCT_NAME = Arrival;
				SWIFT_VERSION = 5.0;
				TARGETED_DEVICE_FAMILY = 1;
			};
			name = Debug;
		};
		C58F24A223CC143A003882F3 /* Release */ = {
			isa = XCBuildConfiguration;
			baseConfigurationReference = C82760030A0921AD836D9E8B /* Pods-Arrival-iOS2.release.xcconfig */;
			buildSettings = {
				ASSETCATALOG_COMPILER_APPICON_NAME = AppIcon;
				CODE_SIGN_ENTITLEMENTS = "Arrival-iOS2/Arrival.entitlements";
				CODE_SIGN_STYLE = Automatic;
				DEVELOPMENT_ASSET_PATHS = "\"Arrival-iOS2/Preview Content\"";
				DEVELOPMENT_TEAM = 7M5JDZSYX7;
				ENABLE_PREVIEWS = YES;
				INFOPLIST_FILE = "Arrival-iOS2/Info.plist";
				LD_RUNPATH_SEARCH_PATHS = (
					"$(inherited)",
					"@executable_path/Frameworks",
				);
				MARKETING_VERSION = 1.28;
				PRODUCT_BUNDLE_IDENTIFIER = com.ronanfuruta.arrival;
				PRODUCT_NAME = Arrival;
				SWIFT_VERSION = 5.0;
				TARGETED_DEVICE_FAMILY = 1;
			};
			name = Release;
		};
/* End XCBuildConfiguration section */

/* Begin XCConfigurationList section */
		C58F247923CC1438003882F3 /* Build configuration list for PBXProject "Arrival-iOS2" */ = {
			isa = XCConfigurationList;
			buildConfigurations = (
				C58F249E23CC143A003882F3 /* Debug */,
				C58F249F23CC143A003882F3 /* Release */,
			);
			defaultConfigurationIsVisible = 0;
			defaultConfigurationName = Release;
		};
		C58F24A023CC143A003882F3 /* Build configuration list for PBXNativeTarget "Arrival-iOS2" */ = {
			isa = XCConfigurationList;
			buildConfigurations = (
				C58F24A123CC143A003882F3 /* Debug */,
				C58F24A223CC143A003882F3 /* Release */,
			);
			defaultConfigurationIsVisible = 0;
			defaultConfigurationName = Release;
		};
/* End XCConfigurationList section */

/* Begin XCVersionGroup section */
		C58F248523CC1438003882F3 /* Arrival_iOS2.xcdatamodeld */ = {
			isa = XCVersionGroup;
			children = (
				C58F248623CC1438003882F3 /* Arrival_iOS2.xcdatamodel */,
			);
			currentVersion = C58F248623CC1438003882F3 /* Arrival_iOS2.xcdatamodel */;
			path = Arrival_iOS2.xcdatamodeld;
			sourceTree = "<group>";
			versionGroupType = wrapper.xcdatamodel;
		};
/* End XCVersionGroup section */
	};
	rootObject = C58F247623CC1438003882F3 /* Project object */;
}
